// !$*UTF8*$!
{
	archiveVersion = 1;
	classes = {
	};
	objectVersion = 46;
	objects = {

/* Begin PBXBuildFile section */
		761D655019A15B680062B525 /* Foundation.framework in Frameworks */ = {isa = PBXBuildFile; fileRef = 761D654F19A15B680062B525 /* Foundation.framework */; };
		761D657719A15BE90062B525 /* API.m in Sources */ = {isa = PBXBuildFile; fileRef = 761D657619A15BE90062B525 /* API.m */; };
		761D657D19A15DF40062B525 /* Reachability.m in Sources */ = {isa = PBXBuildFile; fileRef = 761D657C19A15DF40062B525 /* Reachability.m */; };
		761D658219A15F140062B525 /* VerveUser.m in Sources */ = {isa = PBXBuildFile; fileRef = 761D658119A15F140062B525 /* VerveUser.m */; };
		761D659719A15FD40062B525 /* AFHTTPRequestOperation.m in Sources */ = {isa = PBXBuildFile; fileRef = 761D658519A15FD40062B525 /* AFHTTPRequestOperation.m */; };
		761D659819A15FD40062B525 /* AFHTTPRequestOperationManager.m in Sources */ = {isa = PBXBuildFile; fileRef = 761D658719A15FD40062B525 /* AFHTTPRequestOperationManager.m */; };
		761D659919A15FD40062B525 /* AFHTTPSessionManager.m in Sources */ = {isa = PBXBuildFile; fileRef = 761D658919A15FD40062B525 /* AFHTTPSessionManager.m */; };
		761D659A19A15FD40062B525 /* AFNetworkReachabilityManager.m in Sources */ = {isa = PBXBuildFile; fileRef = 761D658C19A15FD40062B525 /* AFNetworkReachabilityManager.m */; };
		761D659B19A15FD40062B525 /* AFSecurityPolicy.m in Sources */ = {isa = PBXBuildFile; fileRef = 761D658E19A15FD40062B525 /* AFSecurityPolicy.m */; };
		761D659C19A15FD40062B525 /* AFURLConnectionOperation.m in Sources */ = {isa = PBXBuildFile; fileRef = 761D659019A15FD40062B525 /* AFURLConnectionOperation.m */; };
		761D659D19A15FD40062B525 /* AFURLRequestSerialization.m in Sources */ = {isa = PBXBuildFile; fileRef = 761D659219A15FD40062B525 /* AFURLRequestSerialization.m */; };
		761D659E19A15FD40062B525 /* AFURLResponseSerialization.m in Sources */ = {isa = PBXBuildFile; fileRef = 761D659419A15FD40062B525 /* AFURLResponseSerialization.m */; };
		761D659F19A15FD40062B525 /* AFURLSessionManager.m in Sources */ = {isa = PBXBuildFile; fileRef = 761D659619A15FD40062B525 /* AFURLSessionManager.m */; };
		761D65B719A1A6BC0062B525 /* RECommonFunctions.m in Sources */ = {isa = PBXBuildFile; fileRef = 761D65B219A1A6BC0062B525 /* RECommonFunctions.m */; };
		761D65B819A1A6BC0062B525 /* RESideMenu.m in Sources */ = {isa = PBXBuildFile; fileRef = 761D65B419A1A6BC0062B525 /* RESideMenu.m */; };
		761D65B919A1A6BC0062B525 /* UIViewController+RESideMenu.m in Sources */ = {isa = PBXBuildFile; fileRef = 761D65B619A1A6BC0062B525 /* UIViewController+RESideMenu.m */; };
		769EEA2319A55F1100FF072E /* SHViewPager.m in Sources */ = {isa = PBXBuildFile; fileRef = 769EEA2019A55F1100FF072E /* SHViewPager.m */; };
		769EEA2419A55F1100FF072E /* SHViewPagerController.m in Sources */ = {isa = PBXBuildFile; fileRef = 769EEA2219A55F1100FF072E /* SHViewPagerController.m */; };
		769EEA2F19A646FC00FF072E /* UIView+Toast.m in Sources */ = {isa = PBXBuildFile; fileRef = 769EEA2E19A646FC00FF072E /* UIView+Toast.m */; };
		769EEA3D19A6491B00FF072E /* UIKit.framework in Frameworks */ = {isa = PBXBuildFile; fileRef = 769EEA3819A6490000FF072E /* UIKit.framework */; };
		769EEA3E19A6491F00FF072E /* QuartzCore.framework in Frameworks */ = {isa = PBXBuildFile; fileRef = 769EEA3A19A6490600FF072E /* QuartzCore.framework */; };
		769EEA5E19A64CF000FF072E /* CoreFoundation.framework in Frameworks */ = {isa = PBXBuildFile; fileRef = 769EEA5D19A64CF000FF072E /* CoreFoundation.framework */; };
		769EEA6419A64CF000FF072E /* InfoPlist.strings in Resources */ = {isa = PBXBuildFile; fileRef = 769EEA6219A64CF000FF072E /* InfoPlist.strings */; };
		769EEA6C19A64D1D00FF072E /* check.png in Resources */ = {isa = PBXBuildFile; fileRef = 769EEA6919A64D1D00FF072E /* check.png */; };
		769EEA6D19A64D1D00FF072E /* error.png in Resources */ = {isa = PBXBuildFile; fileRef = 769EEA6A19A64D1D00FF072E /* error.png */; };
		769EEA6E19A64D1D00FF072E /* warning.png in Resources */ = {isa = PBXBuildFile; fileRef = 769EEA6B19A64D1D00FF072E /* warning.png */; };
		769EEA7019A7A38500FF072E /* MobileCoreServices.framework in Frameworks */ = {isa = PBXBuildFile; fileRef = 769EEA6F19A7A38500FF072E /* MobileCoreServices.framework */; };
/* End PBXBuildFile section */

/* Begin PBXCopyFilesBuildPhase section */
		761D654A19A15B680062B525 /* CopyFiles */ = {
			isa = PBXCopyFilesBuildPhase;
			buildActionMask = 2147483647;
			dstPath = "include/$(PRODUCT_NAME)";
			dstSubfolderSpec = 16;
			files = (
			);
			runOnlyForDeploymentPostprocessing = 0;
		};
/* End PBXCopyFilesBuildPhase section */

/* Begin PBXFileReference section */
		761D654C19A15B680062B525 /* libVerveAPI.a */ = {isa = PBXFileReference; explicitFileType = archive.ar; includeInIndex = 0; path = libVerveAPI.a; sourceTree = BUILT_PRODUCTS_DIR; };
		761D654F19A15B680062B525 /* Foundation.framework */ = {isa = PBXFileReference; lastKnownFileType = wrapper.framework; name = Foundation.framework; path = System/Library/Frameworks/Foundation.framework; sourceTree = SDKROOT; };
		761D655319A15B680062B525 /* VerveAPI-Prefix.pch */ = {isa = PBXFileReference; lastKnownFileType = sourcecode.c.h; path = "VerveAPI-Prefix.pch"; sourceTree = "<group>"; };
		761D655D19A15B680062B525 /* XCTest.framework */ = {isa = PBXFileReference; lastKnownFileType = wrapper.framework; name = XCTest.framework; path = Library/Frameworks/XCTest.framework; sourceTree = DEVELOPER_DIR; };
		761D656019A15B680062B525 /* UIKit.framework */ = {isa = PBXFileReference; lastKnownFileType = wrapper.framework; name = UIKit.framework; path = Library/Frameworks/UIKit.framework; sourceTree = DEVELOPER_DIR; };
		761D656919A15B680062B525 /* en */ = {isa = PBXFileReference; lastKnownFileType = text.plist.strings; name = en; path = en.lproj/InfoPlist.strings; sourceTree = "<group>"; };
		761D657519A15BE90062B525 /* API.h */ = {isa = PBXFileReference; fileEncoding = 4; lastKnownFileType = sourcecode.c.h; path = API.h; sourceTree = "<group>"; };
		761D657619A15BE90062B525 /* API.m */ = {isa = PBXFileReference; fileEncoding = 4; lastKnownFileType = sourcecode.c.objc; path = API.m; sourceTree = "<group>"; };
		761D657B19A15DF40062B525 /* Reachability.h */ = {isa = PBXFileReference; fileEncoding = 4; lastKnownFileType = sourcecode.c.h; path = Reachability.h; sourceTree = "<group>"; };
		761D657C19A15DF40062B525 /* Reachability.m */ = {isa = PBXFileReference; fileEncoding = 4; lastKnownFileType = sourcecode.c.objc; path = Reachability.m; sourceTree = "<group>"; };
		761D658019A15F140062B525 /* VerveUser.h */ = {isa = PBXFileReference; fileEncoding = 4; lastKnownFileType = sourcecode.c.h; path = VerveUser.h; sourceTree = "<group>"; };
		761D658119A15F140062B525 /* VerveUser.m */ = {isa = PBXFileReference; fileEncoding = 4; lastKnownFileType = sourcecode.c.objc; path = VerveUser.m; sourceTree = "<group>"; };
		761D658419A15FD40062B525 /* AFHTTPRequestOperation.h */ = {isa = PBXFileReference; fileEncoding = 4; lastKnownFileType = sourcecode.c.h; path = AFHTTPRequestOperation.h; sourceTree = "<group>"; };
		761D658519A15FD40062B525 /* AFHTTPRequestOperation.m */ = {isa = PBXFileReference; fileEncoding = 4; lastKnownFileType = sourcecode.c.objc; path = AFHTTPRequestOperation.m; sourceTree = "<group>"; };
		761D658619A15FD40062B525 /* AFHTTPRequestOperationManager.h */ = {isa = PBXFileReference; fileEncoding = 4; lastKnownFileType = sourcecode.c.h; path = AFHTTPRequestOperationManager.h; sourceTree = "<group>"; };
		761D658719A15FD40062B525 /* AFHTTPRequestOperationManager.m */ = {isa = PBXFileReference; fileEncoding = 4; lastKnownFileType = sourcecode.c.objc; path = AFHTTPRequestOperationManager.m; sourceTree = "<group>"; };
		761D658819A15FD40062B525 /* AFHTTPSessionManager.h */ = {isa = PBXFileReference; fileEncoding = 4; lastKnownFileType = sourcecode.c.h; path = AFHTTPSessionManager.h; sourceTree = "<group>"; };
		761D658919A15FD40062B525 /* AFHTTPSessionManager.m */ = {isa = PBXFileReference; fileEncoding = 4; lastKnownFileType = sourcecode.c.objc; path = AFHTTPSessionManager.m; sourceTree = "<group>"; };
		761D658A19A15FD40062B525 /* AFNetworking.h */ = {isa = PBXFileReference; fileEncoding = 4; lastKnownFileType = sourcecode.c.h; path = AFNetworking.h; sourceTree = "<group>"; };
		761D658B19A15FD40062B525 /* AFNetworkReachabilityManager.h */ = {isa = PBXFileReference; fileEncoding = 4; lastKnownFileType = sourcecode.c.h; path = AFNetworkReachabilityManager.h; sourceTree = "<group>"; };
		761D658C19A15FD40062B525 /* AFNetworkReachabilityManager.m */ = {isa = PBXFileReference; fileEncoding = 4; lastKnownFileType = sourcecode.c.objc; path = AFNetworkReachabilityManager.m; sourceTree = "<group>"; };
		761D658D19A15FD40062B525 /* AFSecurityPolicy.h */ = {isa = PBXFileReference; fileEncoding = 4; lastKnownFileType = sourcecode.c.h; path = AFSecurityPolicy.h; sourceTree = "<group>"; };
		761D658E19A15FD40062B525 /* AFSecurityPolicy.m */ = {isa = PBXFileReference; fileEncoding = 4; lastKnownFileType = sourcecode.c.objc; path = AFSecurityPolicy.m; sourceTree = "<group>"; };
		761D658F19A15FD40062B525 /* AFURLConnectionOperation.h */ = {isa = PBXFileReference; fileEncoding = 4; lastKnownFileType = sourcecode.c.h; path = AFURLConnectionOperation.h; sourceTree = "<group>"; };
		761D659019A15FD40062B525 /* AFURLConnectionOperation.m */ = {isa = PBXFileReference; fileEncoding = 4; lastKnownFileType = sourcecode.c.objc; path = AFURLConnectionOperation.m; sourceTree = "<group>"; };
		761D659119A15FD40062B525 /* AFURLRequestSerialization.h */ = {isa = PBXFileReference; fileEncoding = 4; lastKnownFileType = sourcecode.c.h; path = AFURLRequestSerialization.h; sourceTree = "<group>"; };
		761D659219A15FD40062B525 /* AFURLRequestSerialization.m */ = {isa = PBXFileReference; fileEncoding = 4; lastKnownFileType = sourcecode.c.objc; path = AFURLRequestSerialization.m; sourceTree = "<group>"; };
		761D659319A15FD40062B525 /* AFURLResponseSerialization.h */ = {isa = PBXFileReference; fileEncoding = 4; lastKnownFileType = sourcecode.c.h; path = AFURLResponseSerialization.h; sourceTree = "<group>"; };
		761D659419A15FD40062B525 /* AFURLResponseSerialization.m */ = {isa = PBXFileReference; fileEncoding = 4; lastKnownFileType = sourcecode.c.objc; path = AFURLResponseSerialization.m; sourceTree = "<group>"; };
		761D659519A15FD40062B525 /* AFURLSessionManager.h */ = {isa = PBXFileReference; fileEncoding = 4; lastKnownFileType = sourcecode.c.h; path = AFURLSessionManager.h; sourceTree = "<group>"; };
		761D659619A15FD40062B525 /* AFURLSessionManager.m */ = {isa = PBXFileReference; fileEncoding = 4; lastKnownFileType = sourcecode.c.objc; path = AFURLSessionManager.m; sourceTree = "<group>"; };
		761D65B119A1A6BC0062B525 /* RECommonFunctions.h */ = {isa = PBXFileReference; fileEncoding = 4; lastKnownFileType = sourcecode.c.h; path = RECommonFunctions.h; sourceTree = "<group>"; };
		761D65B219A1A6BC0062B525 /* RECommonFunctions.m */ = {isa = PBXFileReference; fileEncoding = 4; lastKnownFileType = sourcecode.c.objc; path = RECommonFunctions.m; sourceTree = "<group>"; };
		761D65B319A1A6BC0062B525 /* RESideMenu.h */ = {isa = PBXFileReference; fileEncoding = 4; lastKnownFileType = sourcecode.c.h; path = RESideMenu.h; sourceTree = "<group>"; };
		761D65B419A1A6BC0062B525 /* RESideMenu.m */ = {isa = PBXFileReference; fileEncoding = 4; lastKnownFileType = sourcecode.c.objc; path = RESideMenu.m; sourceTree = "<group>"; };
		761D65B519A1A6BC0062B525 /* UIViewController+RESideMenu.h */ = {isa = PBXFileReference; fileEncoding = 4; lastKnownFileType = sourcecode.c.h; path = "UIViewController+RESideMenu.h"; sourceTree = "<group>"; };
		761D65B619A1A6BC0062B525 /* UIViewController+RESideMenu.m */ = {isa = PBXFileReference; fileEncoding = 4; lastKnownFileType = sourcecode.c.objc; path = "UIViewController+RESideMenu.m"; sourceTree = "<group>"; };
		769EE9F719A2B6AB00FF072E /* Constants.h */ = {isa = PBXFileReference; fileEncoding = 4; lastKnownFileType = sourcecode.c.h; path = Constants.h; sourceTree = "<group>"; };
		769EEA1F19A55F1100FF072E /* SHViewPager.h */ = {isa = PBXFileReference; fileEncoding = 4; lastKnownFileType = sourcecode.c.h; path = SHViewPager.h; sourceTree = "<group>"; };
		769EEA2019A55F1100FF072E /* SHViewPager.m */ = {isa = PBXFileReference; fileEncoding = 4; lastKnownFileType = sourcecode.c.objc; path = SHViewPager.m; sourceTree = "<group>"; };
		769EEA2119A55F1100FF072E /* SHViewPagerController.h */ = {isa = PBXFileReference; fileEncoding = 4; lastKnownFileType = sourcecode.c.h; path = SHViewPagerController.h; sourceTree = "<group>"; };
		769EEA2219A55F1100FF072E /* SHViewPagerController.m */ = {isa = PBXFileReference; fileEncoding = 4; lastKnownFileType = sourcecode.c.objc; path = SHViewPagerController.m; sourceTree = "<group>"; };
		769EEA2D19A646FC00FF072E /* UIView+Toast.h */ = {isa = PBXFileReference; fileEncoding = 4; lastKnownFileType = sourcecode.c.h; path = "UIView+Toast.h"; sourceTree = "<group>"; };
		769EEA2E19A646FC00FF072E /* UIView+Toast.m */ = {isa = PBXFileReference; fileEncoding = 4; lastKnownFileType = sourcecode.c.objc; path = "UIView+Toast.m"; sourceTree = "<group>"; };
		769EEA3819A6490000FF072E /* UIKit.framework */ = {isa = PBXFileReference; lastKnownFileType = wrapper.framework; name = UIKit.framework; path = System/Library/Frameworks/UIKit.framework; sourceTree = SDKROOT; };
		769EEA3A19A6490600FF072E /* QuartzCore.framework */ = {isa = PBXFileReference; lastKnownFileType = wrapper.framework; name = QuartzCore.framework; path = System/Library/Frameworks/QuartzCore.framework; sourceTree = SDKROOT; };
		769EEA4819A64CC600FF072E /* Cocoa.framework */ = {isa = PBXFileReference; lastKnownFileType = wrapper.framework; name = Cocoa.framework; path = Library/Frameworks/Cocoa.framework; sourceTree = DEVELOPER_DIR; };
		769EEA4B19A64CC600FF072E /* Foundation.framework */ = {isa = PBXFileReference; lastKnownFileType = wrapper.framework; name = Foundation.framework; path = Library/Frameworks/Foundation.framework; sourceTree = SDKROOT; };
		769EEA4C19A64CC600FF072E /* CoreData.framework */ = {isa = PBXFileReference; lastKnownFileType = wrapper.framework; name = CoreData.framework; path = Library/Frameworks/CoreData.framework; sourceTree = SDKROOT; };
		769EEA4D19A64CC600FF072E /* AppKit.framework */ = {isa = PBXFileReference; lastKnownFileType = wrapper.framework; name = AppKit.framework; path = Library/Frameworks/AppKit.framework; sourceTree = SDKROOT; };
		769EEA5019A64CC600FF072E /* VerveAPIBundle-Info.plist */ = {isa = PBXFileReference; lastKnownFileType = text.plist.xml; path = "VerveAPIBundle-Info.plist"; sourceTree = "<group>"; };
		769EEA5219A64CC600FF072E /* en */ = {isa = PBXFileReference; lastKnownFileType = text.plist.strings; name = en; path = en.lproj/InfoPlist.strings; sourceTree = "<group>"; };
		769EEA5419A64CC600FF072E /* VerveAPIBundle-Prefix.pch */ = {isa = PBXFileReference; lastKnownFileType = sourcecode.c.h; path = "VerveAPIBundle-Prefix.pch"; sourceTree = "<group>"; };
		769EEA5C19A64CEF00FF072E /* VerveAPIBundle.bundle */ = {isa = PBXFileReference; explicitFileType = wrapper.cfbundle; includeInIndex = 0; path = VerveAPIBundle.bundle; sourceTree = BUILT_PRODUCTS_DIR; };
		769EEA5D19A64CF000FF072E /* CoreFoundation.framework */ = {isa = PBXFileReference; lastKnownFileType = wrapper.framework; name = CoreFoundation.framework; path = System/Library/Frameworks/CoreFoundation.framework; sourceTree = SDKROOT; };
		769EEA6119A64CF000FF072E /* VerveAPIBundle-Info.plist */ = {isa = PBXFileReference; lastKnownFileType = text.plist.xml; path = "VerveAPIBundle-Info.plist"; sourceTree = "<group>"; };
		769EEA6319A64CF000FF072E /* en */ = {isa = PBXFileReference; lastKnownFileType = text.plist.strings; name = en; path = en.lproj/InfoPlist.strings; sourceTree = "<group>"; };
		769EEA6519A64CF000FF072E /* VerveAPIBundle-Prefix.pch */ = {isa = PBXFileReference; lastKnownFileType = sourcecode.c.h; path = "VerveAPIBundle-Prefix.pch"; sourceTree = "<group>"; };
		769EEA6919A64D1D00FF072E /* check.png */ = {isa = PBXFileReference; lastKnownFileType = image.png; name = check.png; path = ../check.png; sourceTree = "<group>"; };
		769EEA6A19A64D1D00FF072E /* error.png */ = {isa = PBXFileReference; lastKnownFileType = image.png; name = error.png; path = ../error.png; sourceTree = "<group>"; };
		769EEA6B19A64D1D00FF072E /* warning.png */ = {isa = PBXFileReference; lastKnownFileType = image.png; name = warning.png; path = ../warning.png; sourceTree = "<group>"; };
		769EEA6F19A7A38500FF072E /* MobileCoreServices.framework */ = {isa = PBXFileReference; lastKnownFileType = wrapper.framework; name = MobileCoreServices.framework; path = System/Library/Frameworks/MobileCoreServices.framework; sourceTree = SDKROOT; };
/* End PBXFileReference section */

/* Begin PBXFrameworksBuildPhase section */
		761D654919A15B680062B525 /* Frameworks */ = {
			isa = PBXFrameworksBuildPhase;
			buildActionMask = 2147483647;
			files = (
				769EEA7019A7A38500FF072E /* MobileCoreServices.framework in Frameworks */,
				769EEA3E19A6491F00FF072E /* QuartzCore.framework in Frameworks */,
				769EEA3D19A6491B00FF072E /* UIKit.framework in Frameworks */,
				761D655019A15B680062B525 /* Foundation.framework in Frameworks */,
			);
			runOnlyForDeploymentPostprocessing = 0;
		};
		769EEA5919A64CEF00FF072E /* Frameworks */ = {
			isa = PBXFrameworksBuildPhase;
			buildActionMask = 2147483647;
			files = (
				769EEA5E19A64CF000FF072E /* CoreFoundation.framework in Frameworks */,
			);
			runOnlyForDeploymentPostprocessing = 0;
		};
/* End PBXFrameworksBuildPhase section */

/* Begin PBXGroup section */
		761D654319A15B680062B525 = {
			isa = PBXGroup;
			children = (
				761D655119A15B680062B525 /* VerveAPI */,
				761D656519A15B680062B525 /* VerveAPIBundle */,
				769EEA4E19A64CC600FF072E /* VerveAPIBundle */,
				769EEA5F19A64CF000FF072E /* VerveAPIBundle */,
				761D654E19A15B680062B525 /* Frameworks */,
				761D654D19A15B680062B525 /* Products */,
			);
			sourceTree = "<group>";
		};
		761D654D19A15B680062B525 /* Products */ = {
			isa = PBXGroup;
			children = (
				761D654C19A15B680062B525 /* libVerveAPI.a */,
				769EEA5C19A64CEF00FF072E /* VerveAPIBundle.bundle */,
			);
			name = Products;
			sourceTree = "<group>";
		};
		761D654E19A15B680062B525 /* Frameworks */ = {
			isa = PBXGroup;
			children = (
				769EEA6F19A7A38500FF072E /* MobileCoreServices.framework */,
				769EEA3A19A6490600FF072E /* QuartzCore.framework */,
				769EEA3819A6490000FF072E /* UIKit.framework */,
				761D654F19A15B680062B525 /* Foundation.framework */,
				761D655D19A15B680062B525 /* XCTest.framework */,
				761D656019A15B680062B525 /* UIKit.framework */,
				769EEA4819A64CC600FF072E /* Cocoa.framework */,
				769EEA5D19A64CF000FF072E /* CoreFoundation.framework */,
				769EEA4A19A64CC600FF072E /* Other Frameworks */,
			);
			name = Frameworks;
			sourceTree = "<group>";
		};
		761D655119A15B680062B525 /* VerveAPI */ = {
			isa = PBXGroup;
			children = (
				769EE9F319A2B2DA00FF072E /* Other Headers */,
				769EEA2C19A646C600FF072E /* Toast */,
				769EEA1E19A55F0000FF072E /* SHViewPager */,
				761D65B019A1A6B00062B525 /* RESideMenu */,
				761D658319A15F9F0062B525 /* AFNetworking */,
				761D657E19A15EDC0062B525 /* API & Connectivity */,
				761D657F19A15EEE0062B525 /* Objects */,
				761D655219A15B680062B525 /* Supporting Files */,
			);
			path = VerveAPI;
			sourceTree = "<group>";
		};
		761D655219A15B680062B525 /* Supporting Files */ = {
			isa = PBXGroup;
			children = (
				761D655319A15B680062B525 /* VerveAPI-Prefix.pch */,
			);
			name = "Supporting Files";
			sourceTree = "<group>";
		};
		761D656519A15B680062B525 /* VerveAPIBundle */ = {
			isa = PBXGroup;
			children = (
				769EEA6919A64D1D00FF072E /* check.png */,
				769EEA6A19A64D1D00FF072E /* error.png */,
				769EEA6B19A64D1D00FF072E /* warning.png */,
				761D656619A15B680062B525 /* Supporting Files */,
			);
			name = VerveAPIBundle;
			path = VerveAPITests;
			sourceTree = "<group>";
		};
		761D656619A15B680062B525 /* Supporting Files */ = {
			isa = PBXGroup;
			children = (
				761D656819A15B680062B525 /* InfoPlist.strings */,
			);
			name = "Supporting Files";
			sourceTree = "<group>";
		};
		761D657E19A15EDC0062B525 /* API & Connectivity */ = {
			isa = PBXGroup;
			children = (
				761D657519A15BE90062B525 /* API.h */,
				761D657619A15BE90062B525 /* API.m */,
				761D657B19A15DF40062B525 /* Reachability.h */,
				761D657C19A15DF40062B525 /* Reachability.m */,
			);
			name = "API & Connectivity";
			sourceTree = "<group>";
		};
		761D657F19A15EEE0062B525 /* Objects */ = {
			isa = PBXGroup;
			children = (
				761D658019A15F140062B525 /* VerveUser.h */,
				761D658119A15F140062B525 /* VerveUser.m */,
			);
			name = Objects;
			sourceTree = "<group>";
		};
		761D658319A15F9F0062B525 /* AFNetworking */ = {
			isa = PBXGroup;
			children = (
				761D658419A15FD40062B525 /* AFHTTPRequestOperation.h */,
				761D658519A15FD40062B525 /* AFHTTPRequestOperation.m */,
				761D658619A15FD40062B525 /* AFHTTPRequestOperationManager.h */,
				761D658719A15FD40062B525 /* AFHTTPRequestOperationManager.m */,
				761D658819A15FD40062B525 /* AFHTTPSessionManager.h */,
				761D658919A15FD40062B525 /* AFHTTPSessionManager.m */,
				761D658A19A15FD40062B525 /* AFNetworking.h */,
				761D658B19A15FD40062B525 /* AFNetworkReachabilityManager.h */,
				761D658C19A15FD40062B525 /* AFNetworkReachabilityManager.m */,
				761D658D19A15FD40062B525 /* AFSecurityPolicy.h */,
				761D658E19A15FD40062B525 /* AFSecurityPolicy.m */,
				761D658F19A15FD40062B525 /* AFURLConnectionOperation.h */,
				761D659019A15FD40062B525 /* AFURLConnectionOperation.m */,
				761D659119A15FD40062B525 /* AFURLRequestSerialization.h */,
				761D659219A15FD40062B525 /* AFURLRequestSerialization.m */,
				761D659319A15FD40062B525 /* AFURLResponseSerialization.h */,
				761D659419A15FD40062B525 /* AFURLResponseSerialization.m */,
				761D659519A15FD40062B525 /* AFURLSessionManager.h */,
				761D659619A15FD40062B525 /* AFURLSessionManager.m */,
			);
			name = AFNetworking;
			sourceTree = "<group>";
		};
		761D65B019A1A6B00062B525 /* RESideMenu */ = {
			isa = PBXGroup;
			children = (
				761D65B119A1A6BC0062B525 /* RECommonFunctions.h */,
				761D65B219A1A6BC0062B525 /* RECommonFunctions.m */,
				761D65B319A1A6BC0062B525 /* RESideMenu.h */,
				761D65B419A1A6BC0062B525 /* RESideMenu.m */,
				761D65B519A1A6BC0062B525 /* UIViewController+RESideMenu.h */,
				761D65B619A1A6BC0062B525 /* UIViewController+RESideMenu.m */,
			);
			name = RESideMenu;
			sourceTree = "<group>";
		};
		769EE9F319A2B2DA00FF072E /* Other Headers */ = {
			isa = PBXGroup;
			children = (
				769EE9F719A2B6AB00FF072E /* Constants.h */,
			);
			name = "Other Headers";
			sourceTree = "<group>";
		};
		769EEA1E19A55F0000FF072E /* SHViewPager */ = {
			isa = PBXGroup;
			children = (
				769EEA1F19A55F1100FF072E /* SHViewPager.h */,
				769EEA2019A55F1100FF072E /* SHViewPager.m */,
				769EEA2119A55F1100FF072E /* SHViewPagerController.h */,
				769EEA2219A55F1100FF072E /* SHViewPagerController.m */,
			);
			name = SHViewPager;
			sourceTree = "<group>";
		};
		769EEA2C19A646C600FF072E /* Toast */ = {
			isa = PBXGroup;
			children = (
				769EEA2D19A646FC00FF072E /* UIView+Toast.h */,
				769EEA2E19A646FC00FF072E /* UIView+Toast.m */,
			);
			name = Toast;
			sourceTree = "<group>";
		};
		769EEA4A19A64CC600FF072E /* Other Frameworks */ = {
			isa = PBXGroup;
			children = (
				769EEA4B19A64CC600FF072E /* Foundation.framework */,
				769EEA4C19A64CC600FF072E /* CoreData.framework */,
				769EEA4D19A64CC600FF072E /* AppKit.framework */,
			);
			name = "Other Frameworks";
			sourceTree = "<group>";
		};
		769EEA4E19A64CC600FF072E /* VerveAPIBundle */ = {
			isa = PBXGroup;
			children = (
				769EEA4F19A64CC600FF072E /* Supporting Files */,
			);
			path = VerveAPIBundle;
			sourceTree = "<group>";
		};
		769EEA4F19A64CC600FF072E /* Supporting Files */ = {
			isa = PBXGroup;
			children = (
				769EEA5019A64CC600FF072E /* VerveAPIBundle-Info.plist */,
				769EEA5119A64CC600FF072E /* InfoPlist.strings */,
				769EEA5419A64CC600FF072E /* VerveAPIBundle-Prefix.pch */,
			);
			name = "Supporting Files";
			sourceTree = "<group>";
		};
		769EEA5F19A64CF000FF072E /* VerveAPIBundle */ = {
			isa = PBXGroup;
			children = (
				769EEA6019A64CF000FF072E /* Supporting Files */,
			);
			path = VerveAPIBundle;
			sourceTree = "<group>";
		};
		769EEA6019A64CF000FF072E /* Supporting Files */ = {
			isa = PBXGroup;
			children = (
				769EEA6119A64CF000FF072E /* VerveAPIBundle-Info.plist */,
				769EEA6219A64CF000FF072E /* InfoPlist.strings */,
				769EEA6519A64CF000FF072E /* VerveAPIBundle-Prefix.pch */,
			);
			name = "Supporting Files";
			sourceTree = "<group>";
		};
/* End PBXGroup section */

/* Begin PBXNativeTarget section */
		761D654B19A15B680062B525 /* VerveAPI */ = {
			isa = PBXNativeTarget;
			buildConfigurationList = 761D656F19A15B680062B525 /* Build configuration list for PBXNativeTarget "VerveAPI" */;
			buildPhases = (
				761D654819A15B680062B525 /* Sources */,
				761D654919A15B680062B525 /* Frameworks */,
				761D654A19A15B680062B525 /* CopyFiles */,
			);
			buildRules = (
			);
			dependencies = (
			);
			name = VerveAPI;
			productName = VerveAPI;
			productReference = 761D654C19A15B680062B525 /* libVerveAPI.a */;
			productType = "com.apple.product-type.library.static";
		};
		769EEA5B19A64CEF00FF072E /* VerveAPIBundle */ = {
			isa = PBXNativeTarget;
			buildConfigurationList = 769EEA6619A64CF000FF072E /* Build configuration list for PBXNativeTarget "VerveAPIBundle" */;
			buildPhases = (
				769EEA5819A64CEF00FF072E /* Sources */,
				769EEA5919A64CEF00FF072E /* Frameworks */,
				769EEA5A19A64CEF00FF072E /* Resources */,
			);
			buildRules = (
			);
			dependencies = (
			);
			name = VerveAPIBundle;
			productName = VerveAPIBundle;
			productReference = 769EEA5C19A64CEF00FF072E /* VerveAPIBundle.bundle */;
			productType = "com.apple.product-type.bundle";
		};
/* End PBXNativeTarget section */

/* Begin PBXProject section */
		761D654419A15B680062B525 /* Project object */ = {
			isa = PBXProject;
			attributes = {
				LastUpgradeCheck = 0510;
				ORGANIZATIONNAME = eVerveCorp;
			};
			buildConfigurationList = 761D654719A15B680062B525 /* Build configuration list for PBXProject "VerveAPI" */;
			compatibilityVersion = "Xcode 3.2";
			developmentRegion = English;
			hasScannedForEncodings = 0;
			knownRegions = (
				en,
			);
			mainGroup = 761D654319A15B680062B525;
			productRefGroup = 761D654D19A15B680062B525 /* Products */;
			projectDirPath = "";
			projectRoot = "";
			targets = (
				761D654B19A15B680062B525 /* VerveAPI */,
				769EEA5B19A64CEF00FF072E /* VerveAPIBundle */,
			);
		};
/* End PBXProject section */

/* Begin PBXResourcesBuildPhase section */
		769EEA5A19A64CEF00FF072E /* Resources */ = {
			isa = PBXResourcesBuildPhase;
			buildActionMask = 2147483647;
			files = (
				769EEA6419A64CF000FF072E /* InfoPlist.strings in Resources */,
				769EEA6C19A64D1D00FF072E /* check.png in Resources */,
				769EEA6D19A64D1D00FF072E /* error.png in Resources */,
				769EEA6E19A64D1D00FF072E /* warning.png in Resources */,
			);
			runOnlyForDeploymentPostprocessing = 0;
		};
/* End PBXResourcesBuildPhase section */

/* Begin PBXSourcesBuildPhase section */
		761D654819A15B680062B525 /* Sources */ = {
			isa = PBXSourcesBuildPhase;
			buildActionMask = 2147483647;
			files = (
				769EEA2F19A646FC00FF072E /* UIView+Toast.m in Sources */,
				761D659719A15FD40062B525 /* AFHTTPRequestOperation.m in Sources */,
				761D657D19A15DF40062B525 /* Reachability.m in Sources */,
				761D65B919A1A6BC0062B525 /* UIViewController+RESideMenu.m in Sources */,
				761D65B719A1A6BC0062B525 /* RECommonFunctions.m in Sources */,
				761D659819A15FD40062B525 /* AFHTTPRequestOperationManager.m in Sources */,
				761D659A19A15FD40062B525 /* AFNetworkReachabilityManager.m in Sources */,
				761D659E19A15FD40062B525 /* AFURLResponseSerialization.m in Sources */,
				761D65B819A1A6BC0062B525 /* RESideMenu.m in Sources */,
				761D659C19A15FD40062B525 /* AFURLConnectionOperation.m in Sources */,
				761D659B19A15FD40062B525 /* AFSecurityPolicy.m in Sources */,
				761D659919A15FD40062B525 /* AFHTTPSessionManager.m in Sources */,
				761D659D19A15FD40062B525 /* AFURLRequestSerialization.m in Sources */,
				761D659F19A15FD40062B525 /* AFURLSessionManager.m in Sources */,
				769EEA2419A55F1100FF072E /* SHViewPagerController.m in Sources */,
				769EEA2319A55F1100FF072E /* SHViewPager.m in Sources */,
				761D657719A15BE90062B525 /* API.m in Sources */,
				761D658219A15F140062B525 /* VerveUser.m in Sources */,
			);
			runOnlyForDeploymentPostprocessing = 0;
		};
		769EEA5819A64CEF00FF072E /* Sources */ = {
			isa = PBXSourcesBuildPhase;
			buildActionMask = 2147483647;
			files = (
			);
			runOnlyForDeploymentPostprocessing = 0;
		};
/* End PBXSourcesBuildPhase section */

/* Begin PBXVariantGroup section */
		761D656819A15B680062B525 /* InfoPlist.strings */ = {
			isa = PBXVariantGroup;
			children = (
				761D656919A15B680062B525 /* en */,
			);
			name = InfoPlist.strings;
			sourceTree = "<group>";
		};
		769EEA5119A64CC600FF072E /* InfoPlist.strings */ = {
			isa = PBXVariantGroup;
			children = (
				769EEA5219A64CC600FF072E /* en */,
			);
			name = InfoPlist.strings;
			sourceTree = "<group>";
		};
		769EEA6219A64CF000FF072E /* InfoPlist.strings */ = {
			isa = PBXVariantGroup;
			children = (
				769EEA6319A64CF000FF072E /* en */,
			);
			name = InfoPlist.strings;
			sourceTree = "<group>";
		};
/* End PBXVariantGroup section */

/* Begin XCBuildConfiguration section */
		761D656D19A15B680062B525 /* Debug */ = {
			isa = XCBuildConfiguration;
			buildSettings = {
				ALWAYS_SEARCH_USER_PATHS = NO;
				CLANG_CXX_LANGUAGE_STANDARD = "gnu++0x";
				CLANG_CXX_LIBRARY = "libc++";
				CLANG_ENABLE_MODULES = YES;
				CLANG_ENABLE_OBJC_ARC = YES;
				CLANG_WARN_BOOL_CONVERSION = YES;
				CLANG_WARN_CONSTANT_CONVERSION = YES;
				CLANG_WARN_DIRECT_OBJC_ISA_USAGE = YES_ERROR;
				CLANG_WARN_EMPTY_BODY = YES;
				CLANG_WARN_ENUM_CONVERSION = YES;
				CLANG_WARN_INT_CONVERSION = YES;
				CLANG_WARN_OBJC_ROOT_CLASS = YES_ERROR;
				CLANG_WARN__DUPLICATE_METHOD_MATCH = YES;
				COPY_PHASE_STRIP = NO;
				GCC_C_LANGUAGE_STANDARD = gnu99;
				GCC_DYNAMIC_NO_PIC = NO;
				GCC_OPTIMIZATION_LEVEL = 0;
				GCC_PREPROCESSOR_DEFINITIONS = (
					"DEBUG=1",
					"$(inherited)",
				);
				GCC_SYMBOLS_PRIVATE_EXTERN = NO;
				GCC_WARN_64_TO_32_BIT_CONVERSION = YES;
				GCC_WARN_ABOUT_RETURN_TYPE = YES_ERROR;
				GCC_WARN_UNDECLARED_SELECTOR = YES;
				GCC_WARN_UNINITIALIZED_AUTOS = YES_AGGRESSIVE;
				GCC_WARN_UNUSED_FUNCTION = YES;
				GCC_WARN_UNUSED_VARIABLE = YES;
				IPHONEOS_DEPLOYMENT_TARGET = 7.1;
				ONLY_ACTIVE_ARCH = YES;
				SDKROOT = iphoneos;
			};
			name = Debug;
		};
		761D656E19A15B680062B525 /* Release */ = {
			isa = XCBuildConfiguration;
			buildSettings = {
				ALWAYS_SEARCH_USER_PATHS = NO;
				CLANG_CXX_LANGUAGE_STANDARD = "gnu++0x";
				CLANG_CXX_LIBRARY = "libc++";
				CLANG_ENABLE_MODULES = YES;
				CLANG_ENABLE_OBJC_ARC = YES;
				CLANG_WARN_BOOL_CONVERSION = YES;
				CLANG_WARN_CONSTANT_CONVERSION = YES;
				CLANG_WARN_DIRECT_OBJC_ISA_USAGE = YES_ERROR;
				CLANG_WARN_EMPTY_BODY = YES;
				CLANG_WARN_ENUM_CONVERSION = YES;
				CLANG_WARN_INT_CONVERSION = YES;
				CLANG_WARN_OBJC_ROOT_CLASS = YES_ERROR;
				CLANG_WARN__DUPLICATE_METHOD_MATCH = YES;
				COPY_PHASE_STRIP = YES;
				ENABLE_NS_ASSERTIONS = NO;
				GCC_C_LANGUAGE_STANDARD = gnu99;
				GCC_WARN_64_TO_32_BIT_CONVERSION = YES;
				GCC_WARN_ABOUT_RETURN_TYPE = YES_ERROR;
				GCC_WARN_UNDECLARED_SELECTOR = YES;
				GCC_WARN_UNINITIALIZED_AUTOS = YES_AGGRESSIVE;
				GCC_WARN_UNUSED_FUNCTION = YES;
				GCC_WARN_UNUSED_VARIABLE = YES;
				IPHONEOS_DEPLOYMENT_TARGET = 7.1;
				SDKROOT = iphoneos;
				VALIDATE_PRODUCT = YES;
			};
			name = Release;
		};
		761D657019A15B680062B525 /* Debug */ = {
			isa = XCBuildConfiguration;
			buildSettings = {
				DSTROOT = /tmp/VerveAPI.dst;
				GCC_PRECOMPILE_PREFIX_HEADER = YES;
				GCC_PREFIX_HEADER = "VerveAPI/VerveAPI-Prefix.pch";
				OTHER_LDFLAGS = "-ObjC";
				PRODUCT_NAME = "$(TARGET_NAME)";
				PUBLIC_HEADERS_FOLDER_PATH = "";
				SKIP_INSTALL = YES;
			};
			name = Debug;
		};
		761D657119A15B680062B525 /* Release */ = {
			isa = XCBuildConfiguration;
			buildSettings = {
				DSTROOT = /tmp/VerveAPI.dst;
				GCC_PRECOMPILE_PREFIX_HEADER = YES;
				GCC_PREFIX_HEADER = "VerveAPI/VerveAPI-Prefix.pch";
				OTHER_LDFLAGS = "-ObjC";
				PRODUCT_NAME = "$(TARGET_NAME)";
				PUBLIC_HEADERS_FOLDER_PATH = "";
				SKIP_INSTALL = YES;
			};
			name = Release;
		};
		769EEA6719A64CF000FF072E /* Debug */ = {
			isa = XCBuildConfiguration;
			buildSettings = {
				COMBINE_HIDPI_IMAGES = YES;
				GCC_ENABLE_OBJC_EXCEPTIONS = YES;
				GCC_PRECOMPILE_PREFIX_HEADER = YES;
				GCC_PREFIX_HEADER = "VerveAPIBundle/VerveAPIBundle-Prefix.pch";
				GCC_PREPROCESSOR_DEFINITIONS = (
					"DEBUG=1",
					"$(inherited)",
				);
				INFOPLIST_FILE = "VerveAPIBundle/VerveAPIBundle-Info.plist";
				INSTALL_PATH = "$(LOCAL_LIBRARY_DIR)/Bundles";
				MACOSX_DEPLOYMENT_TARGET = 10.9;
				PRODUCT_NAME = "$(TARGET_NAME)";
				SDKROOT = iphoneos7.1;
				WRAPPER_EXTENSION = bundle;
			};
			name = Debug;
		};
		769EEA6819A64CF000FF072E /* Release */ = {
			isa = XCBuildConfiguration;
			buildSettings = {
				COMBINE_HIDPI_IMAGES = YES;
				DEBUG_INFORMATION_FORMAT = "dwarf-with-dsym";
				GCC_ENABLE_OBJC_EXCEPTIONS = YES;
				GCC_PRECOMPILE_PREFIX_HEADER = YES;
				GCC_PREFIX_HEADER = "VerveAPIBundle/VerveAPIBundle-Prefix.pch";
				INFOPLIST_FILE = "VerveAPIBundle/VerveAPIBundle-Info.plist";
				INSTALL_PATH = "$(LOCAL_LIBRARY_DIR)/Bundles";
				MACOSX_DEPLOYMENT_TARGET = 10.9;
				PRODUCT_NAME = "$(TARGET_NAME)";
				SDKROOT = iphoneos7.1;
				WRAPPER_EXTENSION = bundle;
			};
			name = Release;
		};
/* End XCBuildConfiguration section */

/* Begin XCConfigurationList section */
		761D654719A15B680062B525 /* Build configuration list for PBXProject "VerveAPI" */ = {
			isa = XCConfigurationList;
			buildConfigurations = (
				761D656D19A15B680062B525 /* Debug */,
				761D656E19A15B680062B525 /* Release */,
			);
			defaultConfigurationIsVisible = 0;
			defaultConfigurationName = Release;
		};
		761D656F19A15B680062B525 /* Build configuration list for PBXNativeTarget "VerveAPI" */ = {
			isa = XCConfigurationList;
			buildConfigurations = (
				761D657019A15B680062B525 /* Debug */,
				761D657119A15B680062B525 /* Release */,
			);
			defaultConfigurationIsVisible = 0;
			defaultConfigurationName = Release;
		};
		769EEA6619A64CF000FF072E /* Build configuration list for PBXNativeTarget "VerveAPIBundle" */ = {
			isa = XCConfigurationList;
			buildConfigurations = (
				769EEA6719A64CF000FF072E /* Debug */,
				769EEA6819A64CF000FF072E /* Release */,
			);
			defaultConfigurationIsVisible = 0;
		};
/* End XCConfigurationList section */
	};
	rootObject = 761D654419A15B680062B525 /* Project object */;
}
