// !$*UTF8*$!
{
	archiveVersion = 1;
	classes = {
	};
	objectVersion = 46;
	objects = {

/* Begin PBXAggregateTarget section */
		7671FC791A0DBE9F000ECDAF /* VerveAPITarget */ = {
			isa = PBXAggregateTarget;
			buildConfigurationList = 7671FC7A1A0DBEA0000ECDAF /* Build configuration list for PBXAggregateTarget "VerveAPITarget" */;
			buildPhases = (
			);
			dependencies = (
				7671FC7E1A0DBEE6000ECDAF /* PBXTargetDependency */,
				7671FC801A0DBEE9000ECDAF /* PBXTargetDependency */,
			);
			name = VerveAPITarget;
			productName = VerveAPITarget;
		};
/* End PBXAggregateTarget section */

/* Begin PBXBuildFile section */
		761D655019A15B680062B525 /* Foundation.framework in Frameworks */ = {isa = PBXBuildFile; fileRef = 761D654F19A15B680062B525 /* Foundation.framework */; };
		761D657719A15BE90062B525 /* API.m in Sources */ = {isa = PBXBuildFile; fileRef = 761D657619A15BE90062B525 /* API.m */; };
		761D657D19A15DF40062B525 /* Reachability.m in Sources */ = {isa = PBXBuildFile; fileRef = 761D657C19A15DF40062B525 /* Reachability.m */; };
		761D658219A15F140062B525 /* VerveUser.m in Sources */ = {isa = PBXBuildFile; fileRef = 761D658119A15F140062B525 /* VerveUser.m */; };
		761D659719A15FD40062B525 /* AFHTTPRequestOperation.m in Sources */ = {isa = PBXBuildFile; fileRef = 761D658519A15FD40062B525 /* AFHTTPRequestOperation.m */; };
		761D659819A15FD40062B525 /* AFHTTPRequestOperationManager.m in Sources */ = {isa = PBXBuildFile; fileRef = 761D658719A15FD40062B525 /* AFHTTPRequestOperationManager.m */; };
		761D659919A15FD40062B525 /* AFHTTPSessionManager.m in Sources */ = {isa = PBXBuildFile; fileRef = 761D658919A15FD40062B525 /* AFHTTPSessionManager.m */; };
		761D659A19A15FD40062B525 /* AFNetworkReachabilityManager.m in Sources */ = {isa = PBXBuildFile; fileRef = 761D658C19A15FD40062B525 /* AFNetworkReachabilityManager.m */; };
		761D659B19A15FD40062B525 /* AFSecurityPolicy.m in Sources */ = {isa = PBXBuildFile; fileRef = 761D658E19A15FD40062B525 /* AFSecurityPolicy.m */; };
		761D659C19A15FD40062B525 /* AFURLConnectionOperation.m in Sources */ = {isa = PBXBuildFile; fileRef = 761D659019A15FD40062B525 /* AFURLConnectionOperation.m */; };
		761D659D19A15FD40062B525 /* AFURLRequestSerialization.m in Sources */ = {isa = PBXBuildFile; fileRef = 761D659219A15FD40062B525 /* AFURLRequestSerialization.m */; };
		761D659E19A15FD40062B525 /* AFURLResponseSerialization.m in Sources */ = {isa = PBXBuildFile; fileRef = 761D659419A15FD40062B525 /* AFURLResponseSerialization.m */; };
		761D659F19A15FD40062B525 /* AFURLSessionManager.m in Sources */ = {isa = PBXBuildFile; fileRef = 761D659619A15FD40062B525 /* AFURLSessionManager.m */; };
		761D65B819A1A6BC0062B525 /* RESideMenu.m in Sources */ = {isa = PBXBuildFile; fileRef = 761D65B419A1A6BC0062B525 /* RESideMenu.m */; };
		761D65B919A1A6BC0062B525 /* UIViewController+RESideMenu.m in Sources */ = {isa = PBXBuildFile; fileRef = 761D65B619A1A6BC0062B525 /* UIViewController+RESideMenu.m */; };
		7671FC631A04528D000ECDAF /* EVCSearchEngine.m in Sources */ = {isa = PBXBuildFile; fileRef = 7671FC621A04528D000ECDAF /* EVCSearchEngine.m */; };
		7671FC671A06CE04000ECDAF /* EVCUserSearchViewViewController.m in Sources */ = {isa = PBXBuildFile; fileRef = 7671FC651A06CE04000ECDAF /* EVCUserSearchViewViewController.m */; };
		7671FC6E1A06FA52000ECDAF /* EVCUserSearchViewViewController_iPhone.xib in Resources */ = {isa = PBXBuildFile; fileRef = 7671FC661A06CE04000ECDAF /* EVCUserSearchViewViewController_iPhone.xib */; };
		7671FC731A0DB515000ECDAF /* EVCUserInviteViewController.m in Sources */ = {isa = PBXBuildFile; fileRef = 7671FC711A0DB515000ECDAF /* EVCUserInviteViewController.m */; };
		7671FC741A0DB51F000ECDAF /* EVCUserInviteViewController_iPhone.xib in Resources */ = {isa = PBXBuildFile; fileRef = 7671FC721A0DB515000ECDAF /* EVCUserInviteViewController_iPhone.xib */; };
		7671FC761A0DB740000ECDAF /* message-25.png in Resources */ = {isa = PBXBuildFile; fileRef = 7671FC751A0DB740000ECDAF /* message-25.png */; };
		7671FC781A0DB7C6000ECDAF /* chat-25.png in Resources */ = {isa = PBXBuildFile; fileRef = 7671FC771A0DB7C6000ECDAF /* chat-25.png */; };
		7671FC851A0E74A5000ECDAF /* default-avatar.png in Resources */ = {isa = PBXBuildFile; fileRef = 7671FC841A0E74A4000ECDAF /* default-avatar.png */; };
		7671FC8C1A0FD8AA000ECDAF /* EVCGroupSearchViewViewController.m in Sources */ = {isa = PBXBuildFile; fileRef = 7671FC8A1A0FD8AA000ECDAF /* EVCGroupSearchViewViewController.m */; };
		7671FC8D1A0FD8B9000ECDAF /* EVCGroupSearchViewViewController_iPhone.xib in Resources */ = {isa = PBXBuildFile; fileRef = 7671FC8B1A0FD8AA000ECDAF /* EVCGroupSearchViewViewController_iPhone.xib */; };
		7671FC911A0FE3B0000ECDAF /* search-25.png in Resources */ = {isa = PBXBuildFile; fileRef = 7671FC901A0FE3B0000ECDAF /* search-25.png */; };
		769EEA2319A55F1100FF072E /* SHViewPager.m in Sources */ = {isa = PBXBuildFile; fileRef = 769EEA2019A55F1100FF072E /* SHViewPager.m */; };
		769EEA2419A55F1100FF072E /* SHViewPagerController.m in Sources */ = {isa = PBXBuildFile; fileRef = 769EEA2219A55F1100FF072E /* SHViewPagerController.m */; };
		769EEA2F19A646FC00FF072E /* UIView+Toast.m in Sources */ = {isa = PBXBuildFile; fileRef = 769EEA2E19A646FC00FF072E /* UIView+Toast.m */; };
		769EEA3D19A6491B00FF072E /* UIKit.framework in Frameworks */ = {isa = PBXBuildFile; fileRef = 769EEA3819A6490000FF072E /* UIKit.framework */; };
		769EEA3E19A6491F00FF072E /* QuartzCore.framework in Frameworks */ = {isa = PBXBuildFile; fileRef = 769EEA3A19A6490600FF072E /* QuartzCore.framework */; };
		769EEA7019A7A38500FF072E /* MobileCoreServices.framework in Frameworks */ = {isa = PBXBuildFile; fileRef = 769EEA6F19A7A38500FF072E /* MobileCoreServices.framework */; };
		769EEA8219A8171500FF072E /* DLAVAlertView.m in Sources */ = {isa = PBXBuildFile; fileRef = 769EEA7719A8171500FF072E /* DLAVAlertView.m */; };
		769EEA8319A8171500FF072E /* DLAVAlertViewButtonTheme.m in Sources */ = {isa = PBXBuildFile; fileRef = 769EEA7919A8171500FF072E /* DLAVAlertViewButtonTheme.m */; };
		769EEA8419A8171500FF072E /* DLAVAlertViewController.m in Sources */ = {isa = PBXBuildFile; fileRef = 769EEA7B19A8171500FF072E /* DLAVAlertViewController.m */; };
		769EEA8519A8171500FF072E /* DLAVAlertViewTextControlTheme.m in Sources */ = {isa = PBXBuildFile; fileRef = 769EEA7D19A8171500FF072E /* DLAVAlertViewTextControlTheme.m */; };
		769EEA8619A8171500FF072E /* DLAVAlertViewTextFieldTheme.m in Sources */ = {isa = PBXBuildFile; fileRef = 769EEA7F19A8171500FF072E /* DLAVAlertViewTextFieldTheme.m */; };
		769EEA8719A8171500FF072E /* DLAVAlertViewTheme.m in Sources */ = {isa = PBXBuildFile; fileRef = 769EEA8119A8171500FF072E /* DLAVAlertViewTheme.m */; };
		769EEB0219AAC79600FF072E /* MakeFriendsPrefs.m in Sources */ = {isa = PBXBuildFile; fileRef = 769EEB0119AAC79600FF072E /* MakeFriendsPrefs.m */; };
		769EEB2A19ABBBD800FF072E /* FXForms.m in Sources */ = {isa = PBXBuildFile; fileRef = 769EEB2819ABB89600FF072E /* FXForms.m */; };
		769EEB2D19AC0C6B00FF072E /* SocialPrefs.m in Sources */ = {isa = PBXBuildFile; fileRef = 769EEB2C19AC0C6B00FF072E /* SocialPrefs.m */; };
		769EEB3519AC11C100FF072E /* RelationshipPrefs.m in Sources */ = {isa = PBXBuildFile; fileRef = 769EEB3419AC11C100FF072E /* RelationshipPrefs.m */; };
		769EEB4E19AC2C0500FF072E /* VolunteeringPrefs.m in Sources */ = {isa = PBXBuildFile; fileRef = 769EEB4D19AC2C0500FF072E /* VolunteeringPrefs.m */; };
		76BD326119DCC5C90054ED88 /* Post.m in Sources */ = {isa = PBXBuildFile; fileRef = 76BD326019DCC5C90054ED88 /* Post.m */; };
		76BD327D19DF7F6D0054ED88 /* RECommonFunctions.m in Sources */ = {isa = PBXBuildFile; fileRef = 76BD327C19DF7F6D0054ED88 /* RECommonFunctions.m */; };
		76C2B10519F9EBC60010E98B /* check.png in Resources */ = {isa = PBXBuildFile; fileRef = 76C2B10219F9EBC60010E98B /* check.png */; };
		76C2B10619F9EBC60010E98B /* error.png in Resources */ = {isa = PBXBuildFile; fileRef = 76C2B10319F9EBC60010E98B /* error.png */; };
		76C2B10719F9EBC60010E98B /* warning.png in Resources */ = {isa = PBXBuildFile; fileRef = 76C2B10419F9EBC60010E98B /* warning.png */; };
		76E64EF919B631D10022F189 /* Group.m in Sources */ = {isa = PBXBuildFile; fileRef = 76E64EF819B631D10022F189 /* Group.m */; };
		76EF996219FC507F00E15A14 /* EVCComposeViewController.m in Sources */ = {isa = PBXBuildFile; fileRef = 76EF996019FC507F00E15A14 /* EVCComposeViewController.m */; };
		76EF996319FC664C00E15A14 /* EVCComposeViewController_iPhone.xib in Resources */ = {isa = PBXBuildFile; fileRef = 76EF996119FC507F00E15A14 /* EVCComposeViewController_iPhone.xib */; };
		76EF997219FD40A300E15A14 /* GroupPrefs.m in Sources */ = {isa = PBXBuildFile; fileRef = 76EF997119FD40A300E15A14 /* GroupPrefs.m */; };
/* End PBXBuildFile section */

/* Begin PBXContainerItemProxy section */
		7671FC7D1A0DBEE6000ECDAF /* PBXContainerItemProxy */ = {
			isa = PBXContainerItemProxy;
			containerPortal = 761D654419A15B680062B525 /* Project object */;
			proxyType = 1;
			remoteGlobalIDString = 761D654B19A15B680062B525;
			remoteInfo = VerveAPI;
		};
		7671FC7F1A0DBEE9000ECDAF /* PBXContainerItemProxy */ = {
			isa = PBXContainerItemProxy;
			containerPortal = 761D654419A15B680062B525 /* Project object */;
			proxyType = 1;
			remoteGlobalIDString = 76C2B0F519F9DBD40010E98B;
			remoteInfo = VerveAPIBundle;
		};
/* End PBXContainerItemProxy section */

/* Begin PBXCopyFilesBuildPhase section */
		761D654A19A15B680062B525 /* CopyFiles */ = {
			isa = PBXCopyFilesBuildPhase;
			buildActionMask = 2147483647;
			dstPath = "include/$(PRODUCT_NAME)";
			dstSubfolderSpec = 16;
			files = (
			);
			runOnlyForDeploymentPostprocessing = 0;
		};
/* End PBXCopyFilesBuildPhase section */

/* Begin PBXFileReference section */
		761D654C19A15B680062B525 /* libVerveAPI.a */ = {isa = PBXFileReference; explicitFileType = archive.ar; includeInIndex = 0; path = libVerveAPI.a; sourceTree = BUILT_PRODUCTS_DIR; };
		761D654F19A15B680062B525 /* Foundation.framework */ = {isa = PBXFileReference; lastKnownFileType = wrapper.framework; name = Foundation.framework; path = System/Library/Frameworks/Foundation.framework; sourceTree = SDKROOT; };
		761D655319A15B680062B525 /* VerveAPI-Prefix.pch */ = {isa = PBXFileReference; lastKnownFileType = sourcecode.c.h; path = "VerveAPI-Prefix.pch"; sourceTree = "<group>"; };
		761D657519A15BE90062B525 /* API.h */ = {isa = PBXFileReference; fileEncoding = 4; lastKnownFileType = sourcecode.c.h; path = API.h; sourceTree = "<group>"; };
		761D657619A15BE90062B525 /* API.m */ = {isa = PBXFileReference; fileEncoding = 4; lastKnownFileType = sourcecode.c.objc; path = API.m; sourceTree = "<group>"; };
		761D657B19A15DF40062B525 /* Reachability.h */ = {isa = PBXFileReference; fileEncoding = 4; lastKnownFileType = sourcecode.c.h; path = Reachability.h; sourceTree = "<group>"; };
		761D657C19A15DF40062B525 /* Reachability.m */ = {isa = PBXFileReference; fileEncoding = 4; lastKnownFileType = sourcecode.c.objc; path = Reachability.m; sourceTree = "<group>"; };
		761D658019A15F140062B525 /* VerveUser.h */ = {isa = PBXFileReference; fileEncoding = 4; lastKnownFileType = sourcecode.c.h; path = VerveUser.h; sourceTree = "<group>"; };
		761D658119A15F140062B525 /* VerveUser.m */ = {isa = PBXFileReference; fileEncoding = 4; lastKnownFileType = sourcecode.c.objc; path = VerveUser.m; sourceTree = "<group>"; };
		761D658419A15FD40062B525 /* AFHTTPRequestOperation.h */ = {isa = PBXFileReference; fileEncoding = 4; lastKnownFileType = sourcecode.c.h; path = AFHTTPRequestOperation.h; sourceTree = "<group>"; };
		761D658519A15FD40062B525 /* AFHTTPRequestOperation.m */ = {isa = PBXFileReference; fileEncoding = 4; lastKnownFileType = sourcecode.c.objc; path = AFHTTPRequestOperation.m; sourceTree = "<group>"; };
		761D658619A15FD40062B525 /* AFHTTPRequestOperationManager.h */ = {isa = PBXFileReference; fileEncoding = 4; lastKnownFileType = sourcecode.c.h; path = AFHTTPRequestOperationManager.h; sourceTree = "<group>"; };
		761D658719A15FD40062B525 /* AFHTTPRequestOperationManager.m */ = {isa = PBXFileReference; fileEncoding = 4; lastKnownFileType = sourcecode.c.objc; path = AFHTTPRequestOperationManager.m; sourceTree = "<group>"; };
		761D658819A15FD40062B525 /* AFHTTPSessionManager.h */ = {isa = PBXFileReference; fileEncoding = 4; lastKnownFileType = sourcecode.c.h; path = AFHTTPSessionManager.h; sourceTree = "<group>"; };
		761D658919A15FD40062B525 /* AFHTTPSessionManager.m */ = {isa = PBXFileReference; fileEncoding = 4; lastKnownFileType = sourcecode.c.objc; path = AFHTTPSessionManager.m; sourceTree = "<group>"; };
		761D658A19A15FD40062B525 /* AFNetworking.h */ = {isa = PBXFileReference; fileEncoding = 4; lastKnownFileType = sourcecode.c.h; path = AFNetworking.h; sourceTree = "<group>"; };
		761D658B19A15FD40062B525 /* AFNetworkReachabilityManager.h */ = {isa = PBXFileReference; fileEncoding = 4; lastKnownFileType = sourcecode.c.h; path = AFNetworkReachabilityManager.h; sourceTree = "<group>"; };
		761D658C19A15FD40062B525 /* AFNetworkReachabilityManager.m */ = {isa = PBXFileReference; fileEncoding = 4; lastKnownFileType = sourcecode.c.objc; path = AFNetworkReachabilityManager.m; sourceTree = "<group>"; };
		761D658D19A15FD40062B525 /* AFSecurityPolicy.h */ = {isa = PBXFileReference; fileEncoding = 4; lastKnownFileType = sourcecode.c.h; path = AFSecurityPolicy.h; sourceTree = "<group>"; };
		761D658E19A15FD40062B525 /* AFSecurityPolicy.m */ = {isa = PBXFileReference; fileEncoding = 4; lastKnownFileType = sourcecode.c.objc; path = AFSecurityPolicy.m; sourceTree = "<group>"; };
		761D658F19A15FD40062B525 /* AFURLConnectionOperation.h */ = {isa = PBXFileReference; fileEncoding = 4; lastKnownFileType = sourcecode.c.h; path = AFURLConnectionOperation.h; sourceTree = "<group>"; };
		761D659019A15FD40062B525 /* AFURLConnectionOperation.m */ = {isa = PBXFileReference; fileEncoding = 4; lastKnownFileType = sourcecode.c.objc; path = AFURLConnectionOperation.m; sourceTree = "<group>"; };
		761D659119A15FD40062B525 /* AFURLRequestSerialization.h */ = {isa = PBXFileReference; fileEncoding = 4; lastKnownFileType = sourcecode.c.h; path = AFURLRequestSerialization.h; sourceTree = "<group>"; };
		761D659219A15FD40062B525 /* AFURLRequestSerialization.m */ = {isa = PBXFileReference; fileEncoding = 4; lastKnownFileType = sourcecode.c.objc; path = AFURLRequestSerialization.m; sourceTree = "<group>"; };
		761D659319A15FD40062B525 /* AFURLResponseSerialization.h */ = {isa = PBXFileReference; fileEncoding = 4; lastKnownFileType = sourcecode.c.h; path = AFURLResponseSerialization.h; sourceTree = "<group>"; };
		761D659419A15FD40062B525 /* AFURLResponseSerialization.m */ = {isa = PBXFileReference; fileEncoding = 4; lastKnownFileType = sourcecode.c.objc; path = AFURLResponseSerialization.m; sourceTree = "<group>"; };
		761D659519A15FD40062B525 /* AFURLSessionManager.h */ = {isa = PBXFileReference; fileEncoding = 4; lastKnownFileType = sourcecode.c.h; path = AFURLSessionManager.h; sourceTree = "<group>"; };
		761D659619A15FD40062B525 /* AFURLSessionManager.m */ = {isa = PBXFileReference; fileEncoding = 4; lastKnownFileType = sourcecode.c.objc; path = AFURLSessionManager.m; sourceTree = "<group>"; };
		761D65B319A1A6BC0062B525 /* RESideMenu.h */ = {isa = PBXFileReference; fileEncoding = 4; lastKnownFileType = sourcecode.c.h; path = RESideMenu.h; sourceTree = "<group>"; };
		761D65B419A1A6BC0062B525 /* RESideMenu.m */ = {isa = PBXFileReference; fileEncoding = 4; lastKnownFileType = sourcecode.c.objc; path = RESideMenu.m; sourceTree = "<group>"; };
		761D65B519A1A6BC0062B525 /* UIViewController+RESideMenu.h */ = {isa = PBXFileReference; fileEncoding = 4; lastKnownFileType = sourcecode.c.h; path = "UIViewController+RESideMenu.h"; sourceTree = "<group>"; };
		761D65B619A1A6BC0062B525 /* UIViewController+RESideMenu.m */ = {isa = PBXFileReference; fileEncoding = 4; lastKnownFileType = sourcecode.c.objc; path = "UIViewController+RESideMenu.m"; sourceTree = "<group>"; };
		7671FC611A04528D000ECDAF /* EVCSearchEngine.h */ = {isa = PBXFileReference; fileEncoding = 4; lastKnownFileType = sourcecode.c.h; path = EVCSearchEngine.h; sourceTree = "<group>"; };
		7671FC621A04528D000ECDAF /* EVCSearchEngine.m */ = {isa = PBXFileReference; fileEncoding = 4; lastKnownFileType = sourcecode.c.objc; path = EVCSearchEngine.m; sourceTree = "<group>"; };
		7671FC641A06CE03000ECDAF /* EVCUserSearchViewViewController.h */ = {isa = PBXFileReference; fileEncoding = 4; lastKnownFileType = sourcecode.c.h; path = EVCUserSearchViewViewController.h; sourceTree = "<group>"; };
		7671FC651A06CE04000ECDAF /* EVCUserSearchViewViewController.m */ = {isa = PBXFileReference; fileEncoding = 4; lastKnownFileType = sourcecode.c.objc; path = EVCUserSearchViewViewController.m; sourceTree = "<group>"; };
		7671FC661A06CE04000ECDAF /* EVCUserSearchViewViewController_iPhone.xib */ = {isa = PBXFileReference; fileEncoding = 4; lastKnownFileType = file.xib; path = EVCUserSearchViewViewController_iPhone.xib; sourceTree = "<group>"; };
		7671FC701A0DB515000ECDAF /* EVCUserInviteViewController.h */ = {isa = PBXFileReference; fileEncoding = 4; lastKnownFileType = sourcecode.c.h; path = EVCUserInviteViewController.h; sourceTree = "<group>"; };
		7671FC711A0DB515000ECDAF /* EVCUserInviteViewController.m */ = {isa = PBXFileReference; fileEncoding = 4; lastKnownFileType = sourcecode.c.objc; path = EVCUserInviteViewController.m; sourceTree = "<group>"; };
		7671FC721A0DB515000ECDAF /* EVCUserInviteViewController_iPhone.xib */ = {isa = PBXFileReference; fileEncoding = 4; lastKnownFileType = file.xib; path = EVCUserInviteViewController_iPhone.xib; sourceTree = "<group>"; };
		7671FC751A0DB740000ECDAF /* message-25.png */ = {isa = PBXFileReference; lastKnownFileType = image.png; path = "message-25.png"; sourceTree = "<group>"; };
		7671FC771A0DB7C6000ECDAF /* chat-25.png */ = {isa = PBXFileReference; lastKnownFileType = image.png; path = "chat-25.png"; sourceTree = "<group>"; };
		7671FC841A0E74A4000ECDAF /* default-avatar.png */ = {isa = PBXFileReference; lastKnownFileType = image.png; path = "default-avatar.png"; sourceTree = "<group>"; };
		7671FC891A0FD8AA000ECDAF /* EVCGroupSearchViewViewController.h */ = {isa = PBXFileReference; fileEncoding = 4; lastKnownFileType = sourcecode.c.h; path = EVCGroupSearchViewViewController.h; sourceTree = "<group>"; };
		7671FC8A1A0FD8AA000ECDAF /* EVCGroupSearchViewViewController.m */ = {isa = PBXFileReference; fileEncoding = 4; lastKnownFileType = sourcecode.c.objc; path = EVCGroupSearchViewViewController.m; sourceTree = "<group>"; };
		7671FC8B1A0FD8AA000ECDAF /* EVCGroupSearchViewViewController_iPhone.xib */ = {isa = PBXFileReference; fileEncoding = 4; lastKnownFileType = file.xib; path = EVCGroupSearchViewViewController_iPhone.xib; sourceTree = "<group>"; };
		7671FC901A0FE3B0000ECDAF /* search-25.png */ = {isa = PBXFileReference; lastKnownFileType = image.png; path = "search-25.png"; sourceTree = "<group>"; };
		769EE9F719A2B6AB00FF072E /* Constants.h */ = {isa = PBXFileReference; fileEncoding = 4; lastKnownFileType = sourcecode.c.h; path = Constants.h; sourceTree = "<group>"; };
		769EEA1F19A55F1100FF072E /* SHViewPager.h */ = {isa = PBXFileReference; fileEncoding = 4; lastKnownFileType = sourcecode.c.h; path = SHViewPager.h; sourceTree = "<group>"; };
		769EEA2019A55F1100FF072E /* SHViewPager.m */ = {isa = PBXFileReference; fileEncoding = 4; lastKnownFileType = sourcecode.c.objc; path = SHViewPager.m; sourceTree = "<group>"; };
		769EEA2119A55F1100FF072E /* SHViewPagerController.h */ = {isa = PBXFileReference; fileEncoding = 4; lastKnownFileType = sourcecode.c.h; path = SHViewPagerController.h; sourceTree = "<group>"; };
		769EEA2219A55F1100FF072E /* SHViewPagerController.m */ = {isa = PBXFileReference; fileEncoding = 4; lastKnownFileType = sourcecode.c.objc; path = SHViewPagerController.m; sourceTree = "<group>"; };
		769EEA2D19A646FC00FF072E /* UIView+Toast.h */ = {isa = PBXFileReference; fileEncoding = 4; lastKnownFileType = sourcecode.c.h; path = "UIView+Toast.h"; sourceTree = "<group>"; };
		769EEA2E19A646FC00FF072E /* UIView+Toast.m */ = {isa = PBXFileReference; fileEncoding = 4; lastKnownFileType = sourcecode.c.objc; path = "UIView+Toast.m"; sourceTree = "<group>"; };
		769EEA3819A6490000FF072E /* UIKit.framework */ = {isa = PBXFileReference; lastKnownFileType = wrapper.framework; name = UIKit.framework; path = System/Library/Frameworks/UIKit.framework; sourceTree = SDKROOT; };
		769EEA3A19A6490600FF072E /* QuartzCore.framework */ = {isa = PBXFileReference; lastKnownFileType = wrapper.framework; name = QuartzCore.framework; path = System/Library/Frameworks/QuartzCore.framework; sourceTree = SDKROOT; };
		769EEA4B19A64CC600FF072E /* Foundation.framework */ = {isa = PBXFileReference; lastKnownFileType = wrapper.framework; name = Foundation.framework; path = Library/Frameworks/Foundation.framework; sourceTree = SDKROOT; };
		769EEA4C19A64CC600FF072E /* CoreData.framework */ = {isa = PBXFileReference; lastKnownFileType = wrapper.framework; name = CoreData.framework; path = Library/Frameworks/CoreData.framework; sourceTree = SDKROOT; };
		769EEA4D19A64CC600FF072E /* AppKit.framework */ = {isa = PBXFileReference; lastKnownFileType = wrapper.framework; name = AppKit.framework; path = Library/Frameworks/AppKit.framework; sourceTree = SDKROOT; };
		769EEA5D19A64CF000FF072E /* CoreFoundation.framework */ = {isa = PBXFileReference; lastKnownFileType = wrapper.framework; name = CoreFoundation.framework; path = System/Library/Frameworks/CoreFoundation.framework; sourceTree = SDKROOT; };
		769EEA6F19A7A38500FF072E /* MobileCoreServices.framework */ = {isa = PBXFileReference; lastKnownFileType = wrapper.framework; name = MobileCoreServices.framework; path = System/Library/Frameworks/MobileCoreServices.framework; sourceTree = SDKROOT; };
		769EEA7619A8171500FF072E /* DLAVAlertView.h */ = {isa = PBXFileReference; fileEncoding = 4; lastKnownFileType = sourcecode.c.h; path = DLAVAlertView.h; sourceTree = "<group>"; };
		769EEA7719A8171500FF072E /* DLAVAlertView.m */ = {isa = PBXFileReference; fileEncoding = 4; lastKnownFileType = sourcecode.c.objc; path = DLAVAlertView.m; sourceTree = "<group>"; };
		769EEA7819A8171500FF072E /* DLAVAlertViewButtonTheme.h */ = {isa = PBXFileReference; fileEncoding = 4; lastKnownFileType = sourcecode.c.h; path = DLAVAlertViewButtonTheme.h; sourceTree = "<group>"; };
		769EEA7919A8171500FF072E /* DLAVAlertViewButtonTheme.m */ = {isa = PBXFileReference; fileEncoding = 4; lastKnownFileType = sourcecode.c.objc; path = DLAVAlertViewButtonTheme.m; sourceTree = "<group>"; };
		769EEA7A19A8171500FF072E /* DLAVAlertViewController.h */ = {isa = PBXFileReference; fileEncoding = 4; lastKnownFileType = sourcecode.c.h; path = DLAVAlertViewController.h; sourceTree = "<group>"; };
		769EEA7B19A8171500FF072E /* DLAVAlertViewController.m */ = {isa = PBXFileReference; fileEncoding = 4; lastKnownFileType = sourcecode.c.objc; path = DLAVAlertViewController.m; sourceTree = "<group>"; };
		769EEA7C19A8171500FF072E /* DLAVAlertViewTextControlTheme.h */ = {isa = PBXFileReference; fileEncoding = 4; lastKnownFileType = sourcecode.c.h; path = DLAVAlertViewTextControlTheme.h; sourceTree = "<group>"; };
		769EEA7D19A8171500FF072E /* DLAVAlertViewTextControlTheme.m */ = {isa = PBXFileReference; fileEncoding = 4; lastKnownFileType = sourcecode.c.objc; path = DLAVAlertViewTextControlTheme.m; sourceTree = "<group>"; };
		769EEA7E19A8171500FF072E /* DLAVAlertViewTextFieldTheme.h */ = {isa = PBXFileReference; fileEncoding = 4; lastKnownFileType = sourcecode.c.h; path = DLAVAlertViewTextFieldTheme.h; sourceTree = "<group>"; };
		769EEA7F19A8171500FF072E /* DLAVAlertViewTextFieldTheme.m */ = {isa = PBXFileReference; fileEncoding = 4; lastKnownFileType = sourcecode.c.objc; path = DLAVAlertViewTextFieldTheme.m; sourceTree = "<group>"; };
		769EEA8019A8171500FF072E /* DLAVAlertViewTheme.h */ = {isa = PBXFileReference; fileEncoding = 4; lastKnownFileType = sourcecode.c.h; path = DLAVAlertViewTheme.h; sourceTree = "<group>"; };
		769EEA8119A8171500FF072E /* DLAVAlertViewTheme.m */ = {isa = PBXFileReference; fileEncoding = 4; lastKnownFileType = sourcecode.c.objc; path = DLAVAlertViewTheme.m; sourceTree = "<group>"; };
		769EEB0019AAC79600FF072E /* MakeFriendsPrefs.h */ = {isa = PBXFileReference; fileEncoding = 4; lastKnownFileType = sourcecode.c.h; path = MakeFriendsPrefs.h; sourceTree = "<group>"; };
		769EEB0119AAC79600FF072E /* MakeFriendsPrefs.m */ = {isa = PBXFileReference; fileEncoding = 4; lastKnownFileType = sourcecode.c.objc; path = MakeFriendsPrefs.m; sourceTree = "<group>"; };
		769EEB2719ABB89600FF072E /* FXForms.h */ = {isa = PBXFileReference; fileEncoding = 4; lastKnownFileType = sourcecode.c.h; path = FXForms.h; sourceTree = "<group>"; };
		769EEB2819ABB89600FF072E /* FXForms.m */ = {isa = PBXFileReference; fileEncoding = 4; lastKnownFileType = sourcecode.c.objc; path = FXForms.m; sourceTree = "<group>"; };
		769EEB2C19AC0C6B00FF072E /* SocialPrefs.m */ = {isa = PBXFileReference; fileEncoding = 4; lastKnownFileType = sourcecode.c.objc; path = SocialPrefs.m; sourceTree = "<group>"; };
		769EEB2E19AC0C7800FF072E /* SocialPrefs.h */ = {isa = PBXFileReference; fileEncoding = 4; lastKnownFileType = sourcecode.c.h; path = SocialPrefs.h; sourceTree = "<group>"; };
		769EEB3319AC11C100FF072E /* RelationshipPrefs.h */ = {isa = PBXFileReference; fileEncoding = 4; lastKnownFileType = sourcecode.c.h; path = RelationshipPrefs.h; sourceTree = "<group>"; };
		769EEB3419AC11C100FF072E /* RelationshipPrefs.m */ = {isa = PBXFileReference; fileEncoding = 4; lastKnownFileType = sourcecode.c.objc; path = RelationshipPrefs.m; sourceTree = "<group>"; };
		769EEB4C19AC2BD500FF072E /* VolunteeringPrefs.h */ = {isa = PBXFileReference; fileEncoding = 4; lastKnownFileType = sourcecode.c.h; path = VolunteeringPrefs.h; sourceTree = "<group>"; };
		769EEB4D19AC2C0500FF072E /* VolunteeringPrefs.m */ = {isa = PBXFileReference; fileEncoding = 4; lastKnownFileType = sourcecode.c.objc; path = VolunteeringPrefs.m; sourceTree = "<group>"; };
		76BD325F19DCC5C90054ED88 /* Post.h */ = {isa = PBXFileReference; fileEncoding = 4; lastKnownFileType = sourcecode.c.h; path = Post.h; sourceTree = "<group>"; };
		76BD326019DCC5C90054ED88 /* Post.m */ = {isa = PBXFileReference; fileEncoding = 4; lastKnownFileType = sourcecode.c.objc; path = Post.m; sourceTree = "<group>"; };
		76BD327B19DF7F6D0054ED88 /* RECommonFunctions.h */ = {isa = PBXFileReference; fileEncoding = 4; lastKnownFileType = sourcecode.c.h; path = RECommonFunctions.h; sourceTree = "<group>"; };
		76BD327C19DF7F6D0054ED88 /* RECommonFunctions.m */ = {isa = PBXFileReference; fileEncoding = 4; lastKnownFileType = sourcecode.c.objc; path = RECommonFunctions.m; sourceTree = "<group>"; };
		76C2B0F619F9DBD40010E98B /* VerveAPIBundle.bundle */ = {isa = PBXFileReference; explicitFileType = wrapper.cfbundle; includeInIndex = 0; path = VerveAPIBundle.bundle; sourceTree = BUILT_PRODUCTS_DIR; };
		76C2B0F919F9DBD40010E98B /* Info.plist */ = {isa = PBXFileReference; lastKnownFileType = text.plist.xml; path = Info.plist; sourceTree = "<group>"; };
		76C2B10219F9EBC60010E98B /* check.png */ = {isa = PBXFileReference; lastKnownFileType = image.png; path = check.png; sourceTree = "<group>"; };
		76C2B10319F9EBC60010E98B /* error.png */ = {isa = PBXFileReference; lastKnownFileType = image.png; path = error.png; sourceTree = "<group>"; };
		76C2B10419F9EBC60010E98B /* warning.png */ = {isa = PBXFileReference; lastKnownFileType = image.png; path = warning.png; sourceTree = "<group>"; };
		76E64EF719B631D10022F189 /* Group.h */ = {isa = PBXFileReference; fileEncoding = 4; lastKnownFileType = sourcecode.c.h; path = Group.h; sourceTree = "<group>"; };
		76E64EF819B631D10022F189 /* Group.m */ = {isa = PBXFileReference; fileEncoding = 4; lastKnownFileType = sourcecode.c.objc; path = Group.m; sourceTree = "<group>"; };
		76EF995F19FC507F00E15A14 /* EVCComposeViewController.h */ = {isa = PBXFileReference; fileEncoding = 4; lastKnownFileType = sourcecode.c.h; name = EVCComposeViewController.h; path = VerveAPI/EVCComposeViewController.h; sourceTree = "<group>"; };
		76EF996019FC507F00E15A14 /* EVCComposeViewController.m */ = {isa = PBXFileReference; fileEncoding = 4; lastKnownFileType = sourcecode.c.objc; name = EVCComposeViewController.m; path = VerveAPI/EVCComposeViewController.m; sourceTree = "<group>"; };
		76EF996119FC507F00E15A14 /* EVCComposeViewController_iPhone.xib */ = {isa = PBXFileReference; fileEncoding = 4; lastKnownFileType = file.xib; name = EVCComposeViewController_iPhone.xib; path = VerveAPI/EVCComposeViewController_iPhone.xib; sourceTree = "<group>"; };
		76EF997019FD40A300E15A14 /* GroupPrefs.h */ = {isa = PBXFileReference; fileEncoding = 4; lastKnownFileType = sourcecode.c.h; path = GroupPrefs.h; sourceTree = "<group>"; };
		76EF997119FD40A300E15A14 /* GroupPrefs.m */ = {isa = PBXFileReference; fileEncoding = 4; lastKnownFileType = sourcecode.c.objc; path = GroupPrefs.m; sourceTree = "<group>"; };
/* End PBXFileReference section */

/* Begin PBXFrameworksBuildPhase section */
		761D654919A15B680062B525 /* Frameworks */ = {
			isa = PBXFrameworksBuildPhase;
			buildActionMask = 2147483647;
			files = (
				769EEA7019A7A38500FF072E /* MobileCoreServices.framework in Frameworks */,
				769EEA3E19A6491F00FF072E /* QuartzCore.framework in Frameworks */,
				769EEA3D19A6491B00FF072E /* UIKit.framework in Frameworks */,
				761D655019A15B680062B525 /* Foundation.framework in Frameworks */,
			);
			runOnlyForDeploymentPostprocessing = 0;
		};
		76C2B0F319F9DBD40010E98B /* Frameworks */ = {
			isa = PBXFrameworksBuildPhase;
			buildActionMask = 2147483647;
			files = (
			);
			runOnlyForDeploymentPostprocessing = 0;
		};
/* End PBXFrameworksBuildPhase section */

/* Begin PBXGroup section */
		761D654319A15B680062B525 = {
			isa = PBXGroup;
			children = (
				761D655119A15B680062B525 /* VerveAPI */,
				76C2B0F719F9DBD40010E98B /* VerveAPIBundle */,
				761D654E19A15B680062B525 /* Frameworks */,
				761D654D19A15B680062B525 /* Products */,
			);
			sourceTree = "<group>";
		};
		761D654D19A15B680062B525 /* Products */ = {
			isa = PBXGroup;
			children = (
				761D654C19A15B680062B525 /* libVerveAPI.a */,
				76C2B0F619F9DBD40010E98B /* VerveAPIBundle.bundle */,
			);
			name = Products;
			sourceTree = "<group>";
		};
		761D654E19A15B680062B525 /* Frameworks */ = {
			isa = PBXGroup;
			children = (
				769EEA6F19A7A38500FF072E /* MobileCoreServices.framework */,
				769EEA3A19A6490600FF072E /* QuartzCore.framework */,
				769EEA3819A6490000FF072E /* UIKit.framework */,
				761D654F19A15B680062B525 /* Foundation.framework */,
				769EEA5D19A64CF000FF072E /* CoreFoundation.framework */,
				769EEA4A19A64CC600FF072E /* Other Frameworks */,
			);
			name = Frameworks;
			sourceTree = "<group>";
		};
		761D655119A15B680062B525 /* VerveAPI */ = {
			isa = PBXGroup;
			children = (
				7671FC881A0FC855000ECDAF /* EVCSearchEngine */,
				7671FC861A0F123C000ECDAF /* JoinGroup */,
				7671FC601A04525C000ECDAF /* UserSearch */,
				76C2B10A19F9F1F10010E98B /* EVCComposeViewController */,
				769EEB2619ABB89600FF072E /* FXForms */,
				769EE9F319A2B2DA00FF072E /* Other Headers */,
				769EEA7519A816F800FF072E /* DLAlertView */,
				769EEA2C19A646C600FF072E /* Toast */,
				769EEA1E19A55F0000FF072E /* SHViewPager */,
				761D65B019A1A6B00062B525 /* RESideMenu */,
				761D658319A15F9F0062B525 /* AFNetworking */,
				761D657E19A15EDC0062B525 /* API & Connectivity */,
				761D657F19A15EEE0062B525 /* Objects */,
				761D655219A15B680062B525 /* Supporting Files */,
			);
			path = VerveAPI;
			sourceTree = "<group>";
		};
		761D655219A15B680062B525 /* Supporting Files */ = {
			isa = PBXGroup;
			children = (
				761D655319A15B680062B525 /* VerveAPI-Prefix.pch */,
			);
			name = "Supporting Files";
			sourceTree = "<group>";
		};
		761D657E19A15EDC0062B525 /* API & Connectivity */ = {
			isa = PBXGroup;
			children = (
				761D657519A15BE90062B525 /* API.h */,
				761D657619A15BE90062B525 /* API.m */,
				761D657B19A15DF40062B525 /* Reachability.h */,
				761D657C19A15DF40062B525 /* Reachability.m */,
			);
			name = "API & Connectivity";
			sourceTree = "<group>";
		};
		761D657F19A15EEE0062B525 /* Objects */ = {
			isa = PBXGroup;
			children = (
				769EEB3219AC11A100FF072E /* Prefs */,
				761D658019A15F140062B525 /* VerveUser.h */,
				761D658119A15F140062B525 /* VerveUser.m */,
				76E64EF719B631D10022F189 /* Group.h */,
				76E64EF819B631D10022F189 /* Group.m */,
				76BD325F19DCC5C90054ED88 /* Post.h */,
				76BD326019DCC5C90054ED88 /* Post.m */,
			);
			name = Objects;
			sourceTree = "<group>";
		};
		761D658319A15F9F0062B525 /* AFNetworking */ = {
			isa = PBXGroup;
			children = (
				761D658419A15FD40062B525 /* AFHTTPRequestOperation.h */,
				761D658519A15FD40062B525 /* AFHTTPRequestOperation.m */,
				761D658619A15FD40062B525 /* AFHTTPRequestOperationManager.h */,
				761D658719A15FD40062B525 /* AFHTTPRequestOperationManager.m */,
				761D658819A15FD40062B525 /* AFHTTPSessionManager.h */,
				761D658919A15FD40062B525 /* AFHTTPSessionManager.m */,
				761D658A19A15FD40062B525 /* AFNetworking.h */,
				761D658B19A15FD40062B525 /* AFNetworkReachabilityManager.h */,
				761D658C19A15FD40062B525 /* AFNetworkReachabilityManager.m */,
				761D658D19A15FD40062B525 /* AFSecurityPolicy.h */,
				761D658E19A15FD40062B525 /* AFSecurityPolicy.m */,
				761D658F19A15FD40062B525 /* AFURLConnectionOperation.h */,
				761D659019A15FD40062B525 /* AFURLConnectionOperation.m */,
				761D659119A15FD40062B525 /* AFURLRequestSerialization.h */,
				761D659219A15FD40062B525 /* AFURLRequestSerialization.m */,
				761D659319A15FD40062B525 /* AFURLResponseSerialization.h */,
				761D659419A15FD40062B525 /* AFURLResponseSerialization.m */,
				761D659519A15FD40062B525 /* AFURLSessionManager.h */,
				761D659619A15FD40062B525 /* AFURLSessionManager.m */,
			);
			name = AFNetworking;
			sourceTree = "<group>";
		};
		761D65B019A1A6B00062B525 /* RESideMenu */ = {
			isa = PBXGroup;
			children = (
				76BD327B19DF7F6D0054ED88 /* RECommonFunctions.h */,
				76BD327C19DF7F6D0054ED88 /* RECommonFunctions.m */,
				761D65B319A1A6BC0062B525 /* RESideMenu.h */,
				761D65B419A1A6BC0062B525 /* RESideMenu.m */,
				761D65B519A1A6BC0062B525 /* UIViewController+RESideMenu.h */,
				761D65B619A1A6BC0062B525 /* UIViewController+RESideMenu.m */,
			);
			name = RESideMenu;
			sourceTree = "<group>";
		};
		7671FC601A04525C000ECDAF /* UserSearch */ = {
			isa = PBXGroup;
			children = (
				7671FC6F1A0DB4E9000ECDAF /* InviteUserToGroup */,
				7671FC641A06CE03000ECDAF /* EVCUserSearchViewViewController.h */,
				7671FC651A06CE04000ECDAF /* EVCUserSearchViewViewController.m */,
				7671FC661A06CE04000ECDAF /* EVCUserSearchViewViewController_iPhone.xib */,
			);
			name = UserSearch;
			sourceTree = "<group>";
		};
		7671FC6F1A0DB4E9000ECDAF /* InviteUserToGroup */ = {
			isa = PBXGroup;
			children = (
				7671FC701A0DB515000ECDAF /* EVCUserInviteViewController.h */,
				7671FC711A0DB515000ECDAF /* EVCUserInviteViewController.m */,
				7671FC721A0DB515000ECDAF /* EVCUserInviteViewController_iPhone.xib */,
			);
			name = InviteUserToGroup;
			sourceTree = "<group>";
		};
		7671FC861A0F123C000ECDAF /* JoinGroup */ = {
			isa = PBXGroup;
			children = (
				7671FC891A0FD8AA000ECDAF /* EVCGroupSearchViewViewController.h */,
				7671FC8A1A0FD8AA000ECDAF /* EVCGroupSearchViewViewController.m */,
				7671FC8B1A0FD8AA000ECDAF /* EVCGroupSearchViewViewController_iPhone.xib */,
			);
			name = JoinGroup;
			sourceTree = "<group>";
		};
		7671FC881A0FC855000ECDAF /* EVCSearchEngine */ = {
			isa = PBXGroup;
			children = (
				7671FC611A04528D000ECDAF /* EVCSearchEngine.h */,
				7671FC621A04528D000ECDAF /* EVCSearchEngine.m */,
			);
			name = EVCSearchEngine;
			sourceTree = "<group>";
		};
		769EE9F319A2B2DA00FF072E /* Other Headers */ = {
			isa = PBXGroup;
			children = (
				769EE9F719A2B6AB00FF072E /* Constants.h */,
			);
			name = "Other Headers";
			sourceTree = "<group>";
		};
		769EEA1E19A55F0000FF072E /* SHViewPager */ = {
			isa = PBXGroup;
			children = (
				769EEA1F19A55F1100FF072E /* SHViewPager.h */,
				769EEA2019A55F1100FF072E /* SHViewPager.m */,
				769EEA2119A55F1100FF072E /* SHViewPagerController.h */,
				769EEA2219A55F1100FF072E /* SHViewPagerController.m */,
			);
			name = SHViewPager;
			sourceTree = "<group>";
		};
		769EEA2C19A646C600FF072E /* Toast */ = {
			isa = PBXGroup;
			children = (
				769EEA2D19A646FC00FF072E /* UIView+Toast.h */,
				769EEA2E19A646FC00FF072E /* UIView+Toast.m */,
			);
			name = Toast;
			sourceTree = "<group>";
		};
		769EEA4A19A64CC600FF072E /* Other Frameworks */ = {
			isa = PBXGroup;
			children = (
				769EEA4B19A64CC600FF072E /* Foundation.framework */,
				769EEA4C19A64CC600FF072E /* CoreData.framework */,
				769EEA4D19A64CC600FF072E /* AppKit.framework */,
			);
			name = "Other Frameworks";
			sourceTree = "<group>";
		};
		769EEA7519A816F800FF072E /* DLAlertView */ = {
			isa = PBXGroup;
			children = (
				769EEA7619A8171500FF072E /* DLAVAlertView.h */,
				769EEA7719A8171500FF072E /* DLAVAlertView.m */,
				769EEA7819A8171500FF072E /* DLAVAlertViewButtonTheme.h */,
				769EEA7919A8171500FF072E /* DLAVAlertViewButtonTheme.m */,
				769EEA7A19A8171500FF072E /* DLAVAlertViewController.h */,
				769EEA7B19A8171500FF072E /* DLAVAlertViewController.m */,
				769EEA7C19A8171500FF072E /* DLAVAlertViewTextControlTheme.h */,
				769EEA7D19A8171500FF072E /* DLAVAlertViewTextControlTheme.m */,
				769EEA7E19A8171500FF072E /* DLAVAlertViewTextFieldTheme.h */,
				769EEA7F19A8171500FF072E /* DLAVAlertViewTextFieldTheme.m */,
				769EEA8019A8171500FF072E /* DLAVAlertViewTheme.h */,
				769EEA8119A8171500FF072E /* DLAVAlertViewTheme.m */,
			);
			name = DLAlertView;
			sourceTree = "<group>";
		};
		769EEB2619ABB89600FF072E /* FXForms */ = {
			isa = PBXGroup;
			children = (
				769EEB2719ABB89600FF072E /* FXForms.h */,
				769EEB2819ABB89600FF072E /* FXForms.m */,
			);
			path = FXForms;
			sourceTree = "<group>";
		};
		769EEB3219AC11A100FF072E /* Prefs */ = {
			isa = PBXGroup;
			children = (
				769EEB0019AAC79600FF072E /* MakeFriendsPrefs.h */,
				769EEB0119AAC79600FF072E /* MakeFriendsPrefs.m */,
				769EEB4C19AC2BD500FF072E /* VolunteeringPrefs.h */,
				769EEB4D19AC2C0500FF072E /* VolunteeringPrefs.m */,
				769EEB2E19AC0C7800FF072E /* SocialPrefs.h */,
				769EEB2C19AC0C6B00FF072E /* SocialPrefs.m */,
				769EEB3319AC11C100FF072E /* RelationshipPrefs.h */,
				769EEB3419AC11C100FF072E /* RelationshipPrefs.m */,
				76EF997019FD40A300E15A14 /* GroupPrefs.h */,
				76EF997119FD40A300E15A14 /* GroupPrefs.m */,
			);
			name = Prefs;
			sourceTree = "<group>";
		};
		76C2B0F719F9DBD40010E98B /* VerveAPIBundle */ = {
			isa = PBXGroup;
			children = (
				76C2B10219F9EBC60010E98B /* check.png */,
				76C2B10319F9EBC60010E98B /* error.png */,
				76C2B10419F9EBC60010E98B /* warning.png */,
				7671FC901A0FE3B0000ECDAF /* search-25.png */,
				7671FC841A0E74A4000ECDAF /* default-avatar.png */,
				7671FC751A0DB740000ECDAF /* message-25.png */,
				7671FC771A0DB7C6000ECDAF /* chat-25.png */,
				76C2B0F819F9DBD40010E98B /* Supporting Files */,
			);
			path = VerveAPIBundle;
			sourceTree = "<group>";
		};
		76C2B0F819F9DBD40010E98B /* Supporting Files */ = {
			isa = PBXGroup;
			children = (
				76C2B0F919F9DBD40010E98B /* Info.plist */,
			);
			name = "Supporting Files";
			sourceTree = "<group>";
		};
		76C2B10A19F9F1F10010E98B /* EVCComposeViewController */ = {
			isa = PBXGroup;
			children = (
				76EF995F19FC507F00E15A14 /* EVCComposeViewController.h */,
				76EF996019FC507F00E15A14 /* EVCComposeViewController.m */,
				76EF996119FC507F00E15A14 /* EVCComposeViewController_iPhone.xib */,
			);
			name = EVCComposeViewController;
			path = ..;
			sourceTree = "<group>";
		};
/* End PBXGroup section */

/* Begin PBXNativeTarget section */
		761D654B19A15B680062B525 /* VerveAPI */ = {
			isa = PBXNativeTarget;
			buildConfigurationList = 761D656F19A15B680062B525 /* Build configuration list for PBXNativeTarget "VerveAPI" */;
			buildPhases = (
				761D654819A15B680062B525 /* Sources */,
				761D654919A15B680062B525 /* Frameworks */,
				761D654A19A15B680062B525 /* CopyFiles */,
			);
			buildRules = (
			);
			dependencies = (
			);
			name = VerveAPI;
			productName = VerveAPI;
			productReference = 761D654C19A15B680062B525 /* libVerveAPI.a */;
			productType = "com.apple.product-type.library.static";
		};
		76C2B0F519F9DBD40010E98B /* VerveAPIBundle */ = {
			isa = PBXNativeTarget;
			buildConfigurationList = 76C2B0FA19F9DBD40010E98B /* Build configuration list for PBXNativeTarget "VerveAPIBundle" */;
			buildPhases = (
				76C2B0F219F9DBD40010E98B /* Sources */,
				76C2B0F319F9DBD40010E98B /* Frameworks */,
				76C2B0F419F9DBD40010E98B /* Resources */,
			);
			buildRules = (
			);
			dependencies = (
			);
			name = VerveAPIBundle;
			productName = VerveAPIBundle;
			productReference = 76C2B0F619F9DBD40010E98B /* VerveAPIBundle.bundle */;
			productType = "com.apple.product-type.bundle";
		};
/* End PBXNativeTarget section */

/* Begin PBXProject section */
		761D654419A15B680062B525 /* Project object */ = {
			isa = PBXProject;
			attributes = {
				LastUpgradeCheck = 0600;
				ORGANIZATIONNAME = eVerveCorp;
				TargetAttributes = {
					7671FC791A0DBE9F000ECDAF = {
						CreatedOnToolsVersion = 6.1;
					};
					76C2B0F519F9DBD40010E98B = {
						CreatedOnToolsVersion = 6.0.1;
					};
				};
			};
			buildConfigurationList = 761D654719A15B680062B525 /* Build configuration list for PBXProject "VerveAPI" */;
			compatibilityVersion = "Xcode 3.2";
			developmentRegion = English;
			hasScannedForEncodings = 0;
			knownRegions = (
				en,
			);
			mainGroup = 761D654319A15B680062B525;
			productRefGroup = 761D654D19A15B680062B525 /* Products */;
			projectDirPath = "";
			projectRoot = "";
			targets = (
				761D654B19A15B680062B525 /* VerveAPI */,
				76C2B0F519F9DBD40010E98B /* VerveAPIBundle */,
				7671FC791A0DBE9F000ECDAF /* VerveAPITarget */,
			);
		};
/* End PBXProject section */

/* Begin PBXResourcesBuildPhase section */
		76C2B0F419F9DBD40010E98B /* Resources */ = {
			isa = PBXResourcesBuildPhase;
			buildActionMask = 2147483647;
			files = (
				7671FC6E1A06FA52000ECDAF /* EVCUserSearchViewViewController_iPhone.xib in Resources */,
				76EF996319FC664C00E15A14 /* EVCComposeViewController_iPhone.xib in Resources */,
				7671FC781A0DB7C6000ECDAF /* chat-25.png in Resources */,
				7671FC761A0DB740000ECDAF /* message-25.png in Resources */,
				7671FC911A0FE3B0000ECDAF /* search-25.png in Resources */,
				76C2B10719F9EBC60010E98B /* warning.png in Resources */,
				7671FC741A0DB51F000ECDAF /* EVCUserInviteViewController_iPhone.xib in Resources */,
				7671FC8D1A0FD8B9000ECDAF /* EVCGroupSearchViewViewController_iPhone.xib in Resources */,
				7671FC851A0E74A5000ECDAF /* default-avatar.png in Resources */,
				76C2B10619F9EBC60010E98B /* error.png in Resources */,
				76C2B10519F9EBC60010E98B /* check.png in Resources */,
			);
			runOnlyForDeploymentPostprocessing = 0;
		};
/* End PBXResourcesBuildPhase section */

/* Begin PBXSourcesBuildPhase section */
		761D654819A15B680062B525 /* Sources */ = {
			isa = PBXSourcesBuildPhase;
			buildActionMask = 2147483647;
			files = (
				769EEB2A19ABBBD800FF072E /* FXForms.m in Sources */,
				769EEA2F19A646FC00FF072E /* UIView+Toast.m in Sources */,
				761D659719A15FD40062B525 /* AFHTTPRequestOperation.m in Sources */,
				7671FC731A0DB515000ECDAF /* EVCUserInviteViewController.m in Sources */,
				769EEB2D19AC0C6B00FF072E /* SocialPrefs.m in Sources */,
				761D657D19A15DF40062B525 /* Reachability.m in Sources */,
				761D65B919A1A6BC0062B525 /* UIViewController+RESideMenu.m in Sources */,
				76BD326119DCC5C90054ED88 /* Post.m in Sources */,
				76EF997219FD40A300E15A14 /* GroupPrefs.m in Sources */,
				76BD327D19DF7F6D0054ED88 /* RECommonFunctions.m in Sources */,
				76EF996219FC507F00E15A14 /* EVCComposeViewController.m in Sources */,
				7671FC671A06CE04000ECDAF /* EVCUserSearchViewViewController.m in Sources */,
				761D659819A15FD40062B525 /* AFHTTPRequestOperationManager.m in Sources */,
				761D659A19A15FD40062B525 /* AFNetworkReachabilityManager.m in Sources */,
				761D659E19A15FD40062B525 /* AFURLResponseSerialization.m in Sources */,
				7671FC8C1A0FD8AA000ECDAF /* EVCGroupSearchViewViewController.m in Sources */,
				761D65B819A1A6BC0062B525 /* RESideMenu.m in Sources */,
				769EEA8619A8171500FF072E /* DLAVAlertViewTextFieldTheme.m in Sources */,
				761D659C19A15FD40062B525 /* AFURLConnectionOperation.m in Sources */,
				769EEB4E19AC2C0500FF072E /* VolunteeringPrefs.m in Sources */,
				769EEA8419A8171500FF072E /* DLAVAlertViewController.m in Sources */,
				769EEB0219AAC79600FF072E /* MakeFriendsPrefs.m in Sources */,
				769EEA8519A8171500FF072E /* DLAVAlertViewTextControlTheme.m in Sources */,
				761D659B19A15FD40062B525 /* AFSecurityPolicy.m in Sources */,
				761D659919A15FD40062B525 /* AFHTTPSessionManager.m in Sources */,
				761D659D19A15FD40062B525 /* AFURLRequestSerialization.m in Sources */,
				761D659F19A15FD40062B525 /* AFURLSessionManager.m in Sources */,
				769EEB3519AC11C100FF072E /* RelationshipPrefs.m in Sources */,
				7671FC631A04528D000ECDAF /* EVCSearchEngine.m in Sources */,
				769EEA8319A8171500FF072E /* DLAVAlertViewButtonTheme.m in Sources */,
				769EEA2419A55F1100FF072E /* SHViewPagerController.m in Sources */,
				769EEA8219A8171500FF072E /* DLAVAlertView.m in Sources */,
				769EEA8719A8171500FF072E /* DLAVAlertViewTheme.m in Sources */,
				769EEA2319A55F1100FF072E /* SHViewPager.m in Sources */,
				76E64EF919B631D10022F189 /* Group.m in Sources */,
				761D657719A15BE90062B525 /* API.m in Sources */,
				761D658219A15F140062B525 /* VerveUser.m in Sources */,
			);
			runOnlyForDeploymentPostprocessing = 0;
		};
		76C2B0F219F9DBD40010E98B /* Sources */ = {
			isa = PBXSourcesBuildPhase;
			buildActionMask = 2147483647;
			files = (
			);
			runOnlyForDeploymentPostprocessing = 0;
		};
/* End PBXSourcesBuildPhase section */

/* Begin PBXTargetDependency section */
		7671FC7E1A0DBEE6000ECDAF /* PBXTargetDependency */ = {
			isa = PBXTargetDependency;
			target = 761D654B19A15B680062B525 /* VerveAPI */;
			targetProxy = 7671FC7D1A0DBEE6000ECDAF /* PBXContainerItemProxy */;
		};
		7671FC801A0DBEE9000ECDAF /* PBXTargetDependency */ = {
			isa = PBXTargetDependency;
			target = 76C2B0F519F9DBD40010E98B /* VerveAPIBundle */;
			targetProxy = 7671FC7F1A0DBEE9000ECDAF /* PBXContainerItemProxy */;
		};
/* End PBXTargetDependency section */

/* Begin XCBuildConfiguration section */
		761D656D19A15B680062B525 /* Debug */ = {
			isa = XCBuildConfiguration;
			buildSettings = {
				ALWAYS_SEARCH_USER_PATHS = NO;
				CLANG_CXX_LANGUAGE_STANDARD = "gnu++0x";
				CLANG_CXX_LIBRARY = "libc++";
				CLANG_ENABLE_MODULES = YES;
				CLANG_ENABLE_OBJC_ARC = YES;
				CLANG_WARN_BOOL_CONVERSION = YES;
				CLANG_WARN_CONSTANT_CONVERSION = YES;
				CLANG_WARN_DIRECT_OBJC_ISA_USAGE = YES_ERROR;
				CLANG_WARN_EMPTY_BODY = YES;
				CLANG_WARN_ENUM_CONVERSION = YES;
				CLANG_WARN_INT_CONVERSION = YES;
				CLANG_WARN_OBJC_ROOT_CLASS = YES_ERROR;
				CLANG_WARN__DUPLICATE_METHOD_MATCH = YES;
				COPY_PHASE_STRIP = NO;
				GCC_C_LANGUAGE_STANDARD = gnu99;
				GCC_DYNAMIC_NO_PIC = NO;
				GCC_OPTIMIZATION_LEVEL = 0;
				GCC_PREPROCESSOR_DEFINITIONS = (
					"DEBUG=1",
					"$(inherited)",
				);
				GCC_SYMBOLS_PRIVATE_EXTERN = NO;
				GCC_WARN_64_TO_32_BIT_CONVERSION = YES;
				GCC_WARN_ABOUT_RETURN_TYPE = YES_ERROR;
				GCC_WARN_UNDECLARED_SELECTOR = YES;
				GCC_WARN_UNINITIALIZED_AUTOS = YES_AGGRESSIVE;
				GCC_WARN_UNUSED_FUNCTION = YES;
				GCC_WARN_UNUSED_VARIABLE = YES;
				IPHONEOS_DEPLOYMENT_TARGET = 7.1;
				ONLY_ACTIVE_ARCH = YES;
				SDKROOT = iphoneos;
			};
			name = Debug;
		};
		761D656E19A15B680062B525 /* Release */ = {
			isa = XCBuildConfiguration;
			buildSettings = {
				ALWAYS_SEARCH_USER_PATHS = NO;
				CLANG_CXX_LANGUAGE_STANDARD = "gnu++0x";
				CLANG_CXX_LIBRARY = "libc++";
				CLANG_ENABLE_MODULES = YES;
				CLANG_ENABLE_OBJC_ARC = YES;
				CLANG_WARN_BOOL_CONVERSION = YES;
				CLANG_WARN_CONSTANT_CONVERSION = YES;
				CLANG_WARN_DIRECT_OBJC_ISA_USAGE = YES_ERROR;
				CLANG_WARN_EMPTY_BODY = YES;
				CLANG_WARN_ENUM_CONVERSION = YES;
				CLANG_WARN_INT_CONVERSION = YES;
				CLANG_WARN_OBJC_ROOT_CLASS = YES_ERROR;
				CLANG_WARN__DUPLICATE_METHOD_MATCH = YES;
				COPY_PHASE_STRIP = YES;
				ENABLE_NS_ASSERTIONS = NO;
				GCC_C_LANGUAGE_STANDARD = gnu99;
				GCC_WARN_64_TO_32_BIT_CONVERSION = YES;
				GCC_WARN_ABOUT_RETURN_TYPE = YES_ERROR;
				GCC_WARN_UNDECLARED_SELECTOR = YES;
				GCC_WARN_UNINITIALIZED_AUTOS = YES_AGGRESSIVE;
				GCC_WARN_UNUSED_FUNCTION = YES;
				GCC_WARN_UNUSED_VARIABLE = YES;
				IPHONEOS_DEPLOYMENT_TARGET = 7.1;
				SDKROOT = iphoneos;
				VALIDATE_PRODUCT = YES;
			};
			name = Release;
		};
		761D657019A15B680062B525 /* Debug */ = {
			isa = XCBuildConfiguration;
			buildSettings = {
				CLANG_ENABLE_MODULES = YES;
				DSTROOT = /tmp/VerveAPI.dst;
				FRAMEWORK_SEARCH_PATHS = (
					"$(inherited)",
					"/Users/balabhv/MyDailyBeat-iOS/MyDailyBeat",
				);
				GCC_PRECOMPILE_PREFIX_HEADER = YES;
				GCC_PREFIX_HEADER = "VerveAPI/VerveAPI-Prefix.pch";
				LD_RUNPATH_SEARCH_PATHS = "$(inherited) @executable_path/Frameworks @loader_path/Frameworks";
				OTHER_LDFLAGS = "-ObjC";
				PRODUCT_NAME = "$(TARGET_NAME)";
				PUBLIC_HEADERS_FOLDER_PATH = "";
				SKIP_INSTALL = YES;
				SWIFT_OBJC_BRIDGING_HEADER = "VerveAPI-Bridging-Header.h";
				SWIFT_OPTIMIZATION_LEVEL = "-Onone";
			};
			name = Debug;
		};
		761D657119A15B680062B525 /* Release */ = {
			isa = XCBuildConfiguration;
			buildSettings = {
				CLANG_ENABLE_MODULES = YES;
				DSTROOT = /tmp/VerveAPI.dst;
				FRAMEWORK_SEARCH_PATHS = (
					"$(inherited)",
					"/Users/balabhv/MyDailyBeat-iOS/MyDailyBeat",
				);
				GCC_PRECOMPILE_PREFIX_HEADER = YES;
				GCC_PREFIX_HEADER = "VerveAPI/VerveAPI-Prefix.pch";
				LD_RUNPATH_SEARCH_PATHS = "$(inherited) @executable_path/Frameworks @loader_path/Frameworks";
				OTHER_LDFLAGS = "-ObjC";
				PRODUCT_NAME = "$(TARGET_NAME)";
				PUBLIC_HEADERS_FOLDER_PATH = "";
				SKIP_INSTALL = YES;
				SWIFT_OBJC_BRIDGING_HEADER = "VerveAPI-Bridging-Header.h";
			};
			name = Release;
		};
		7671FC7B1A0DBEA0000ECDAF /* Debug */ = {
			isa = XCBuildConfiguration;
			buildSettings = {
				PRODUCT_NAME = "$(TARGET_NAME)";
			};
			name = Debug;
		};
		7671FC7C1A0DBEA0000ECDAF /* Release */ = {
			isa = XCBuildConfiguration;
			buildSettings = {
				PRODUCT_NAME = "$(TARGET_NAME)";
			};
			name = Release;
		};
		76C2B0FB19F9DBD40010E98B /* Debug */ = {
			isa = XCBuildConfiguration;
			buildSettings = {
				CLANG_WARN_UNREACHABLE_CODE = YES;
				COMBINE_HIDPI_IMAGES = YES;
				ENABLE_STRICT_OBJC_MSGSEND = YES;
				GCC_PREPROCESSOR_DEFINITIONS = (
					"DEBUG=1",
					"$(inherited)",
				);
				INFOPLIST_FILE = VerveAPIBundle/Info.plist;
				MTL_ENABLE_DEBUG_INFO = YES;
				PRODUCT_NAME = "$(TARGET_NAME)";
				SDKROOT = iphoneos;
				SKIP_INSTALL = YES;
				WRAPPER_EXTENSION = bundle;
			};
			name = Debug;
		};
		76C2B0FC19F9DBD40010E98B /* Release */ = {
			isa = XCBuildConfiguration;
			buildSettings = {
				CLANG_WARN_UNREACHABLE_CODE = YES;
				COMBINE_HIDPI_IMAGES = YES;
				DEBUG_INFORMATION_FORMAT = "dwarf-with-dsym";
				ENABLE_STRICT_OBJC_MSGSEND = YES;
				INFOPLIST_FILE = VerveAPIBundle/Info.plist;
				MTL_ENABLE_DEBUG_INFO = NO;
				PRODUCT_NAME = "$(TARGET_NAME)";
				SDKROOT = iphoneos;
				SKIP_INSTALL = YES;
				WRAPPER_EXTENSION = bundle;
			};
			name = Release;
		};
/* End XCBuildConfiguration section */

/* Begin XCConfigurationList section */
		761D654719A15B680062B525 /* Build configuration list for PBXProject "VerveAPI" */ = {
			isa = XCConfigurationList;
			buildConfigurations = (
				761D656D19A15B680062B525 /* Debug */,
				761D656E19A15B680062B525 /* Release */,
			);
			defaultConfigurationIsVisible = 0;
			defaultConfigurationName = Release;
		};
		761D656F19A15B680062B525 /* Build configuration list for PBXNativeTarget "VerveAPI" */ = {
			isa = XCConfigurationList;
			buildConfigurations = (
				761D657019A15B680062B525 /* Debug */,
				761D657119A15B680062B525 /* Release */,
			);
			defaultConfigurationIsVisible = 0;
			defaultConfigurationName = Release;
		};
		7671FC7A1A0DBEA0000ECDAF /* Build configuration list for PBXAggregateTarget "VerveAPITarget" */ = {
			isa = XCConfigurationList;
			buildConfigurations = (
				7671FC7B1A0DBEA0000ECDAF /* Debug */,
				7671FC7C1A0DBEA0000ECDAF /* Release */,
			);
			defaultConfigurationIsVisible = 0;
		};
		76C2B0FA19F9DBD40010E98B /* Build configuration list for PBXNativeTarget "VerveAPIBundle" */ = {
			isa = XCConfigurationList;
			buildConfigurations = (
				76C2B0FB19F9DBD40010E98B /* Debug */,
				76C2B0FC19F9DBD40010E98B /* Release */,
			);
			defaultConfigurationIsVisible = 0;
			defaultConfigurationName = Release;
		};
/* End XCConfigurationList section */
	};
	rootObject = 761D654419A15B680062B525 /* Project object */;
}
