// !$*UTF8*$!
{
	archiveVersion = 1;
	classes = {
	};
	objectVersion = 46;
	objects = {

/* Begin PBXBuildFile section */
		761D650C19A15A4D0062B525 /* Foundation.framework in Frameworks */ = {isa = PBXBuildFile; fileRef = 761D650B19A15A4D0062B525 /* Foundation.framework */; };
		761D650E19A15A4D0062B525 /* CoreGraphics.framework in Frameworks */ = {isa = PBXBuildFile; fileRef = 761D650D19A15A4D0062B525 /* CoreGraphics.framework */; };
		761D651019A15A4D0062B525 /* UIKit.framework in Frameworks */ = {isa = PBXBuildFile; fileRef = 761D650F19A15A4D0062B525 /* UIKit.framework */; };
		761D651619A15A4D0062B525 /* InfoPlist.strings in Resources */ = {isa = PBXBuildFile; fileRef = 761D651419A15A4D0062B525 /* InfoPlist.strings */; };
		761D651819A15A4D0062B525 /* main.m in Sources */ = {isa = PBXBuildFile; fileRef = 761D651719A15A4D0062B525 /* main.m */; };
		761D651C19A15A4D0062B525 /* EVCAppDelegate.m in Sources */ = {isa = PBXBuildFile; fileRef = 761D651B19A15A4D0062B525 /* EVCAppDelegate.m */; };
		761D652519A15A4D0062B525 /* EVCViewController.m in Sources */ = {isa = PBXBuildFile; fileRef = 761D652419A15A4D0062B525 /* EVCViewController.m */; };
		761D652719A15A4D0062B525 /* Images.xcassets in Resources */ = {isa = PBXBuildFile; fileRef = 761D652619A15A4D0062B525 /* Images.xcassets */; };
		761D65AB19A1606C0062B525 /* libVerveAPI.a in Frameworks */ = {isa = PBXBuildFile; fileRef = 761D65A619A1600C0062B525 /* libVerveAPI.a */; };
		761D65AD19A19E090062B525 /* 1408346500_menu-alt.png in Resources */ = {isa = PBXBuildFile; fileRef = 761D65AC19A19E090062B525 /* 1408346500_menu-alt.png */; };
		761D65AF19A1A5520062B525 /* EVCViewController_iPhone.xib in Resources */ = {isa = PBXBuildFile; fileRef = 761D65AE19A1A5520062B525 /* EVCViewController_iPhone.xib */; };
		7636F6B919CF25DB000B68B0 /* EVCProfileViewController.m in Sources */ = {isa = PBXBuildFile; fileRef = 7636F6B719CF25DB000B68B0 /* EVCProfileViewController.m */; };
		7636F6BA19CF25DB000B68B0 /* EVCProfileViewController_iPhone.xib in Resources */ = {isa = PBXBuildFile; fileRef = 7636F6B819CF25DB000B68B0 /* EVCProfileViewController_iPhone.xib */; };
		7636F6BF19CF7B0F000B68B0 /* user-50.png in Resources */ = {isa = PBXBuildFile; fileRef = 7636F6BE19CF7B0F000B68B0 /* user-50.png */; };
		7636F6C319CF9074000B68B0 /* EVCUpdateProfileViewController.m in Sources */ = {isa = PBXBuildFile; fileRef = 7636F6C119CF9074000B68B0 /* EVCUpdateProfileViewController.m */; };
		7636F6C419CF9074000B68B0 /* EVCUpdateProfileViewController_iPhone.xib in Resources */ = {isa = PBXBuildFile; fileRef = 7636F6C219CF9074000B68B0 /* EVCUpdateProfileViewController_iPhone.xib */; };
		7636F6C619D38EE1000B68B0 /* IQKeyboardManager.bundle in Resources */ = {isa = PBXBuildFile; fileRef = 7636F6C519D38EE1000B68B0 /* IQKeyboardManager.bundle */; };
		7636F6CA19D4D881000B68B0 /* EVCGroupViewController.m in Sources */ = {isa = PBXBuildFile; fileRef = 7636F6C819D4D881000B68B0 /* EVCGroupViewController.m */; };
		7636F6CB19D4D881000B68B0 /* EVCGroupViewController_iPhone.xib in Resources */ = {isa = PBXBuildFile; fileRef = 7636F6C919D4D881000B68B0 /* EVCGroupViewController_iPhone.xib */; };
		7636F6D119D501FD000B68B0 /* texture.png in Resources */ = {isa = PBXBuildFile; fileRef = 7636F6D019D501FD000B68B0 /* texture.png */; };
		7667E73F1A241F0E00B006D5 /* menubg.jpg in Resources */ = {isa = PBXBuildFile; fileRef = 7667E73E1A241F0E00B006D5 /* menubg.jpg */; };
		766A7D4F1A900A5E00B6C81E /* EVCHeader.png in Resources */ = {isa = PBXBuildFile; fileRef = 766A7D4E1A900A5E00B6C81E /* EVCHeader.png */; };
		766A7D511A900C0400B6C81E /* Default-568h@2x.png in Resources */ = {isa = PBXBuildFile; fileRef = 766A7D501A900C0400B6C81E /* Default-568h@2x.png */; };
		766A7D531A923CE200B6C81E /* profile-icon.png in Resources */ = {isa = PBXBuildFile; fileRef = 766A7D521A923CE200B6C81E /* profile-icon.png */; };
		766A7D551A923CFF00B6C81E /* menu-icon.png in Resources */ = {isa = PBXBuildFile; fileRef = 766A7D541A923CFF00B6C81E /* menu-icon.png */; };
		766A7D601A923FB100B6C81E /* messages-green.png in Resources */ = {isa = PBXBuildFile; fileRef = 766A7D581A923FB100B6C81E /* messages-green.png */; };
		766A7D611A923FB100B6C81E /* messages-yellow.png in Resources */ = {isa = PBXBuildFile; fileRef = 766A7D591A923FB100B6C81E /* messages-yellow.png */; };
		766A7D621A923FB100B6C81E /* profile-green.png in Resources */ = {isa = PBXBuildFile; fileRef = 766A7D5A1A923FB100B6C81E /* profile-green.png */; };
		766A7D631A923FB100B6C81E /* profile-yellow.png in Resources */ = {isa = PBXBuildFile; fileRef = 766A7D5B1A923FB100B6C81E /* profile-yellow.png */; };
		766A7D641A923FB100B6C81E /* search-green.png in Resources */ = {isa = PBXBuildFile; fileRef = 766A7D5C1A923FB100B6C81E /* search-green.png */; };
		766A7D651A923FB100B6C81E /* search-yellow.png in Resources */ = {isa = PBXBuildFile; fileRef = 766A7D5D1A923FB100B6C81E /* search-yellow.png */; };
		766A7D661A923FB100B6C81E /* view-partners-green.png in Resources */ = {isa = PBXBuildFile; fileRef = 766A7D5E1A923FB100B6C81E /* view-partners-green.png */; };
		766A7D671A923FB100B6C81E /* view-partners-yellow.png in Resources */ = {isa = PBXBuildFile; fileRef = 766A7D5F1A923FB100B6C81E /* view-partners-yellow.png */; };
		766A7D6A1A92419800B6C81E /* favorite-icon-green.png in Resources */ = {isa = PBXBuildFile; fileRef = 766A7D681A92419800B6C81E /* favorite-icon-green.png */; };
		766A7D6B1A92419800B6C81E /* favorite-icon-yellow.png in Resources */ = {isa = PBXBuildFile; fileRef = 766A7D691A92419800B6C81E /* favorite-icon-yellow.png */; };
		766DEF7A1A4BC2870049CA2A /* EVCChatroomTableViewController.m in Sources */ = {isa = PBXBuildFile; fileRef = 766DEF791A4BC2870049CA2A /* EVCChatroomTableViewController.m */; };
		766DEF7E1A4BC6180049CA2A /* EVCChatroomTableViewController.xib in Resources */ = {isa = PBXBuildFile; fileRef = 766DEF7D1A4BC6180049CA2A /* EVCChatroomTableViewController.xib */; };
		766DEF821A4BC8060049CA2A /* EVCChatroomCell.m in Sources */ = {isa = PBXBuildFile; fileRef = 766DEF801A4BC8060049CA2A /* EVCChatroomCell.m */; };
		766DEF831A4BC8060049CA2A /* EVCChatroomCell.xib in Resources */ = {isa = PBXBuildFile; fileRef = 766DEF811A4BC8060049CA2A /* EVCChatroomCell.xib */; };
		767000E01A7AFB04005F9DC4 /* EVCShoppingFavoritesTableViewController.m in Sources */ = {isa = PBXBuildFile; fileRef = 767000DE1A7AFB04005F9DC4 /* EVCShoppingFavoritesTableViewController.m */; };
		767000E11A7AFB04005F9DC4 /* EVCShoppingFavoritesTableViewController.xib in Resources */ = {isa = PBXBuildFile; fileRef = 767000DF1A7AFB04005F9DC4 /* EVCShoppingFavoritesTableViewController.xib */; };
		7671FC5A19FDCE28000ECDAF /* user-50_white.png in Resources */ = {isa = PBXBuildFile; fileRef = 7671FC5919FDCE28000ECDAF /* user-50_white.png */; };
		7671FC5F19FF316B000ECDAF /* delete_sign-25.png in Resources */ = {isa = PBXBuildFile; fileRef = 7671FC5E19FF316B000ECDAF /* delete_sign-25.png */; };
		7671FC6D1A06F81D000ECDAF /* add_user-25.png in Resources */ = {isa = PBXBuildFile; fileRef = 7671FC6C1A06F81C000ECDAF /* add_user-25.png */; };
		768AFF371A7540AA0055F258 /* EVCShoppingViewController.m in Sources */ = {isa = PBXBuildFile; fileRef = 768AFF351A7540AA0055F258 /* EVCShoppingViewController.m */; };
		768AFF381A7540AA0055F258 /* EVCShoppingViewController.xib in Resources */ = {isa = PBXBuildFile; fileRef = 768AFF361A7540AA0055F258 /* EVCShoppingViewController.xib */; };
		768AFF3E1A754E300055F258 /* EVCShoppingSearchViewController.m in Sources */ = {isa = PBXBuildFile; fileRef = 768AFF3C1A754E300055F258 /* EVCShoppingSearchViewController.m */; };
		768AFF3F1A754E300055F258 /* EVCShoppingSearchViewController.xib in Resources */ = {isa = PBXBuildFile; fileRef = 768AFF3D1A754E300055F258 /* EVCShoppingSearchViewController.xib */; };
		769B0A8F1A59F22C00BB287E /* EVCFlingProfileCreatorViewController.m in Sources */ = {isa = PBXBuildFile; fileRef = 769B0A8D1A59F22B00BB287E /* EVCFlingProfileCreatorViewController.m */; };
		769B0A901A59F22C00BB287E /* EVCFlingProfileCreatorViewController.xib in Resources */ = {isa = PBXBuildFile; fileRef = 769B0A8E1A59F22B00BB287E /* EVCFlingProfileCreatorViewController.xib */; };
		769B0A981A607C2300BB287E /* EVCFeelingBlueViewController.m in Sources */ = {isa = PBXBuildFile; fileRef = 769B0A961A607C2300BB287E /* EVCFeelingBlueViewController.m */; };
		769B0A991A607C2300BB287E /* EVCFeelingBlueViewController.xib in Resources */ = {isa = PBXBuildFile; fileRef = 769B0A971A607C2300BB287E /* EVCFeelingBlueViewController.xib */; };
		769EE9EC19A2530100FF072E /* EVCRegistrationViewController.m in Sources */ = {isa = PBXBuildFile; fileRef = 769EE9EA19A2530100FF072E /* EVCRegistrationViewController.m */; };
		769EE9ED19A2530100FF072E /* EVCRegistrationViewController_iPhone.xib in Resources */ = {isa = PBXBuildFile; fileRef = 769EE9EB19A2530100FF072E /* EVCRegistrationViewController_iPhone.xib */; };
		769EE9F119A2B14900FF072E /* EVCLargeMessageViewController.m in Sources */ = {isa = PBXBuildFile; fileRef = 769EE9EF19A2B14900FF072E /* EVCLargeMessageViewController.m */; };
		769EE9F219A2B14900FF072E /* EVCLargeMessageViewController_iPhone.xib in Resources */ = {isa = PBXBuildFile; fileRef = 769EE9F019A2B14900FF072E /* EVCLargeMessageViewController_iPhone.xib */; };
		769EEA0E19A3B03F00FF072E /* EVCPersonalInfo1ViewController.m in Sources */ = {isa = PBXBuildFile; fileRef = 769EEA0C19A3B03F00FF072E /* EVCPersonalInfo1ViewController.m */; };
		769EEA0F19A3B03F00FF072E /* EVCPersonalInfo1ViewController_iPhone.xib in Resources */ = {isa = PBXBuildFile; fileRef = 769EEA0D19A3B03F00FF072E /* EVCPersonalInfo1ViewController_iPhone.xib */; };
		769EEA1819A42F3600FF072E /* EVCScreenNameViewController.m in Sources */ = {isa = PBXBuildFile; fileRef = 769EEA1619A42F3600FF072E /* EVCScreenNameViewController.m */; };
		769EEA1919A42F3600FF072E /* EVCScreenNameViewController_iPhone.xib in Resources */ = {isa = PBXBuildFile; fileRef = 769EEA1719A42F3600FF072E /* EVCScreenNameViewController_iPhone.xib */; };
		769EEA1B19A53C9000FF072E /* KeyboardManager.framework in Frameworks */ = {isa = PBXBuildFile; fileRef = 769EEA1A19A53C9000FF072E /* KeyboardManager.framework */; };
		769EEA2919A57F5B00FF072E /* EVCEmailMobileViewController.m in Sources */ = {isa = PBXBuildFile; fileRef = 769EEA2719A57F5B00FF072E /* EVCEmailMobileViewController.m */; };
		769EEA2A19A57F5B00FF072E /* EVCEmailMobileViewController_iPhone.xib in Resources */ = {isa = PBXBuildFile; fileRef = 769EEA2819A57F5B00FF072E /* EVCEmailMobileViewController_iPhone.xib */; };
		769EEA3719A6482100FF072E /* QuartzCore.framework in Frameworks */ = {isa = PBXBuildFile; fileRef = 769EEA3619A6482100FF072E /* QuartzCore.framework */; };
		769EEA8B19A8D43900FF072E /* EVCPreferencesViewController.m in Sources */ = {isa = PBXBuildFile; fileRef = 769EEA8919A8D43900FF072E /* EVCPreferencesViewController.m */; };
		769EEA8C19A8D43900FF072E /* EVCPreferencesViewController_iPhone.xib in Resources */ = {isa = PBXBuildFile; fileRef = 769EEA8A19A8D43900FF072E /* EVCPreferencesViewController_iPhone.xib */; };
		769EEA9419A8DBF900FF072E /* EVCMenuViewController.m in Sources */ = {isa = PBXBuildFile; fileRef = 769EEA9319A8DBF900FF072E /* EVCMenuViewController.m */; };
		769EEA9619A8DCBB00FF072E /* Stars@2x.png in Resources */ = {isa = PBXBuildFile; fileRef = 769EEA9519A8DCBB00FF072E /* Stars@2x.png */; };
		769EEA9819A923EF00FF072E /* AssetsLibrary.framework in Frameworks */ = {isa = PBXBuildFile; fileRef = 769EEA9719A923EE00FF072E /* AssetsLibrary.framework */; };
		769EEA9D19AA35A800FF072E /* EVCProfilePicView.m in Sources */ = {isa = PBXBuildFile; fileRef = 769EEA9C19AA35A800FF072E /* EVCProfilePicView.m */; };
		769EEA9F19AA35BF00FF072E /* EVCProfilePicView_iPhone.xib in Resources */ = {isa = PBXBuildFile; fileRef = 769EEA9E19AA35BF00FF072E /* EVCProfilePicView_iPhone.xib */; };
		769EEAA319AA6BE800FF072E /* EVCMakeFriendsPrefsViewController.m in Sources */ = {isa = PBXBuildFile; fileRef = 769EEAA119AA6BE800FF072E /* EVCMakeFriendsPrefsViewController.m */; };
		769EEAA419AA6BE800FF072E /* EVCMakeFriendsPrefsViewController_iPhone.xib in Resources */ = {isa = PBXBuildFile; fileRef = 769EEAA219AA6BE800FF072E /* EVCMakeFriendsPrefsViewController_iPhone.xib */; };
		769EEB3119AC0CDD00FF072E /* EVCSocialPrefsViewController.m in Sources */ = {isa = PBXBuildFile; fileRef = 769EEB3019AC0CDD00FF072E /* EVCSocialPrefsViewController.m */; };
		769EEB3719AC167900FF072E /* EVCSocialPrefsViewController_iPhone.xib in Resources */ = {isa = PBXBuildFile; fileRef = 769EEB3619AC167900FF072E /* EVCSocialPrefsViewController_iPhone.xib */; };
		769EEB3A19AC1A5C00FF072E /* EVCRelationshipPrefsViewController.m in Sources */ = {isa = PBXBuildFile; fileRef = 769EEB3919AC1A5C00FF072E /* EVCRelationshipPrefsViewController.m */; };
		769EEB3C19AC1A9300FF072E /* EVCRelationshipPrefsViewController_iPhone.xib in Resources */ = {isa = PBXBuildFile; fileRef = 769EEB3B19AC1A9300FF072E /* EVCRelationshipPrefsViewController_iPhone.xib */; };
		769EEB3E19AC291000FF072E /* EVCFlingPrefsViewController.m in Sources */ = {isa = PBXBuildFile; fileRef = 769EEB3D19AC291000FF072E /* EVCFlingPrefsViewController.m */; };
		769EEB4119AC295300FF072E /* EVCFlingPrefsViewController_iPhone.xib in Resources */ = {isa = PBXBuildFile; fileRef = 769EEB4019AC295300FF072E /* EVCFlingPrefsViewController_iPhone.xib */; };
		769EEB4619AC2A7100FF072E /* EVCVolunteeringPrefsViewController_iPhone.xib in Resources */ = {isa = PBXBuildFile; fileRef = 769EEB4519AC2A7100FF072E /* EVCVolunteeringPrefsViewController_iPhone.xib */; };
		769EEB4A19AC2ADA00FF072E /* EVCVolunteeringPrefsViewController.m in Sources */ = {isa = PBXBuildFile; fileRef = 769EEB4919AC2ADA00FF072E /* EVCVolunteeringPrefsViewController.m */; };
		76C2B08819F333300010E98B /* EVCLoginViewController.m in Sources */ = {isa = PBXBuildFile; fileRef = 76C2B08619F333300010E98B /* EVCLoginViewController.m */; };
		76C2B08919F333300010E98B /* EVCLoginViewController_iPhone.xib in Resources */ = {isa = PBXBuildFile; fileRef = 76C2B08719F333300010E98B /* EVCLoginViewController_iPhone.xib */; };
		76C2B09019F33EA60010E98B /* EVCLabelTableViewCell.m in Sources */ = {isa = PBXBuildFile; fileRef = 76C2B08E19F33EA60010E98B /* EVCLabelTableViewCell.m */; };
		76C2B09119F33EA60010E98B /* EVCLabelTableViewCell_iPhone.xib in Resources */ = {isa = PBXBuildFile; fileRef = 76C2B08F19F33EA60010E98B /* EVCLabelTableViewCell_iPhone.xib */; };
		76C2B09519F342430010E98B /* EVCTextFieldTableViewCell.m in Sources */ = {isa = PBXBuildFile; fileRef = 76C2B09319F342430010E98B /* EVCTextFieldTableViewCell.m */; };
		76C2B09619F342430010E98B /* EVCTextFieldTableViewCell_iPhone.xib in Resources */ = {isa = PBXBuildFile; fileRef = 76C2B09419F342430010E98B /* EVCTextFieldTableViewCell_iPhone.xib */; };
		76C2B09919F4111F0010E98B /* EVCCommonMethods.m in Sources */ = {isa = PBXBuildFile; fileRef = 76C2B09819F4111F0010E98B /* EVCCommonMethods.m */; };
		76C2B0EB19F4AD680010E98B /* EVCPostView.m in Sources */ = {isa = PBXBuildFile; fileRef = 76C2B0EA19F4AD680010E98B /* EVCPostView.m */; };
		76C2B0ED19F4AD9F0010E98B /* EVCPostView_WithPicture.xib in Resources */ = {isa = PBXBuildFile; fileRef = 76C2B0EC19F4AD9F0010E98B /* EVCPostView_WithPicture.xib */; };
		76C2B0EF19F4AE5F0010E98B /* EVCPostView_WithoutPicture.xib in Resources */ = {isa = PBXBuildFile; fileRef = 76C2B0EE19F4AE5F0010E98B /* EVCPostView_WithoutPicture.xib */; };
		76C2B10119F9DD590010E98B /* VerveAPIBundle.bundle in Resources */ = {isa = PBXBuildFile; fileRef = 76C2B10019F9DD590010E98B /* VerveAPIBundle.bundle */; };
		76DEDA801A474E19009CD94F /* EVCFlingViewController.m in Sources */ = {isa = PBXBuildFile; fileRef = 76DEDA7E1A474E19009CD94F /* EVCFlingViewController.m */; };
		76DEDA811A474E19009CD94F /* EVCFlingViewController.xib in Resources */ = {isa = PBXBuildFile; fileRef = 76DEDA7F1A474E19009CD94F /* EVCFlingViewController.xib */; };
		76DEDA871A47504B009CD94F /* EVCPartnerMatchViewController.m in Sources */ = {isa = PBXBuildFile; fileRef = 76DEDA851A47504B009CD94F /* EVCPartnerMatchViewController.m */; };
		76DEDA881A47504B009CD94F /* EVCPartnerMatchViewController.xib in Resources */ = {isa = PBXBuildFile; fileRef = 76DEDA861A47504B009CD94F /* EVCPartnerMatchViewController.xib */; };
		76DEDA8D1A475E68009CD94F /* EVCPartnersTableViewController.m in Sources */ = {isa = PBXBuildFile; fileRef = 76DEDA8B1A475E67009CD94F /* EVCPartnersTableViewController.m */; };
		76DEDA8E1A475E68009CD94F /* EVCPartnersTableViewController.xib in Resources */ = {isa = PBXBuildFile; fileRef = 76DEDA8C1A475E67009CD94F /* EVCPartnersTableViewController.xib */; };
		76DEDA921A476310009CD94F /* EVCFlingProfileViewController.m in Sources */ = {isa = PBXBuildFile; fileRef = 76DEDA901A476310009CD94F /* EVCFlingProfileViewController.m */; };
		76DEDA931A476310009CD94F /* EVCFlingProfileViewController.xib in Resources */ = {isa = PBXBuildFile; fileRef = 76DEDA911A476310009CD94F /* EVCFlingProfileViewController.xib */; };
		76DEDABF1A48BAFA009CD94F /* EVCFlingMessagingViewController.m in Sources */ = {isa = PBXBuildFile; fileRef = 76DEDABE1A48BAFA009CD94F /* EVCFlingMessagingViewController.m */; };
		76E64EFB19B933650022F189 /* plus-512.png in Resources */ = {isa = PBXBuildFile; fileRef = 76E64EFA19B933650022F189 /* plus-512.png */; };
		76E64F0219B9338C0022F189 /* home-512.png in Resources */ = {isa = PBXBuildFile; fileRef = 76E64F0119B9338C0022F189 /* home-512.png */; };
		76EBBEA51A85B9B6006F6FF2 /* EVCFeelingBlueTableViewController.m in Sources */ = {isa = PBXBuildFile; fileRef = 76EBBEA31A85B9B6006F6FF2 /* EVCFeelingBlueTableViewController.m */; };
		76EBBEA61A85B9B6006F6FF2 /* EVCFeelingBlueTableViewController.xib in Resources */ = {isa = PBXBuildFile; fileRef = 76EBBEA41A85B9B6006F6FF2 /* EVCFeelingBlueTableViewController.xib */; };
		76EF996A19FD3CA900E15A14 /* settings-25.png in Resources */ = {isa = PBXBuildFile; fileRef = 76EF996919FD3CA900E15A14 /* settings-25.png */; };
		76EF996E19FD3EA200E15A14 /* EVCGroupSettingsViewController.m in Sources */ = {isa = PBXBuildFile; fileRef = 76EF996C19FD3EA200E15A14 /* EVCGroupSettingsViewController.m */; };
		76EF996F19FD3EA200E15A14 /* EVCGroupSettingsViewController_iPhone.xib in Resources */ = {isa = PBXBuildFile; fileRef = 76EF996D19FD3EA200E15A14 /* EVCGroupSettingsViewController_iPhone.xib */; };
/* End PBXBuildFile section */

/* Begin PBXContainerItemProxy section */
		761D65A519A1600C0062B525 /* PBXContainerItemProxy */ = {
			isa = PBXContainerItemProxy;
			containerPortal = 761D65A019A1600C0062B525 /* VerveAPI.xcodeproj */;
			proxyType = 2;
			remoteGlobalIDString = 761D654C19A15B680062B525;
			remoteInfo = VerveAPI;
		};
		7671FC821A0DC079000ECDAF /* PBXContainerItemProxy */ = {
			isa = PBXContainerItemProxy;
			containerPortal = 761D65A019A1600C0062B525 /* VerveAPI.xcodeproj */;
			proxyType = 1;
			remoteGlobalIDString = 7671FC791A0DBE9F000ECDAF;
			remoteInfo = VerveAPITarget;
		};
		769EEA7319A80B5400FF072E /* PBXContainerItemProxy */ = {
			isa = PBXContainerItemProxy;
			containerPortal = 761D65A019A1600C0062B525 /* VerveAPI.xcodeproj */;
			proxyType = 2;
			remoteGlobalIDString = 769EEA5C19A64CEF00FF072E;
			remoteInfo = VerveAPIBundle;
		};
/* End PBXContainerItemProxy section */

/* Begin PBXFileReference section */
		761D650819A15A4D0062B525 /* MyDailyBeat.app */ = {isa = PBXFileReference; explicitFileType = wrapper.application; includeInIndex = 0; path = MyDailyBeat.app; sourceTree = BUILT_PRODUCTS_DIR; };
		761D650B19A15A4D0062B525 /* Foundation.framework */ = {isa = PBXFileReference; lastKnownFileType = wrapper.framework; name = Foundation.framework; path = System/Library/Frameworks/Foundation.framework; sourceTree = SDKROOT; };
		761D650D19A15A4D0062B525 /* CoreGraphics.framework */ = {isa = PBXFileReference; lastKnownFileType = wrapper.framework; name = CoreGraphics.framework; path = System/Library/Frameworks/CoreGraphics.framework; sourceTree = SDKROOT; };
		761D650F19A15A4D0062B525 /* UIKit.framework */ = {isa = PBXFileReference; lastKnownFileType = wrapper.framework; name = UIKit.framework; path = System/Library/Frameworks/UIKit.framework; sourceTree = SDKROOT; };
		761D651319A15A4D0062B525 /* MyDailyBeat-Info.plist */ = {isa = PBXFileReference; lastKnownFileType = text.plist.xml; path = "MyDailyBeat-Info.plist"; sourceTree = "<group>"; };
		761D651519A15A4D0062B525 /* en */ = {isa = PBXFileReference; lastKnownFileType = text.plist.strings; name = en; path = en.lproj/InfoPlist.strings; sourceTree = "<group>"; };
		761D651719A15A4D0062B525 /* main.m */ = {isa = PBXFileReference; lastKnownFileType = sourcecode.c.objc; path = main.m; sourceTree = "<group>"; };
		761D651919A15A4D0062B525 /* MyDailyBeat-Prefix.pch */ = {isa = PBXFileReference; lastKnownFileType = sourcecode.c.h; path = "MyDailyBeat-Prefix.pch"; sourceTree = "<group>"; };
		761D651A19A15A4D0062B525 /* EVCAppDelegate.h */ = {isa = PBXFileReference; lastKnownFileType = sourcecode.c.h; path = EVCAppDelegate.h; sourceTree = "<group>"; };
		761D651B19A15A4D0062B525 /* EVCAppDelegate.m */ = {isa = PBXFileReference; lastKnownFileType = sourcecode.c.objc; path = EVCAppDelegate.m; sourceTree = "<group>"; };
		761D652319A15A4D0062B525 /* EVCViewController.h */ = {isa = PBXFileReference; lastKnownFileType = sourcecode.c.h; path = EVCViewController.h; sourceTree = "<group>"; };
		761D652419A15A4D0062B525 /* EVCViewController.m */ = {isa = PBXFileReference; lastKnownFileType = sourcecode.c.objc; path = EVCViewController.m; sourceTree = "<group>"; };
		761D652619A15A4D0062B525 /* Images.xcassets */ = {isa = PBXFileReference; lastKnownFileType = folder.assetcatalog; path = Images.xcassets; sourceTree = "<group>"; };
		761D65A019A1600C0062B525 /* VerveAPI.xcodeproj */ = {isa = PBXFileReference; lastKnownFileType = "wrapper.pb-project"; name = VerveAPI.xcodeproj; path = ../VerveAPI/VerveAPI.xcodeproj; sourceTree = "<group>"; };
		761D65AC19A19E090062B525 /* 1408346500_menu-alt.png */ = {isa = PBXFileReference; lastKnownFileType = image.png; path = "1408346500_menu-alt.png"; sourceTree = "<group>"; };
		761D65AE19A1A5520062B525 /* EVCViewController_iPhone.xib */ = {isa = PBXFileReference; fileEncoding = 4; lastKnownFileType = file.xib; path = EVCViewController_iPhone.xib; sourceTree = "<group>"; };
		7636F6B619CF25DB000B68B0 /* EVCProfileViewController.h */ = {isa = PBXFileReference; fileEncoding = 4; lastKnownFileType = sourcecode.c.h; path = EVCProfileViewController.h; sourceTree = "<group>"; };
		7636F6B719CF25DB000B68B0 /* EVCProfileViewController.m */ = {isa = PBXFileReference; fileEncoding = 4; lastKnownFileType = sourcecode.c.objc; path = EVCProfileViewController.m; sourceTree = "<group>"; };
		7636F6B819CF25DB000B68B0 /* EVCProfileViewController_iPhone.xib */ = {isa = PBXFileReference; fileEncoding = 4; lastKnownFileType = file.xib; path = EVCProfileViewController_iPhone.xib; sourceTree = "<group>"; };
		7636F6BE19CF7B0F000B68B0 /* user-50.png */ = {isa = PBXFileReference; lastKnownFileType = image.png; path = "user-50.png"; sourceTree = "<group>"; };
		7636F6C019CF9074000B68B0 /* EVCUpdateProfileViewController.h */ = {isa = PBXFileReference; fileEncoding = 4; lastKnownFileType = sourcecode.c.h; path = EVCUpdateProfileViewController.h; sourceTree = "<group>"; };
		7636F6C119CF9074000B68B0 /* EVCUpdateProfileViewController.m */ = {isa = PBXFileReference; fileEncoding = 4; lastKnownFileType = sourcecode.c.objc; path = EVCUpdateProfileViewController.m; sourceTree = "<group>"; };
		7636F6C219CF9074000B68B0 /* EVCUpdateProfileViewController_iPhone.xib */ = {isa = PBXFileReference; fileEncoding = 4; lastKnownFileType = file.xib; path = EVCUpdateProfileViewController_iPhone.xib; sourceTree = "<group>"; };
		7636F6C519D38EE1000B68B0 /* IQKeyboardManager.bundle */ = {isa = PBXFileReference; lastKnownFileType = "wrapper.plug-in"; path = IQKeyboardManager.bundle; sourceTree = "<group>"; };
		7636F6C719D4D881000B68B0 /* EVCGroupViewController.h */ = {isa = PBXFileReference; fileEncoding = 4; lastKnownFileType = sourcecode.c.h; path = EVCGroupViewController.h; sourceTree = "<group>"; };
		7636F6C819D4D881000B68B0 /* EVCGroupViewController.m */ = {isa = PBXFileReference; fileEncoding = 4; lastKnownFileType = sourcecode.c.objc; path = EVCGroupViewController.m; sourceTree = "<group>"; };
		7636F6C919D4D881000B68B0 /* EVCGroupViewController_iPhone.xib */ = {isa = PBXFileReference; fileEncoding = 4; lastKnownFileType = file.xib; path = EVCGroupViewController_iPhone.xib; sourceTree = "<group>"; };
		7636F6D019D501FD000B68B0 /* texture.png */ = {isa = PBXFileReference; lastKnownFileType = image.png; path = texture.png; sourceTree = "<group>"; };
		7667E73E1A241F0E00B006D5 /* menubg.jpg */ = {isa = PBXFileReference; lastKnownFileType = image.jpeg; path = menubg.jpg; sourceTree = "<group>"; };
		766A7D4E1A900A5E00B6C81E /* EVCHeader.png */ = {isa = PBXFileReference; lastKnownFileType = image.png; path = EVCHeader.png; sourceTree = "<group>"; };
		766A7D501A900C0400B6C81E /* Default-568h@2x.png */ = {isa = PBXFileReference; lastKnownFileType = image.png; path = "Default-568h@2x.png"; sourceTree = "<group>"; };
		766A7D521A923CE200B6C81E /* profile-icon.png */ = {isa = PBXFileReference; lastKnownFileType = image.png; path = "profile-icon.png"; sourceTree = "<group>"; };
		766A7D541A923CFF00B6C81E /* menu-icon.png */ = {isa = PBXFileReference; lastKnownFileType = image.png; path = "menu-icon.png"; sourceTree = "<group>"; };
		766A7D581A923FB100B6C81E /* messages-green.png */ = {isa = PBXFileReference; lastKnownFileType = image.png; path = "messages-green.png"; sourceTree = "<group>"; };
		766A7D591A923FB100B6C81E /* messages-yellow.png */ = {isa = PBXFileReference; lastKnownFileType = image.png; path = "messages-yellow.png"; sourceTree = "<group>"; };
		766A7D5A1A923FB100B6C81E /* profile-green.png */ = {isa = PBXFileReference; lastKnownFileType = image.png; path = "profile-green.png"; sourceTree = "<group>"; };
		766A7D5B1A923FB100B6C81E /* profile-yellow.png */ = {isa = PBXFileReference; lastKnownFileType = image.png; path = "profile-yellow.png"; sourceTree = "<group>"; };
		766A7D5C1A923FB100B6C81E /* search-green.png */ = {isa = PBXFileReference; lastKnownFileType = image.png; path = "search-green.png"; sourceTree = "<group>"; };
		766A7D5D1A923FB100B6C81E /* search-yellow.png */ = {isa = PBXFileReference; lastKnownFileType = image.png; path = "search-yellow.png"; sourceTree = "<group>"; };
		766A7D5E1A923FB100B6C81E /* view-partners-green.png */ = {isa = PBXFileReference; lastKnownFileType = image.png; path = "view-partners-green.png"; sourceTree = "<group>"; };
		766A7D5F1A923FB100B6C81E /* view-partners-yellow.png */ = {isa = PBXFileReference; lastKnownFileType = image.png; path = "view-partners-yellow.png"; sourceTree = "<group>"; };
		766A7D681A92419800B6C81E /* favorite-icon-green.png */ = {isa = PBXFileReference; lastKnownFileType = image.png; path = "favorite-icon-green.png"; sourceTree = "<group>"; };
		766A7D691A92419800B6C81E /* favorite-icon-yellow.png */ = {isa = PBXFileReference; lastKnownFileType = image.png; path = "favorite-icon-yellow.png"; sourceTree = "<group>"; };
		766DEF781A4BC2870049CA2A /* EVCChatroomTableViewController.h */ = {isa = PBXFileReference; fileEncoding = 4; lastKnownFileType = sourcecode.c.h; path = EVCChatroomTableViewController.h; sourceTree = "<group>"; };
		766DEF791A4BC2870049CA2A /* EVCChatroomTableViewController.m */ = {isa = PBXFileReference; fileEncoding = 4; lastKnownFileType = sourcecode.c.objc; path = EVCChatroomTableViewController.m; sourceTree = "<group>"; };
		766DEF7D1A4BC6180049CA2A /* EVCChatroomTableViewController.xib */ = {isa = PBXFileReference; fileEncoding = 4; lastKnownFileType = file.xib; path = EVCChatroomTableViewController.xib; sourceTree = "<group>"; };
		766DEF7F1A4BC8060049CA2A /* EVCChatroomCell.h */ = {isa = PBXFileReference; fileEncoding = 4; lastKnownFileType = sourcecode.c.h; path = EVCChatroomCell.h; sourceTree = "<group>"; };
		766DEF801A4BC8060049CA2A /* EVCChatroomCell.m */ = {isa = PBXFileReference; fileEncoding = 4; lastKnownFileType = sourcecode.c.objc; path = EVCChatroomCell.m; sourceTree = "<group>"; };
		766DEF811A4BC8060049CA2A /* EVCChatroomCell.xib */ = {isa = PBXFileReference; fileEncoding = 4; lastKnownFileType = file.xib; path = EVCChatroomCell.xib; sourceTree = "<group>"; };
		767000DD1A7AFB04005F9DC4 /* EVCShoppingFavoritesTableViewController.h */ = {isa = PBXFileReference; fileEncoding = 4; lastKnownFileType = sourcecode.c.h; path = EVCShoppingFavoritesTableViewController.h; sourceTree = "<group>"; };
		767000DE1A7AFB04005F9DC4 /* EVCShoppingFavoritesTableViewController.m */ = {isa = PBXFileReference; fileEncoding = 4; lastKnownFileType = sourcecode.c.objc; path = EVCShoppingFavoritesTableViewController.m; sourceTree = "<group>"; };
		767000DF1A7AFB04005F9DC4 /* EVCShoppingFavoritesTableViewController.xib */ = {isa = PBXFileReference; fileEncoding = 4; lastKnownFileType = file.xib; path = EVCShoppingFavoritesTableViewController.xib; sourceTree = "<group>"; };
		7671FC5919FDCE28000ECDAF /* user-50_white.png */ = {isa = PBXFileReference; lastKnownFileType = image.png; path = "user-50_white.png"; sourceTree = "<group>"; };
		7671FC5E19FF316B000ECDAF /* delete_sign-25.png */ = {isa = PBXFileReference; lastKnownFileType = image.png; path = "delete_sign-25.png"; sourceTree = "<group>"; };
		7671FC6C1A06F81C000ECDAF /* add_user-25.png */ = {isa = PBXFileReference; lastKnownFileType = image.png; path = "add_user-25.png"; sourceTree = "<group>"; };
		768AFF341A7540AA0055F258 /* EVCShoppingViewController.h */ = {isa = PBXFileReference; fileEncoding = 4; lastKnownFileType = sourcecode.c.h; path = EVCShoppingViewController.h; sourceTree = "<group>"; };
		768AFF351A7540AA0055F258 /* EVCShoppingViewController.m */ = {isa = PBXFileReference; fileEncoding = 4; lastKnownFileType = sourcecode.c.objc; path = EVCShoppingViewController.m; sourceTree = "<group>"; };
		768AFF361A7540AA0055F258 /* EVCShoppingViewController.xib */ = {isa = PBXFileReference; fileEncoding = 4; lastKnownFileType = file.xib; path = EVCShoppingViewController.xib; sourceTree = "<group>"; };
		768AFF3B1A754E2F0055F258 /* EVCShoppingSearchViewController.h */ = {isa = PBXFileReference; fileEncoding = 4; lastKnownFileType = sourcecode.c.h; path = EVCShoppingSearchViewController.h; sourceTree = "<group>"; };
		768AFF3C1A754E300055F258 /* EVCShoppingSearchViewController.m */ = {isa = PBXFileReference; fileEncoding = 4; lastKnownFileType = sourcecode.c.objc; path = EVCShoppingSearchViewController.m; sourceTree = "<group>"; };
		768AFF3D1A754E300055F258 /* EVCShoppingSearchViewController.xib */ = {isa = PBXFileReference; fileEncoding = 4; lastKnownFileType = file.xib; path = EVCShoppingSearchViewController.xib; sourceTree = "<group>"; };
		769B0A8C1A59F22B00BB287E /* EVCFlingProfileCreatorViewController.h */ = {isa = PBXFileReference; fileEncoding = 4; lastKnownFileType = sourcecode.c.h; path = EVCFlingProfileCreatorViewController.h; sourceTree = "<group>"; };
		769B0A8D1A59F22B00BB287E /* EVCFlingProfileCreatorViewController.m */ = {isa = PBXFileReference; fileEncoding = 4; lastKnownFileType = sourcecode.c.objc; path = EVCFlingProfileCreatorViewController.m; sourceTree = "<group>"; };
		769B0A8E1A59F22B00BB287E /* EVCFlingProfileCreatorViewController.xib */ = {isa = PBXFileReference; fileEncoding = 4; lastKnownFileType = file.xib; path = EVCFlingProfileCreatorViewController.xib; sourceTree = "<group>"; };
		769B0A951A607C2300BB287E /* EVCFeelingBlueViewController.h */ = {isa = PBXFileReference; fileEncoding = 4; lastKnownFileType = sourcecode.c.h; path = EVCFeelingBlueViewController.h; sourceTree = "<group>"; };
		769B0A961A607C2300BB287E /* EVCFeelingBlueViewController.m */ = {isa = PBXFileReference; fileEncoding = 4; lastKnownFileType = sourcecode.c.objc; path = EVCFeelingBlueViewController.m; sourceTree = "<group>"; };
		769B0A971A607C2300BB287E /* EVCFeelingBlueViewController.xib */ = {isa = PBXFileReference; fileEncoding = 4; lastKnownFileType = file.xib; path = EVCFeelingBlueViewController.xib; sourceTree = "<group>"; };
		769EE9E919A2530100FF072E /* EVCRegistrationViewController.h */ = {isa = PBXFileReference; fileEncoding = 4; lastKnownFileType = sourcecode.c.h; path = EVCRegistrationViewController.h; sourceTree = "<group>"; };
		769EE9EA19A2530100FF072E /* EVCRegistrationViewController.m */ = {isa = PBXFileReference; fileEncoding = 4; lastKnownFileType = sourcecode.c.objc; path = EVCRegistrationViewController.m; sourceTree = "<group>"; };
		769EE9EB19A2530100FF072E /* EVCRegistrationViewController_iPhone.xib */ = {isa = PBXFileReference; fileEncoding = 4; lastKnownFileType = file.xib; path = EVCRegistrationViewController_iPhone.xib; sourceTree = "<group>"; };
		769EE9EE19A2B14900FF072E /* EVCLargeMessageViewController.h */ = {isa = PBXFileReference; fileEncoding = 4; lastKnownFileType = sourcecode.c.h; path = EVCLargeMessageViewController.h; sourceTree = "<group>"; };
		769EE9EF19A2B14900FF072E /* EVCLargeMessageViewController.m */ = {isa = PBXFileReference; fileEncoding = 4; lastKnownFileType = sourcecode.c.objc; path = EVCLargeMessageViewController.m; sourceTree = "<group>"; };
		769EE9F019A2B14900FF072E /* EVCLargeMessageViewController_iPhone.xib */ = {isa = PBXFileReference; fileEncoding = 4; lastKnownFileType = file.xib; path = EVCLargeMessageViewController_iPhone.xib; sourceTree = "<group>"; };
		769EEA0B19A3B03F00FF072E /* EVCPersonalInfo1ViewController.h */ = {isa = PBXFileReference; fileEncoding = 4; lastKnownFileType = sourcecode.c.h; path = EVCPersonalInfo1ViewController.h; sourceTree = "<group>"; };
		769EEA0C19A3B03F00FF072E /* EVCPersonalInfo1ViewController.m */ = {isa = PBXFileReference; fileEncoding = 4; lastKnownFileType = sourcecode.c.objc; path = EVCPersonalInfo1ViewController.m; sourceTree = "<group>"; };
		769EEA0D19A3B03F00FF072E /* EVCPersonalInfo1ViewController_iPhone.xib */ = {isa = PBXFileReference; fileEncoding = 4; lastKnownFileType = file.xib; path = EVCPersonalInfo1ViewController_iPhone.xib; sourceTree = "<group>"; };
		769EEA1519A42F3600FF072E /* EVCScreenNameViewController.h */ = {isa = PBXFileReference; fileEncoding = 4; lastKnownFileType = sourcecode.c.h; path = EVCScreenNameViewController.h; sourceTree = "<group>"; };
		769EEA1619A42F3600FF072E /* EVCScreenNameViewController.m */ = {isa = PBXFileReference; fileEncoding = 4; lastKnownFileType = sourcecode.c.objc; path = EVCScreenNameViewController.m; sourceTree = "<group>"; };
		769EEA1719A42F3600FF072E /* EVCScreenNameViewController_iPhone.xib */ = {isa = PBXFileReference; fileEncoding = 4; lastKnownFileType = file.xib; path = EVCScreenNameViewController_iPhone.xib; sourceTree = "<group>"; };
		769EEA1A19A53C9000FF072E /* KeyboardManager.framework */ = {isa = PBXFileReference; lastKnownFileType = wrapper.framework; path = KeyboardManager.framework; sourceTree = "<group>"; };
		769EEA2619A57F5B00FF072E /* EVCEmailMobileViewController.h */ = {isa = PBXFileReference; fileEncoding = 4; lastKnownFileType = sourcecode.c.h; path = EVCEmailMobileViewController.h; sourceTree = "<group>"; };
		769EEA2719A57F5B00FF072E /* EVCEmailMobileViewController.m */ = {isa = PBXFileReference; fileEncoding = 4; lastKnownFileType = sourcecode.c.objc; path = EVCEmailMobileViewController.m; sourceTree = "<group>"; };
		769EEA2819A57F5B00FF072E /* EVCEmailMobileViewController_iPhone.xib */ = {isa = PBXFileReference; fileEncoding = 4; lastKnownFileType = file.xib; path = EVCEmailMobileViewController_iPhone.xib; sourceTree = "<group>"; };
		769EEA3619A6482100FF072E /* QuartzCore.framework */ = {isa = PBXFileReference; lastKnownFileType = wrapper.framework; name = QuartzCore.framework; path = System/Library/Frameworks/QuartzCore.framework; sourceTree = SDKROOT; };
		769EEA8819A8D43900FF072E /* EVCPreferencesViewController.h */ = {isa = PBXFileReference; fileEncoding = 4; lastKnownFileType = sourcecode.c.h; path = EVCPreferencesViewController.h; sourceTree = "<group>"; };
		769EEA8919A8D43900FF072E /* EVCPreferencesViewController.m */ = {isa = PBXFileReference; fileEncoding = 4; lastKnownFileType = sourcecode.c.objc; path = EVCPreferencesViewController.m; sourceTree = "<group>"; };
		769EEA8A19A8D43900FF072E /* EVCPreferencesViewController_iPhone.xib */ = {isa = PBXFileReference; fileEncoding = 4; lastKnownFileType = file.xib; path = EVCPreferencesViewController_iPhone.xib; sourceTree = "<group>"; };
		769EEA9219A8DBF900FF072E /* EVCMenuViewController.h */ = {isa = PBXFileReference; fileEncoding = 4; lastKnownFileType = sourcecode.c.h; path = EVCMenuViewController.h; sourceTree = "<group>"; };
		769EEA9319A8DBF900FF072E /* EVCMenuViewController.m */ = {isa = PBXFileReference; fileEncoding = 4; lastKnownFileType = sourcecode.c.objc; path = EVCMenuViewController.m; sourceTree = "<group>"; };
		769EEA9519A8DCBB00FF072E /* Stars@2x.png */ = {isa = PBXFileReference; lastKnownFileType = image.png; path = "Stars@2x.png"; sourceTree = "<group>"; };
		769EEA9719A923EE00FF072E /* AssetsLibrary.framework */ = {isa = PBXFileReference; lastKnownFileType = wrapper.framework; name = AssetsLibrary.framework; path = System/Library/Frameworks/AssetsLibrary.framework; sourceTree = SDKROOT; };
		769EEA9B19AA35A800FF072E /* EVCProfilePicView.h */ = {isa = PBXFileReference; fileEncoding = 4; lastKnownFileType = sourcecode.c.h; path = EVCProfilePicView.h; sourceTree = "<group>"; };
		769EEA9C19AA35A800FF072E /* EVCProfilePicView.m */ = {isa = PBXFileReference; fileEncoding = 4; lastKnownFileType = sourcecode.c.objc; path = EVCProfilePicView.m; sourceTree = "<group>"; };
		769EEA9E19AA35BF00FF072E /* EVCProfilePicView_iPhone.xib */ = {isa = PBXFileReference; fileEncoding = 4; lastKnownFileType = file.xib; name = EVCProfilePicView_iPhone.xib; path = ../EVCProfilePicView_iPhone.xib; sourceTree = "<group>"; };
		769EEAA019AA6BE800FF072E /* EVCMakeFriendsPrefsViewController.h */ = {isa = PBXFileReference; fileEncoding = 4; lastKnownFileType = sourcecode.c.h; path = EVCMakeFriendsPrefsViewController.h; sourceTree = "<group>"; };
		769EEAA119AA6BE800FF072E /* EVCMakeFriendsPrefsViewController.m */ = {isa = PBXFileReference; fileEncoding = 4; lastKnownFileType = sourcecode.c.objc; path = EVCMakeFriendsPrefsViewController.m; sourceTree = "<group>"; };
		769EEAA219AA6BE800FF072E /* EVCMakeFriendsPrefsViewController_iPhone.xib */ = {isa = PBXFileReference; fileEncoding = 4; lastKnownFileType = file.xib; path = EVCMakeFriendsPrefsViewController_iPhone.xib; sourceTree = "<group>"; };
		769EEB2F19AC0CBF00FF072E /* EVCSocialPrefsViewController.h */ = {isa = PBXFileReference; fileEncoding = 4; lastKnownFileType = sourcecode.c.h; path = EVCSocialPrefsViewController.h; sourceTree = "<group>"; };
		769EEB3019AC0CDD00FF072E /* EVCSocialPrefsViewController.m */ = {isa = PBXFileReference; fileEncoding = 4; lastKnownFileType = sourcecode.c.objc; path = EVCSocialPrefsViewController.m; sourceTree = "<group>"; };
		769EEB3619AC167900FF072E /* EVCSocialPrefsViewController_iPhone.xib */ = {isa = PBXFileReference; fileEncoding = 4; lastKnownFileType = file.xib; path = EVCSocialPrefsViewController_iPhone.xib; sourceTree = "<group>"; };
		769EEB3819AC19D100FF072E /* EVCRelationshipPrefsViewController.h */ = {isa = PBXFileReference; fileEncoding = 4; lastKnownFileType = sourcecode.c.h; path = EVCRelationshipPrefsViewController.h; sourceTree = "<group>"; };
		769EEB3919AC1A5C00FF072E /* EVCRelationshipPrefsViewController.m */ = {isa = PBXFileReference; fileEncoding = 4; lastKnownFileType = sourcecode.c.objc; path = EVCRelationshipPrefsViewController.m; sourceTree = "<group>"; };
		769EEB3B19AC1A9300FF072E /* EVCRelationshipPrefsViewController_iPhone.xib */ = {isa = PBXFileReference; fileEncoding = 4; lastKnownFileType = file.xib; path = EVCRelationshipPrefsViewController_iPhone.xib; sourceTree = "<group>"; };
		769EEB3D19AC291000FF072E /* EVCFlingPrefsViewController.m */ = {isa = PBXFileReference; fileEncoding = 4; lastKnownFileType = sourcecode.c.objc; path = EVCFlingPrefsViewController.m; sourceTree = "<group>"; };
		769EEB3F19AC292700FF072E /* EVCFlingPrefsViewController.h */ = {isa = PBXFileReference; fileEncoding = 4; lastKnownFileType = sourcecode.c.h; path = EVCFlingPrefsViewController.h; sourceTree = "<group>"; };
		769EEB4019AC295300FF072E /* EVCFlingPrefsViewController_iPhone.xib */ = {isa = PBXFileReference; fileEncoding = 4; lastKnownFileType = file.xib; path = EVCFlingPrefsViewController_iPhone.xib; sourceTree = "<group>"; };
		769EEB4519AC2A7100FF072E /* EVCVolunteeringPrefsViewController_iPhone.xib */ = {isa = PBXFileReference; fileEncoding = 4; lastKnownFileType = file.xib; path = EVCVolunteeringPrefsViewController_iPhone.xib; sourceTree = "<group>"; };
		769EEB4919AC2ADA00FF072E /* EVCVolunteeringPrefsViewController.m */ = {isa = PBXFileReference; fileEncoding = 4; lastKnownFileType = sourcecode.c.objc; path = EVCVolunteeringPrefsViewController.m; sourceTree = "<group>"; };
		769EEB4B19AC2AED00FF072E /* EVCVolunteeringPrefsViewController.h */ = {isa = PBXFileReference; fileEncoding = 4; lastKnownFileType = sourcecode.c.h; path = EVCVolunteeringPrefsViewController.h; sourceTree = "<group>"; };
		76BD329219DF87FE0054ED88 /* edit_file-50.png */ = {isa = PBXFileReference; lastKnownFileType = image.png; path = "edit_file-50.png"; sourceTree = "<group>"; };
		76C2B08519F333300010E98B /* EVCLoginViewController.h */ = {isa = PBXFileReference; fileEncoding = 4; lastKnownFileType = sourcecode.c.h; path = EVCLoginViewController.h; sourceTree = "<group>"; };
		76C2B08619F333300010E98B /* EVCLoginViewController.m */ = {isa = PBXFileReference; fileEncoding = 4; lastKnownFileType = sourcecode.c.objc; path = EVCLoginViewController.m; sourceTree = "<group>"; };
		76C2B08719F333300010E98B /* EVCLoginViewController_iPhone.xib */ = {isa = PBXFileReference; fileEncoding = 4; lastKnownFileType = file.xib; path = EVCLoginViewController_iPhone.xib; sourceTree = "<group>"; };
		76C2B08D19F33EA60010E98B /* EVCLabelTableViewCell.h */ = {isa = PBXFileReference; fileEncoding = 4; lastKnownFileType = sourcecode.c.h; path = EVCLabelTableViewCell.h; sourceTree = "<group>"; };
		76C2B08E19F33EA60010E98B /* EVCLabelTableViewCell.m */ = {isa = PBXFileReference; fileEncoding = 4; lastKnownFileType = sourcecode.c.objc; path = EVCLabelTableViewCell.m; sourceTree = "<group>"; };
		76C2B08F19F33EA60010E98B /* EVCLabelTableViewCell_iPhone.xib */ = {isa = PBXFileReference; fileEncoding = 4; lastKnownFileType = file.xib; path = EVCLabelTableViewCell_iPhone.xib; sourceTree = "<group>"; };
		76C2B09219F342430010E98B /* EVCTextFieldTableViewCell.h */ = {isa = PBXFileReference; fileEncoding = 4; lastKnownFileType = sourcecode.c.h; path = EVCTextFieldTableViewCell.h; sourceTree = "<group>"; };
		76C2B09319F342430010E98B /* EVCTextFieldTableViewCell.m */ = {isa = PBXFileReference; fileEncoding = 4; lastKnownFileType = sourcecode.c.objc; path = EVCTextFieldTableViewCell.m; sourceTree = "<group>"; };
		76C2B09419F342430010E98B /* EVCTextFieldTableViewCell_iPhone.xib */ = {isa = PBXFileReference; fileEncoding = 4; lastKnownFileType = file.xib; path = EVCTextFieldTableViewCell_iPhone.xib; sourceTree = "<group>"; };
		76C2B09719F4111F0010E98B /* EVCCommonMethods.h */ = {isa = PBXFileReference; fileEncoding = 4; lastKnownFileType = sourcecode.c.h; path = EVCCommonMethods.h; sourceTree = "<group>"; };
		76C2B09819F4111F0010E98B /* EVCCommonMethods.m */ = {isa = PBXFileReference; fileEncoding = 4; lastKnownFileType = sourcecode.c.objc; path = EVCCommonMethods.m; sourceTree = "<group>"; };
		76C2B0E919F4AD680010E98B /* EVCPostView.h */ = {isa = PBXFileReference; fileEncoding = 4; lastKnownFileType = sourcecode.c.h; path = EVCPostView.h; sourceTree = "<group>"; };
		76C2B0EA19F4AD680010E98B /* EVCPostView.m */ = {isa = PBXFileReference; fileEncoding = 4; lastKnownFileType = sourcecode.c.objc; path = EVCPostView.m; sourceTree = "<group>"; };
		76C2B0EC19F4AD9F0010E98B /* EVCPostView_WithPicture.xib */ = {isa = PBXFileReference; fileEncoding = 4; lastKnownFileType = file.xib; path = EVCPostView_WithPicture.xib; sourceTree = "<group>"; };
		76C2B0EE19F4AE5F0010E98B /* EVCPostView_WithoutPicture.xib */ = {isa = PBXFileReference; fileEncoding = 4; lastKnownFileType = file.xib; path = EVCPostView_WithoutPicture.xib; sourceTree = "<group>"; };
		76C2B10019F9DD590010E98B /* VerveAPIBundle.bundle */ = {isa = PBXFileReference; lastKnownFileType = "wrapper.plug-in"; name = VerveAPIBundle.bundle; path = "../../../Library/Developer/Xcode/DerivedData/MyDailyBeat-bodvbyhjqpeiggdehnrkxwklpekv/Build/Products/Debug-iphonesimulator/VerveAPIBundle.bundle"; sourceTree = "<group>"; };
		76DEDA7D1A474E19009CD94F /* EVCFlingViewController.h */ = {isa = PBXFileReference; fileEncoding = 4; lastKnownFileType = sourcecode.c.h; path = EVCFlingViewController.h; sourceTree = "<group>"; };
		76DEDA7E1A474E19009CD94F /* EVCFlingViewController.m */ = {isa = PBXFileReference; fileEncoding = 4; lastKnownFileType = sourcecode.c.objc; path = EVCFlingViewController.m; sourceTree = "<group>"; };
		76DEDA7F1A474E19009CD94F /* EVCFlingViewController.xib */ = {isa = PBXFileReference; fileEncoding = 4; lastKnownFileType = file.xib; path = EVCFlingViewController.xib; sourceTree = "<group>"; };
		76DEDA841A47504B009CD94F /* EVCPartnerMatchViewController.h */ = {isa = PBXFileReference; fileEncoding = 4; lastKnownFileType = sourcecode.c.h; path = EVCPartnerMatchViewController.h; sourceTree = "<group>"; };
		76DEDA851A47504B009CD94F /* EVCPartnerMatchViewController.m */ = {isa = PBXFileReference; fileEncoding = 4; lastKnownFileType = sourcecode.c.objc; path = EVCPartnerMatchViewController.m; sourceTree = "<group>"; };
		76DEDA861A47504B009CD94F /* EVCPartnerMatchViewController.xib */ = {isa = PBXFileReference; fileEncoding = 4; lastKnownFileType = file.xib; path = EVCPartnerMatchViewController.xib; sourceTree = "<group>"; };
		76DEDA8A1A475E67009CD94F /* EVCPartnersTableViewController.h */ = {isa = PBXFileReference; fileEncoding = 4; lastKnownFileType = sourcecode.c.h; path = EVCPartnersTableViewController.h; sourceTree = "<group>"; };
		76DEDA8B1A475E67009CD94F /* EVCPartnersTableViewController.m */ = {isa = PBXFileReference; fileEncoding = 4; lastKnownFileType = sourcecode.c.objc; path = EVCPartnersTableViewController.m; sourceTree = "<group>"; };
		76DEDA8C1A475E67009CD94F /* EVCPartnersTableViewController.xib */ = {isa = PBXFileReference; fileEncoding = 4; lastKnownFileType = file.xib; path = EVCPartnersTableViewController.xib; sourceTree = "<group>"; };
		76DEDA8F1A476310009CD94F /* EVCFlingProfileViewController.h */ = {isa = PBXFileReference; fileEncoding = 4; lastKnownFileType = sourcecode.c.h; path = EVCFlingProfileViewController.h; sourceTree = "<group>"; };
		76DEDA901A476310009CD94F /* EVCFlingProfileViewController.m */ = {isa = PBXFileReference; fileEncoding = 4; lastKnownFileType = sourcecode.c.objc; path = EVCFlingProfileViewController.m; sourceTree = "<group>"; };
		76DEDA911A476310009CD94F /* EVCFlingProfileViewController.xib */ = {isa = PBXFileReference; fileEncoding = 4; lastKnownFileType = file.xib; path = EVCFlingProfileViewController.xib; sourceTree = "<group>"; };
		76DEDABD1A48BAFA009CD94F /* EVCFlingMessagingViewController.h */ = {isa = PBXFileReference; fileEncoding = 4; lastKnownFileType = sourcecode.c.h; path = EVCFlingMessagingViewController.h; sourceTree = "<group>"; };
		76DEDABE1A48BAFA009CD94F /* EVCFlingMessagingViewController.m */ = {isa = PBXFileReference; fileEncoding = 4; lastKnownFileType = sourcecode.c.objc; path = EVCFlingMessagingViewController.m; sourceTree = "<group>"; };
		76E64EFA19B933650022F189 /* plus-512.png */ = {isa = PBXFileReference; lastKnownFileType = image.png; path = "plus-512.png"; sourceTree = "<group>"; };
		76E64F0119B9338C0022F189 /* home-512.png */ = {isa = PBXFileReference; lastKnownFileType = image.png; path = "home-512.png"; sourceTree = "<group>"; };
		76EBBEA21A85B9B6006F6FF2 /* EVCFeelingBlueTableViewController.h */ = {isa = PBXFileReference; fileEncoding = 4; lastKnownFileType = sourcecode.c.h; path = EVCFeelingBlueTableViewController.h; sourceTree = "<group>"; };
		76EBBEA31A85B9B6006F6FF2 /* EVCFeelingBlueTableViewController.m */ = {isa = PBXFileReference; fileEncoding = 4; lastKnownFileType = sourcecode.c.objc; path = EVCFeelingBlueTableViewController.m; sourceTree = "<group>"; };
		76EBBEA41A85B9B6006F6FF2 /* EVCFeelingBlueTableViewController.xib */ = {isa = PBXFileReference; fileEncoding = 4; lastKnownFileType = file.xib; path = EVCFeelingBlueTableViewController.xib; sourceTree = "<group>"; };
		76EF996919FD3CA900E15A14 /* settings-25.png */ = {isa = PBXFileReference; lastKnownFileType = image.png; path = "settings-25.png"; sourceTree = "<group>"; };
		76EF996B19FD3EA200E15A14 /* EVCGroupSettingsViewController.h */ = {isa = PBXFileReference; fileEncoding = 4; lastKnownFileType = sourcecode.c.h; path = EVCGroupSettingsViewController.h; sourceTree = "<group>"; };
		76EF996C19FD3EA200E15A14 /* EVCGroupSettingsViewController.m */ = {isa = PBXFileReference; fileEncoding = 4; lastKnownFileType = sourcecode.c.objc; path = EVCGroupSettingsViewController.m; sourceTree = "<group>"; };
		76EF996D19FD3EA200E15A14 /* EVCGroupSettingsViewController_iPhone.xib */ = {isa = PBXFileReference; fileEncoding = 4; lastKnownFileType = file.xib; path = EVCGroupSettingsViewController_iPhone.xib; sourceTree = "<group>"; };
/* End PBXFileReference section */

/* Begin PBXFrameworksBuildPhase section */
		761D650519A15A4D0062B525 /* Frameworks */ = {
			isa = PBXFrameworksBuildPhase;
			buildActionMask = 2147483647;
			files = (
				769EEA9819A923EF00FF072E /* AssetsLibrary.framework in Frameworks */,
				769EEA3719A6482100FF072E /* QuartzCore.framework in Frameworks */,
				769EEA1B19A53C9000FF072E /* KeyboardManager.framework in Frameworks */,
				761D65AB19A1606C0062B525 /* libVerveAPI.a in Frameworks */,
				761D650E19A15A4D0062B525 /* CoreGraphics.framework in Frameworks */,
				761D651019A15A4D0062B525 /* UIKit.framework in Frameworks */,
				761D650C19A15A4D0062B525 /* Foundation.framework in Frameworks */,
			);
			runOnlyForDeploymentPostprocessing = 0;
		};
/* End PBXFrameworksBuildPhase section */

/* Begin PBXGroup section */
		761D64FF19A15A4D0062B525 = {
			isa = PBXGroup;
			children = (
				766A7D501A900C0400B6C81E /* Default-568h@2x.png */,
				761D65A019A1600C0062B525 /* VerveAPI.xcodeproj */,
				761D651119A15A4D0062B525 /* MyDailyBeat */,
				761D650A19A15A4D0062B525 /* Frameworks */,
				761D650919A15A4D0062B525 /* Products */,
			);
			sourceTree = "<group>";
		};
		761D650919A15A4D0062B525 /* Products */ = {
			isa = PBXGroup;
			children = (
				761D650819A15A4D0062B525 /* MyDailyBeat.app */,
			);
			name = Products;
			sourceTree = "<group>";
		};
		761D650A19A15A4D0062B525 /* Frameworks */ = {
			isa = PBXGroup;
			children = (
				769EEA9719A923EE00FF072E /* AssetsLibrary.framework */,
				769EEA3619A6482100FF072E /* QuartzCore.framework */,
				769EEA1A19A53C9000FF072E /* KeyboardManager.framework */,
				761D650B19A15A4D0062B525 /* Foundation.framework */,
				761D650D19A15A4D0062B525 /* CoreGraphics.framework */,
				761D650F19A15A4D0062B525 /* UIKit.framework */,
			);
			name = Frameworks;
			sourceTree = "<group>";
		};
		761D651119A15A4D0062B525 /* MyDailyBeat */ = {
			isa = PBXGroup;
			children = (
				769EEA1119A42E1D00FF072E /* Headers */,
				769EEA1219A42E2700FF072E /* Source */,
				769EEA1319A42E3C00FF072E /* xib */,
				761D652619A15A4D0062B525 /* Images.xcassets */,
				761D651219A15A4D0062B525 /* Supporting Files */,
				76C2B09719F4111F0010E98B /* EVCCommonMethods.h */,
				76C2B09819F4111F0010E98B /* EVCCommonMethods.m */,
			);
			path = MyDailyBeat;
			sourceTree = "<group>";
		};
		761D651219A15A4D0062B525 /* Supporting Files */ = {
			isa = PBXGroup;
			children = (
				766A7D681A92419800B6C81E /* favorite-icon-green.png */,
				766A7D691A92419800B6C81E /* favorite-icon-yellow.png */,
				766A7D581A923FB100B6C81E /* messages-green.png */,
				766A7D591A923FB100B6C81E /* messages-yellow.png */,
				766A7D5A1A923FB100B6C81E /* profile-green.png */,
				766A7D5B1A923FB100B6C81E /* profile-yellow.png */,
				766A7D5C1A923FB100B6C81E /* search-green.png */,
				766A7D5D1A923FB100B6C81E /* search-yellow.png */,
				766A7D5E1A923FB100B6C81E /* view-partners-green.png */,
				766A7D5F1A923FB100B6C81E /* view-partners-yellow.png */,
				7671FC6C1A06F81C000ECDAF /* add_user-25.png */,
				76C2B10019F9DD590010E98B /* VerveAPIBundle.bundle */,
				76BD329219DF87FE0054ED88 /* edit_file-50.png */,
				7636F6D019D501FD000B68B0 /* texture.png */,
				7671FC5E19FF316B000ECDAF /* delete_sign-25.png */,
				7636F6C519D38EE1000B68B0 /* IQKeyboardManager.bundle */,
				7636F6BE19CF7B0F000B68B0 /* user-50.png */,
				766A7D521A923CE200B6C81E /* profile-icon.png */,
				7671FC5919FDCE28000ECDAF /* user-50_white.png */,
				76E64F0119B9338C0022F189 /* home-512.png */,
				766A7D4E1A900A5E00B6C81E /* EVCHeader.png */,
				76E64EFA19B933650022F189 /* plus-512.png */,
				76EF996919FD3CA900E15A14 /* settings-25.png */,
				769EEA9519A8DCBB00FF072E /* Stars@2x.png */,
				7667E73E1A241F0E00B006D5 /* menubg.jpg */,
				766A7D541A923CFF00B6C81E /* menu-icon.png */,
				761D65AC19A19E090062B525 /* 1408346500_menu-alt.png */,
				761D651319A15A4D0062B525 /* MyDailyBeat-Info.plist */,
				761D651419A15A4D0062B525 /* InfoPlist.strings */,
				761D651719A15A4D0062B525 /* main.m */,
				761D651919A15A4D0062B525 /* MyDailyBeat-Prefix.pch */,
			);
			name = "Supporting Files";
			sourceTree = "<group>";
		};
		761D65A119A1600C0062B525 /* Products */ = {
			isa = PBXGroup;
			children = (
				761D65A619A1600C0062B525 /* libVerveAPI.a */,
				769EEA7419A80B5400FF072E /* VerveAPIBundle.bundle */,
			);
			name = Products;
			sourceTree = "<group>";
		};
		767000DA1A7AFA3D005F9DC4 /* Shopping */ = {
			isa = PBXGroup;
			children = (
				767000DE1A7AFB04005F9DC4 /* EVCShoppingFavoritesTableViewController.m */,
				768AFF3C1A754E300055F258 /* EVCShoppingSearchViewController.m */,
				768AFF351A7540AA0055F258 /* EVCShoppingViewController.m */,
			);
			name = Shopping;
			sourceTree = "<group>";
		};
		767000DB1A7AFA54005F9DC4 /* Shopping */ = {
			isa = PBXGroup;
			children = (
				767000DD1A7AFB04005F9DC4 /* EVCShoppingFavoritesTableViewController.h */,
				768AFF3B1A754E2F0055F258 /* EVCShoppingSearchViewController.h */,
				768AFF341A7540AA0055F258 /* EVCShoppingViewController.h */,
			);
			name = Shopping;
			sourceTree = "<group>";
		};
		767000DC1A7AFA73005F9DC4 /* Shopping */ = {
			isa = PBXGroup;
			children = (
				767000DF1A7AFB04005F9DC4 /* EVCShoppingFavoritesTableViewController.xib */,
				768AFF3D1A754E300055F258 /* EVCShoppingSearchViewController.xib */,
				768AFF361A7540AA0055F258 /* EVCShoppingViewController.xib */,
			);
			name = Shopping;
			sourceTree = "<group>";
		};
		769EEA1119A42E1D00FF072E /* Headers */ = {
			isa = PBXGroup;
			children = (
				767000DB1A7AFA54005F9DC4 /* Shopping */,
				76DEDA821A47500F009CD94F /* Fling */,
				769EEA9B19AA35A800FF072E /* EVCProfilePicView.h */,
				769B0A951A607C2300BB287E /* EVCFeelingBlueViewController.h */,
				76EBBEA21A85B9B6006F6FF2 /* EVCFeelingBlueTableViewController.h */,
				76C2B0E919F4AD680010E98B /* EVCPostView.h */,
				761D651A19A15A4D0062B525 /* EVCAppDelegate.h */,
				761D652319A15A4D0062B525 /* EVCViewController.h */,
				769EE9E919A2530100FF072E /* EVCRegistrationViewController.h */,
				769EE9EE19A2B14900FF072E /* EVCLargeMessageViewController.h */,
				769EEA0B19A3B03F00FF072E /* EVCPersonalInfo1ViewController.h */,
				769EEA1519A42F3600FF072E /* EVCScreenNameViewController.h */,
				769EEA2619A57F5B00FF072E /* EVCEmailMobileViewController.h */,
				769EEA8819A8D43900FF072E /* EVCPreferencesViewController.h */,
				769EEAA019AA6BE800FF072E /* EVCMakeFriendsPrefsViewController.h */,
				769EEB4B19AC2AED00FF072E /* EVCVolunteeringPrefsViewController.h */,
				769EEB2F19AC0CBF00FF072E /* EVCSocialPrefsViewController.h */,
				769EEB3819AC19D100FF072E /* EVCRelationshipPrefsViewController.h */,
				769EEB3F19AC292700FF072E /* EVCFlingPrefsViewController.h */,
				769EEA9219A8DBF900FF072E /* EVCMenuViewController.h */,
				7636F6B619CF25DB000B68B0 /* EVCProfileViewController.h */,
				7636F6C019CF9074000B68B0 /* EVCUpdateProfileViewController.h */,
				7636F6C719D4D881000B68B0 /* EVCGroupViewController.h */,
				76C2B08519F333300010E98B /* EVCLoginViewController.h */,
				76C2B08D19F33EA60010E98B /* EVCLabelTableViewCell.h */,
				76C2B09219F342430010E98B /* EVCTextFieldTableViewCell.h */,
				76EF996B19FD3EA200E15A14 /* EVCGroupSettingsViewController.h */,
			);
			name = Headers;
			sourceTree = "<group>";
		};
		769EEA1219A42E2700FF072E /* Source */ = {
			isa = PBXGroup;
			children = (
				767000DA1A7AFA3D005F9DC4 /* Shopping */,
				76DEDA831A47501B009CD94F /* Fling */,
				769EEA9C19AA35A800FF072E /* EVCProfilePicView.m */,
				769B0A961A607C2300BB287E /* EVCFeelingBlueViewController.m */,
				76EBBEA31A85B9B6006F6FF2 /* EVCFeelingBlueTableViewController.m */,
				76C2B0EA19F4AD680010E98B /* EVCPostView.m */,
				761D651B19A15A4D0062B525 /* EVCAppDelegate.m */,
				761D652419A15A4D0062B525 /* EVCViewController.m */,
				769EE9EA19A2530100FF072E /* EVCRegistrationViewController.m */,
				769EE9EF19A2B14900FF072E /* EVCLargeMessageViewController.m */,
				769EEA0C19A3B03F00FF072E /* EVCPersonalInfo1ViewController.m */,
				769EEA1619A42F3600FF072E /* EVCScreenNameViewController.m */,
				769EEA2719A57F5B00FF072E /* EVCEmailMobileViewController.m */,
				769EEA8919A8D43900FF072E /* EVCPreferencesViewController.m */,
				769EEAA119AA6BE800FF072E /* EVCMakeFriendsPrefsViewController.m */,
				769EEB4919AC2ADA00FF072E /* EVCVolunteeringPrefsViewController.m */,
				769EEB3019AC0CDD00FF072E /* EVCSocialPrefsViewController.m */,
				769EEB3919AC1A5C00FF072E /* EVCRelationshipPrefsViewController.m */,
				769EEB3D19AC291000FF072E /* EVCFlingPrefsViewController.m */,
				769EEA9319A8DBF900FF072E /* EVCMenuViewController.m */,
				7636F6B719CF25DB000B68B0 /* EVCProfileViewController.m */,
				7636F6C119CF9074000B68B0 /* EVCUpdateProfileViewController.m */,
				7636F6C819D4D881000B68B0 /* EVCGroupViewController.m */,
				76C2B08619F333300010E98B /* EVCLoginViewController.m */,
				76C2B08E19F33EA60010E98B /* EVCLabelTableViewCell.m */,
				76C2B09319F342430010E98B /* EVCTextFieldTableViewCell.m */,
				76EF996C19FD3EA200E15A14 /* EVCGroupSettingsViewController.m */,
			);
			name = Source;
			sourceTree = "<group>";
		};
		769EEA1319A42E3C00FF072E /* xib */ = {
			isa = PBXGroup;
			children = (
				769EEA1419A42E4200FF072E /* iPhone */,
				76C2B0EC19F4AD9F0010E98B /* EVCPostView_WithPicture.xib */,
				76C2B0EE19F4AE5F0010E98B /* EVCPostView_WithoutPicture.xib */,
			);
			name = xib;
			sourceTree = "<group>";
		};
		769EEA1419A42E4200FF072E /* iPhone */ = {
			isa = PBXGroup;
			children = (
				767000DC1A7AFA73005F9DC4 /* Shopping */,
				76DEDA891A47505F009CD94F /* Fling */,
				76EBBEA41A85B9B6006F6FF2 /* EVCFeelingBlueTableViewController.xib */,
				769B0A971A607C2300BB287E /* EVCFeelingBlueViewController.xib */,
				769EEAA219AA6BE800FF072E /* EVCMakeFriendsPrefsViewController_iPhone.xib */,
				769EEB4519AC2A7100FF072E /* EVCVolunteeringPrefsViewController_iPhone.xib */,
				769EEB3B19AC1A9300FF072E /* EVCRelationshipPrefsViewController_iPhone.xib */,
				769EEB4019AC295300FF072E /* EVCFlingPrefsViewController_iPhone.xib */,
				769EEB3619AC167900FF072E /* EVCSocialPrefsViewController_iPhone.xib */,
				769EEA9E19AA35BF00FF072E /* EVCProfilePicView_iPhone.xib */,
				761D65AE19A1A5520062B525 /* EVCViewController_iPhone.xib */,
				769EE9EB19A2530100FF072E /* EVCRegistrationViewController_iPhone.xib */,
				769EE9F019A2B14900FF072E /* EVCLargeMessageViewController_iPhone.xib */,
				769EEA0D19A3B03F00FF072E /* EVCPersonalInfo1ViewController_iPhone.xib */,
				769EEA1719A42F3600FF072E /* EVCScreenNameViewController_iPhone.xib */,
				769EEA2819A57F5B00FF072E /* EVCEmailMobileViewController_iPhone.xib */,
				769EEA8A19A8D43900FF072E /* EVCPreferencesViewController_iPhone.xib */,
				7636F6B819CF25DB000B68B0 /* EVCProfileViewController_iPhone.xib */,
				7636F6C219CF9074000B68B0 /* EVCUpdateProfileViewController_iPhone.xib */,
				7636F6C919D4D881000B68B0 /* EVCGroupViewController_iPhone.xib */,
				76C2B08719F333300010E98B /* EVCLoginViewController_iPhone.xib */,
				76C2B08F19F33EA60010E98B /* EVCLabelTableViewCell_iPhone.xib */,
				76C2B09419F342430010E98B /* EVCTextFieldTableViewCell_iPhone.xib */,
				76EF996D19FD3EA200E15A14 /* EVCGroupSettingsViewController_iPhone.xib */,
			);
			name = iPhone;
			sourceTree = "<group>";
		};
		76DEDA821A47500F009CD94F /* Fling */ = {
			isa = PBXGroup;
			children = (
				76DEDA7D1A474E19009CD94F /* EVCFlingViewController.h */,
				76DEDA841A47504B009CD94F /* EVCPartnerMatchViewController.h */,
				76DEDA8A1A475E67009CD94F /* EVCPartnersTableViewController.h */,
				76DEDA8F1A476310009CD94F /* EVCFlingProfileViewController.h */,
				76DEDABD1A48BAFA009CD94F /* EVCFlingMessagingViewController.h */,
				766DEF781A4BC2870049CA2A /* EVCChatroomTableViewController.h */,
				766DEF7F1A4BC8060049CA2A /* EVCChatroomCell.h */,
				769B0A8C1A59F22B00BB287E /* EVCFlingProfileCreatorViewController.h */,
			);
			name = Fling;
			sourceTree = "<group>";
		};
		76DEDA831A47501B009CD94F /* Fling */ = {
			isa = PBXGroup;
			children = (
				76DEDA7E1A474E19009CD94F /* EVCFlingViewController.m */,
				76DEDA851A47504B009CD94F /* EVCPartnerMatchViewController.m */,
				76DEDA8B1A475E67009CD94F /* EVCPartnersTableViewController.m */,
				76DEDA901A476310009CD94F /* EVCFlingProfileViewController.m */,
				76DEDABE1A48BAFA009CD94F /* EVCFlingMessagingViewController.m */,
				766DEF791A4BC2870049CA2A /* EVCChatroomTableViewController.m */,
				766DEF801A4BC8060049CA2A /* EVCChatroomCell.m */,
				769B0A8D1A59F22B00BB287E /* EVCFlingProfileCreatorViewController.m */,
			);
			name = Fling;
			sourceTree = "<group>";
		};
		76DEDA891A47505F009CD94F /* Fling */ = {
			isa = PBXGroup;
			children = (
				76DEDA861A47504B009CD94F /* EVCPartnerMatchViewController.xib */,
				76DEDA7F1A474E19009CD94F /* EVCFlingViewController.xib */,
				76DEDA8C1A475E67009CD94F /* EVCPartnersTableViewController.xib */,
				76DEDA911A476310009CD94F /* EVCFlingProfileViewController.xib */,
				766DEF7D1A4BC6180049CA2A /* EVCChatroomTableViewController.xib */,
				766DEF811A4BC8060049CA2A /* EVCChatroomCell.xib */,
				769B0A8E1A59F22B00BB287E /* EVCFlingProfileCreatorViewController.xib */,
			);
			name = Fling;
			sourceTree = "<group>";
		};
/* End PBXGroup section */

/* Begin PBXNativeTarget section */
		761D650719A15A4D0062B525 /* MyDailyBeat */ = {
			isa = PBXNativeTarget;
			buildConfigurationList = 761D653D19A15A4D0062B525 /* Build configuration list for PBXNativeTarget "MyDailyBeat" */;
			buildPhases = (
				761D650419A15A4D0062B525 /* Sources */,
				761D650519A15A4D0062B525 /* Frameworks */,
				761D650619A15A4D0062B525 /* Resources */,
			);
			buildRules = (
			);
			dependencies = (
				7671FC831A0DC079000ECDAF /* PBXTargetDependency */,
			);
			name = MyDailyBeat;
			productName = MyDailyBeat;
			productReference = 761D650819A15A4D0062B525 /* MyDailyBeat.app */;
			productType = "com.apple.product-type.application";
		};
/* End PBXNativeTarget section */

/* Begin PBXProject section */
		761D650019A15A4D0062B525 /* Project object */ = {
			isa = PBXProject;
			attributes = {
				CLASSPREFIX = EVC;
				LastUpgradeCheck = 0510;
				ORGANIZATIONNAME = eVerveCorp;
			};
			buildConfigurationList = 761D650319A15A4D0062B525 /* Build configuration list for PBXProject "MyDailyBeat" */;
			compatibilityVersion = "Xcode 3.2";
			developmentRegion = English;
			hasScannedForEncodings = 0;
			knownRegions = (
				en,
				Base,
			);
			mainGroup = 761D64FF19A15A4D0062B525;
			productRefGroup = 761D650919A15A4D0062B525 /* Products */;
			projectDirPath = "";
			projectReferences = (
				{
					ProductGroup = 761D65A119A1600C0062B525 /* Products */;
					ProjectRef = 761D65A019A1600C0062B525 /* VerveAPI.xcodeproj */;
				},
			);
			projectRoot = "";
			targets = (
				761D650719A15A4D0062B525 /* MyDailyBeat */,
			);
		};
/* End PBXProject section */

/* Begin PBXReferenceProxy section */
		761D65A619A1600C0062B525 /* libVerveAPI.a */ = {
			isa = PBXReferenceProxy;
			fileType = archive.ar;
			path = libVerveAPI.a;
			remoteRef = 761D65A519A1600C0062B525 /* PBXContainerItemProxy */;
			sourceTree = BUILT_PRODUCTS_DIR;
		};
		769EEA7419A80B5400FF072E /* VerveAPIBundle.bundle */ = {
			isa = PBXReferenceProxy;
			fileType = wrapper.cfbundle;
			path = VerveAPIBundle.bundle;
			remoteRef = 769EEA7319A80B5400FF072E /* PBXContainerItemProxy */;
			sourceTree = BUILT_PRODUCTS_DIR;
		};
/* End PBXReferenceProxy section */

/* Begin PBXResourcesBuildPhase section */
		761D650619A15A4D0062B525 /* Resources */ = {
			isa = PBXResourcesBuildPhase;
			buildActionMask = 2147483647;
			files = (
				769EEAA419AA6BE800FF072E /* EVCMakeFriendsPrefsViewController_iPhone.xib in Resources */,
				7636F6BA19CF25DB000B68B0 /* EVCProfileViewController_iPhone.xib in Resources */,
				769B0A991A607C2300BB287E /* EVCFeelingBlueViewController.xib in Resources */,
				761D65AF19A1A5520062B525 /* EVCViewController_iPhone.xib in Resources */,
				761D65AD19A19E090062B525 /* 1408346500_menu-alt.png in Resources */,
				767000E11A7AFB04005F9DC4 /* EVCShoppingFavoritesTableViewController.xib in Resources */,
				7636F6C419CF9074000B68B0 /* EVCUpdateProfileViewController_iPhone.xib in Resources */,
				7671FC6D1A06F81D000ECDAF /* add_user-25.png in Resources */,
				766A7D511A900C0400B6C81E /* Default-568h@2x.png in Resources */,
				76C2B0ED19F4AD9F0010E98B /* EVCPostView_WithPicture.xib in Resources */,
				7636F6D119D501FD000B68B0 /* texture.png in Resources */,
				766A7D661A923FB100B6C81E /* view-partners-green.png in Resources */,
				7671FC5A19FDCE28000ECDAF /* user-50_white.png in Resources */,
				76DEDA811A474E19009CD94F /* EVCFlingViewController.xib in Resources */,
				76EF996A19FD3CA900E15A14 /* settings-25.png in Resources */,
				766A7D551A923CFF00B6C81E /* menu-icon.png in Resources */,
				766A7D631A923FB100B6C81E /* profile-yellow.png in Resources */,
				769EEA9619A8DCBB00FF072E /* Stars@2x.png in Resources */,
				7667E73F1A241F0E00B006D5 /* menubg.jpg in Resources */,
				76DEDA8E1A475E68009CD94F /* EVCPartnersTableViewController.xib in Resources */,
				769EEA2A19A57F5B00FF072E /* EVCEmailMobileViewController_iPhone.xib in Resources */,
				766A7D531A923CE200B6C81E /* profile-icon.png in Resources */,
				761D652719A15A4D0062B525 /* Images.xcassets in Resources */,
				76C2B08919F333300010E98B /* EVCLoginViewController_iPhone.xib in Resources */,
				766A7D4F1A900A5E00B6C81E /* EVCHeader.png in Resources */,
				76E64F0219B9338C0022F189 /* home-512.png in Resources */,
				766A7D671A923FB100B6C81E /* view-partners-yellow.png in Resources */,
				769EE9ED19A2530100FF072E /* EVCRegistrationViewController_iPhone.xib in Resources */,
				76C2B0EF19F4AE5F0010E98B /* EVCPostView_WithoutPicture.xib in Resources */,
				76C2B09619F342430010E98B /* EVCTextFieldTableViewCell_iPhone.xib in Resources */,
				766A7D621A923FB100B6C81E /* profile-green.png in Resources */,
				768AFF3F1A754E300055F258 /* EVCShoppingSearchViewController.xib in Resources */,
				76E64EFB19B933650022F189 /* plus-512.png in Resources */,
				769B0A901A59F22C00BB287E /* EVCFlingProfileCreatorViewController.xib in Resources */,
				766A7D651A923FB100B6C81E /* search-yellow.png in Resources */,
				7636F6BF19CF7B0F000B68B0 /* user-50.png in Resources */,
				761D651619A15A4D0062B525 /* InfoPlist.strings in Resources */,
				76DEDA881A47504B009CD94F /* EVCPartnerMatchViewController.xib in Resources */,
				766A7D611A923FB100B6C81E /* messages-yellow.png in Resources */,
				7636F6CB19D4D881000B68B0 /* EVCGroupViewController_iPhone.xib in Resources */,
				769EEB4119AC295300FF072E /* EVCFlingPrefsViewController_iPhone.xib in Resources */,
				7636F6C619D38EE1000B68B0 /* IQKeyboardManager.bundle in Resources */,
				766A7D641A923FB100B6C81E /* search-green.png in Resources */,
				76C2B10119F9DD590010E98B /* VerveAPIBundle.bundle in Resources */,
				76DEDA931A476310009CD94F /* EVCFlingProfileViewController.xib in Resources */,
				766A7D6B1A92419800B6C81E /* favorite-icon-yellow.png in Resources */,
				769EE9F219A2B14900FF072E /* EVCLargeMessageViewController_iPhone.xib in Resources */,
				7671FC5F19FF316B000ECDAF /* delete_sign-25.png in Resources */,
				76EF996F19FD3EA200E15A14 /* EVCGroupSettingsViewController_iPhone.xib in Resources */,
				769EEB3719AC167900FF072E /* EVCSocialPrefsViewController_iPhone.xib in Resources */,
				769EEA8C19A8D43900FF072E /* EVCPreferencesViewController_iPhone.xib in Resources */,
				769EEA1919A42F3600FF072E /* EVCScreenNameViewController_iPhone.xib in Resources */,
				769EEB4619AC2A7100FF072E /* EVCVolunteeringPrefsViewController_iPhone.xib in Resources */,
				769EEA0F19A3B03F00FF072E /* EVCPersonalInfo1ViewController_iPhone.xib in Resources */,
				766DEF831A4BC8060049CA2A /* EVCChatroomCell.xib in Resources */,
				769EEA9F19AA35BF00FF072E /* EVCProfilePicView_iPhone.xib in Resources */,
				76C2B09119F33EA60010E98B /* EVCLabelTableViewCell_iPhone.xib in Resources */,
				768AFF381A7540AA0055F258 /* EVCShoppingViewController.xib in Resources */,
				766DEF7E1A4BC6180049CA2A /* EVCChatroomTableViewController.xib in Resources */,
				766A7D601A923FB100B6C81E /* messages-green.png in Resources */,
				769EEB3C19AC1A9300FF072E /* EVCRelationshipPrefsViewController_iPhone.xib in Resources */,
				766A7D6A1A92419800B6C81E /* favorite-icon-green.png in Resources */,
				76EBBEA61A85B9B6006F6FF2 /* EVCFeelingBlueTableViewController.xib in Resources */,
			);
			runOnlyForDeploymentPostprocessing = 0;
		};
/* End PBXResourcesBuildPhase section */

/* Begin PBXSourcesBuildPhase section */
		761D650419A15A4D0062B525 /* Sources */ = {
			isa = PBXSourcesBuildPhase;
			buildActionMask = 2147483647;
			files = (
				761D651819A15A4D0062B525 /* main.m in Sources */,
				76DEDABF1A48BAFA009CD94F /* EVCFlingMessagingViewController.m in Sources */,
				76DEDA921A476310009CD94F /* EVCFlingProfileViewController.m in Sources */,
				769EEA8B19A8D43900FF072E /* EVCPreferencesViewController.m in Sources */,
				76C2B09519F342430010E98B /* EVCTextFieldTableViewCell.m in Sources */,
				76EBBEA51A85B9B6006F6FF2 /* EVCFeelingBlueTableViewController.m in Sources */,
				7636F6C319CF9074000B68B0 /* EVCUpdateProfileViewController.m in Sources */,
				769B0A8F1A59F22C00BB287E /* EVCFlingProfileCreatorViewController.m in Sources */,
				76DEDA801A474E19009CD94F /* EVCFlingViewController.m in Sources */,
				766DEF821A4BC8060049CA2A /* EVCChatroomCell.m in Sources */,
				76C2B0EB19F4AD680010E98B /* EVCPostView.m in Sources */,
				769EE9F119A2B14900FF072E /* EVCLargeMessageViewController.m in Sources */,
				76DEDA871A47504B009CD94F /* EVCPartnerMatchViewController.m in Sources */,
				769EEA9D19AA35A800FF072E /* EVCProfilePicView.m in Sources */,
				768AFF3E1A754E300055F258 /* EVCShoppingSearchViewController.m in Sources */,
				7636F6B919CF25DB000B68B0 /* EVCProfileViewController.m in Sources */,
				76C2B08819F333300010E98B /* EVCLoginViewController.m in Sources */,
				769EEAA319AA6BE800FF072E /* EVCMakeFriendsPrefsViewController.m in Sources */,
				769EEA1819A42F3600FF072E /* EVCScreenNameViewController.m in Sources */,
				769EEA0E19A3B03F00FF072E /* EVCPersonalInfo1ViewController.m in Sources */,
				761D652519A15A4D0062B525 /* EVCViewController.m in Sources */,
				769EEB3E19AC291000FF072E /* EVCFlingPrefsViewController.m in Sources */,
				7636F6CA19D4D881000B68B0 /* EVCGroupViewController.m in Sources */,
				76EF996E19FD3EA200E15A14 /* EVCGroupSettingsViewController.m in Sources */,
				769EEA9419A8DBF900FF072E /* EVCMenuViewController.m in Sources */,
				769EEB3119AC0CDD00FF072E /* EVCSocialPrefsViewController.m in Sources */,
				76C2B09019F33EA60010E98B /* EVCLabelTableViewCell.m in Sources */,
				769EE9EC19A2530100FF072E /* EVCRegistrationViewController.m in Sources */,
				76DEDA8D1A475E68009CD94F /* EVCPartnersTableViewController.m in Sources */,
				76C2B09919F4111F0010E98B /* EVCCommonMethods.m in Sources */,
				767000E01A7AFB04005F9DC4 /* EVCShoppingFavoritesTableViewController.m in Sources */,
				769B0A981A607C2300BB287E /* EVCFeelingBlueViewController.m in Sources */,
				769EEA2919A57F5B00FF072E /* EVCEmailMobileViewController.m in Sources */,
				769EEB3A19AC1A5C00FF072E /* EVCRelationshipPrefsViewController.m in Sources */,
				766DEF7A1A4BC2870049CA2A /* EVCChatroomTableViewController.m in Sources */,
				769EEB4A19AC2ADA00FF072E /* EVCVolunteeringPrefsViewController.m in Sources */,
				768AFF371A7540AA0055F258 /* EVCShoppingViewController.m in Sources */,
				761D651C19A15A4D0062B525 /* EVCAppDelegate.m in Sources */,
			);
			runOnlyForDeploymentPostprocessing = 0;
		};
/* End PBXSourcesBuildPhase section */

/* Begin PBXTargetDependency section */
		7671FC831A0DC079000ECDAF /* PBXTargetDependency */ = {
			isa = PBXTargetDependency;
			name = VerveAPITarget;
			targetProxy = 7671FC821A0DC079000ECDAF /* PBXContainerItemProxy */;
		};
/* End PBXTargetDependency section */

/* Begin PBXVariantGroup section */
		761D651419A15A4D0062B525 /* InfoPlist.strings */ = {
			isa = PBXVariantGroup;
			children = (
				761D651519A15A4D0062B525 /* en */,
			);
			name = InfoPlist.strings;
			sourceTree = "<group>";
		};
/* End PBXVariantGroup section */

/* Begin XCBuildConfiguration section */
		761D653B19A15A4D0062B525 /* Debug */ = {
			isa = XCBuildConfiguration;
			buildSettings = {
				ALWAYS_SEARCH_USER_PATHS = NO;
				CLANG_CXX_LANGUAGE_STANDARD = "gnu++0x";
				CLANG_CXX_LIBRARY = "libc++";
				CLANG_ENABLE_MODULES = YES;
				CLANG_ENABLE_OBJC_ARC = YES;
				CLANG_WARN_BOOL_CONVERSION = YES;
				CLANG_WARN_CONSTANT_CONVERSION = YES;
				CLANG_WARN_DIRECT_OBJC_ISA_USAGE = YES_ERROR;
				CLANG_WARN_EMPTY_BODY = YES;
				CLANG_WARN_ENUM_CONVERSION = YES;
				CLANG_WARN_INT_CONVERSION = YES;
				CLANG_WARN_OBJC_ROOT_CLASS = YES_ERROR;
				CLANG_WARN__DUPLICATE_METHOD_MATCH = YES;
				"CODE_SIGN_IDENTITY[sdk=iphoneos*]" = "iPhone Developer";
				COPY_PHASE_STRIP = NO;
				GCC_C_LANGUAGE_STANDARD = gnu99;
				GCC_DYNAMIC_NO_PIC = NO;
				GCC_OPTIMIZATION_LEVEL = 0;
				GCC_PREPROCESSOR_DEFINITIONS = (
					"DEBUG=1",
					"$(inherited)",
				);
				GCC_SYMBOLS_PRIVATE_EXTERN = NO;
				GCC_WARN_64_TO_32_BIT_CONVERSION = YES;
				GCC_WARN_ABOUT_RETURN_TYPE = YES_ERROR;
				GCC_WARN_UNDECLARED_SELECTOR = YES;
				GCC_WARN_UNINITIALIZED_AUTOS = YES_AGGRESSIVE;
				GCC_WARN_UNUSED_FUNCTION = YES;
				GCC_WARN_UNUSED_VARIABLE = YES;
				IPHONEOS_DEPLOYMENT_TARGET = 7.1;
				ONLY_ACTIVE_ARCH = YES;
				SDKROOT = iphoneos;
				TARGETED_DEVICE_FAMILY = "1,2";
			};
			name = Debug;
		};
		761D653C19A15A4D0062B525 /* Release */ = {
			isa = XCBuildConfiguration;
			buildSettings = {
				ALWAYS_SEARCH_USER_PATHS = NO;
				CLANG_CXX_LANGUAGE_STANDARD = "gnu++0x";
				CLANG_CXX_LIBRARY = "libc++";
				CLANG_ENABLE_MODULES = YES;
				CLANG_ENABLE_OBJC_ARC = YES;
				CLANG_WARN_BOOL_CONVERSION = YES;
				CLANG_WARN_CONSTANT_CONVERSION = YES;
				CLANG_WARN_DIRECT_OBJC_ISA_USAGE = YES_ERROR;
				CLANG_WARN_EMPTY_BODY = YES;
				CLANG_WARN_ENUM_CONVERSION = YES;
				CLANG_WARN_INT_CONVERSION = YES;
				CLANG_WARN_OBJC_ROOT_CLASS = YES_ERROR;
				CLANG_WARN__DUPLICATE_METHOD_MATCH = YES;
				"CODE_SIGN_IDENTITY[sdk=iphoneos*]" = "iPhone Developer";
				COPY_PHASE_STRIP = YES;
				ENABLE_NS_ASSERTIONS = NO;
				GCC_C_LANGUAGE_STANDARD = gnu99;
				GCC_WARN_64_TO_32_BIT_CONVERSION = YES;
				GCC_WARN_ABOUT_RETURN_TYPE = YES_ERROR;
				GCC_WARN_UNDECLARED_SELECTOR = YES;
				GCC_WARN_UNINITIALIZED_AUTOS = YES_AGGRESSIVE;
				GCC_WARN_UNUSED_FUNCTION = YES;
				GCC_WARN_UNUSED_VARIABLE = YES;
				IPHONEOS_DEPLOYMENT_TARGET = 7.1;
				SDKROOT = iphoneos;
				TARGETED_DEVICE_FAMILY = "1,2";
				VALIDATE_PRODUCT = YES;
			};
			name = Release;
		};
		761D653E19A15A4D0062B525 /* Debug */ = {
			isa = XCBuildConfiguration;
			buildSettings = {
				ALWAYS_SEARCH_USER_PATHS = YES;
				ASSETCATALOG_COMPILER_APPICON_NAME = AppIcon;
				ASSETCATALOG_COMPILER_LAUNCHIMAGE_NAME = LaunchImage;
				FRAMEWORK_SEARCH_PATHS = (
					"$(inherited)",
					"$(PROJECT_DIR)",
				);
				GCC_PRECOMPILE_PREFIX_HEADER = YES;
				GCC_PREFIX_HEADER = "MyDailyBeat/MyDailyBeat-Prefix.pch";
				GCC_WARN_ABOUT_DEPRECATED_FUNCTIONS = NO;
				INFOPLIST_FILE = "MyDailyBeat/MyDailyBeat-Info.plist";
				IPHONEOS_DEPLOYMENT_TARGET = 8.1;
				OTHER_LDFLAGS = "-ObjC";
				PRODUCT_NAME = "$(TARGET_NAME)";
				USER_HEADER_SEARCH_PATHS = "/Users/balabhv/MyDailyBeat-iOS/VerveAPI/**";
				WRAPPER_EXTENSION = app;
			};
			name = Debug;
		};
		761D653F19A15A4D0062B525 /* Release */ = {
			isa = XCBuildConfiguration;
			buildSettings = {
				ALWAYS_SEARCH_USER_PATHS = YES;
				ASSETCATALOG_COMPILER_APPICON_NAME = AppIcon;
				ASSETCATALOG_COMPILER_LAUNCHIMAGE_NAME = LaunchImage;
				FRAMEWORK_SEARCH_PATHS = (
					"$(inherited)",
					"$(PROJECT_DIR)",
				);
				GCC_PRECOMPILE_PREFIX_HEADER = YES;
				GCC_PREFIX_HEADER = "MyDailyBeat/MyDailyBeat-Prefix.pch";
				GCC_WARN_ABOUT_DEPRECATED_FUNCTIONS = NO;
				INFOPLIST_FILE = "MyDailyBeat/MyDailyBeat-Info.plist";
				IPHONEOS_DEPLOYMENT_TARGET = 8.1;
				OTHER_LDFLAGS = "-ObjC";
				PRODUCT_NAME = "$(TARGET_NAME)";
				USER_HEADER_SEARCH_PATHS = "/Users/balabhv/MyDailyBeat-iOS/VerveAPI/**";
				WRAPPER_EXTENSION = app;
			};
			name = Release;
		};
/* End XCBuildConfiguration section */

/* Begin XCConfigurationList section */
		761D650319A15A4D0062B525 /* Build configuration list for PBXProject "MyDailyBeat" */ = {
			isa = XCConfigurationList;
			buildConfigurations = (
				761D653B19A15A4D0062B525 /* Debug */,
				761D653C19A15A4D0062B525 /* Release */,
			);
			defaultConfigurationIsVisible = 0;
			defaultConfigurationName = Release;
		};
		761D653D19A15A4D0062B525 /* Build configuration list for PBXNativeTarget "MyDailyBeat" */ = {
			isa = XCConfigurationList;
			buildConfigurations = (
				761D653E19A15A4D0062B525 /* Debug */,
				761D653F19A15A4D0062B525 /* Release */,
			);
			defaultConfigurationIsVisible = 0;
			defaultConfigurationName = Release;
		};
/* End XCConfigurationList section */
	};
	rootObject = 761D650019A15A4D0062B525 /* Project object */;
}
